
Microsoft Visual Studio Solution File, Format Version 12.00
# Visual Studio Version 18
VisualStudioVersion = 18.10.12210.168
MinimumVisualStudioVersion = 10.0.40219.1
Project("{2150E333-8FDC-42A3-9474-1A3956D46DE8}") = "Lecture 01 - Introduction to C# and .NET", "Lecture 01 - Introduction to C# and .NET", "{8989E741-733E-C9C6-459A-3EC509CDE629}"
EndProject
Project("{FAE04EC0-301F-11D3-BF4B-00C04F79EFBC}") = "Lecture01.Demo", "Code\Lecture01_Introduction_to_CSharp_and_DotNET\Lecture01.Demo\Lecture01.Demo.csproj", "{083CFCD9-978A-470F-B380-44D265E82E5F}"
EndProject
Project("{FAE04EC0-301F-11D3-BF4B-00C04F79EFBC}") = "Lecture01.CodeBasics", "Code\Lecture01_Introduction_to_CSharp_and_DotNET\Lecture01.CodeBasics\Lecture01.CodeBasics.csproj", "{3B900E9E-E0BC-427C-BDD5-C0F28607A048}"
EndProject
Project("{2150E333-8FDC-42A3-9474-1A3956D46DE8}") = "Lecture 02 - Conditions, Loops and Methods", "Lecture 02 - Conditions, Loops and Methods", "{10B6A767-8E86-BD9F-5D68-46E0C1492899}"
EndProject
Project("{FAE04EC0-301F-11D3-BF4B-00C04F79EFBC}") = "Lecture02.Demo", "Code\Lecture02_Conditions_Loops_and_Methods\Lecture02.Demo\Lecture02.Demo.csproj", "{5823F889-7B36-4B88-9298-454D91265E65}"
EndProject
Project("{FAE04EC0-301F-11D3-BF4B-00C04F79EFBC}") = "Lecture02.CodeBasics", "Code\Lecture02_Conditions_Loops_and_Methods\Lecture02.CodeBasics\Lecture02.CodeBasics.csproj", "{C886FFC0-8FB4-4177-A4DD-BD399CD82A45}"
EndProject
Project("{2150E333-8FDC-42A3-9474-1A3956D46DE8}") = "Lecture 03 - Collections and Data Structures", "Lecture 03 - Collections and Data Structures", "{459787D6-BF24-2FD1-5460-F970E286125C}"
EndProject
Project("{FAE04EC0-301F-11D3-BF4B-00C04F79EFBC}") = "Lecture03.Demo", "Code\Lecture03_Collections_and_Data_Structures\Lecture03.Demo\Lecture03.Demo.csproj", "{6A009F6E-8F6D-4F39-8FD2-27D10D38506E}"
EndProject
Project("{FAE04EC0-301F-11D3-BF4B-00C04F79EFBC}") = "Lecture03.CodeBasics", "Code\Lecture03_Collections_and_Data_Structures\Lecture03.CodeBasics\Lecture03.CodeBasics.csproj", "{4DDE227D-B24F-4A2C-8658-41D9169F0C95}"
EndProject
Project("{2150E333-8FDC-42A3-9474-1A3956D46DE8}") = "Lecture 04 - Files, JSON, Exceptions and LINQ", "Lecture 04 - Files, JSON, Exceptions and LINQ", "{B42D4FE8-F4F1-EC62-3AB2-8E846A9DAAC3}"
EndProject
Project("{FAE04EC0-301F-11D3-BF4B-00C04F79EFBC}") = "Lecture04.Demo", "Code\Lecture04_Files_JSON_Exceptions_and_LINQ\Lecture04.Demo\Lecture04.Demo.csproj", "{9BC0D9D2-49F0-4284-9A4E-5946F718000C}"
EndProject
Project("{FAE04EC0-301F-11D3-BF4B-00C04F79EFBC}") = "Lecture04.CodeBasics", "Code\Lecture04_Files_JSON_Exceptions_and_LINQ\Lecture04.CodeBasics\Lecture04.CodeBasics.csproj", "{231660C0-1006-4B02-9E2C-E98178487866}"
EndProject
Project("{2150E333-8FDC-42A3-9474-1A3956D46DE8}") = "Lecture 05 - Classes and Objects", "Lecture 05 - Classes and Objects", "{AB097B6F-6C73-AF0E-FDE8-76982D96BB21}"
EndProject
Project("{FAE04EC0-301F-11D3-BF4B-00C04F79EFBC}") = "Lecture05.Demo", "Code\Lecture05_Classes_and_Objects\Lecture05.Demo\Lecture05.Demo.csproj", "{CE2BD984-71F9-4BC8-B009-6C64557FF8D0}"
EndProject
Project("{FAE04EC0-301F-11D3-BF4B-00C04F79EFBC}") = "Lecture05.CodeBasics", "Code\Lecture05_Classes_and_Objects\Lecture05.CodeBasics\Lecture05.CodeBasics.csproj", "{989447B0-8435-4275-9F88-BA744CD91B87}"
EndProject
Project("{2150E333-8FDC-42A3-9474-1A3956D46DE8}") = "Lecture 06 - Interfaces and Abstraction", "Lecture 06 - Interfaces and Abstraction", "{C3BB07C2-6DE7-04B9-EA9C-C23E65764C3C}"
EndProject
Project("{FAE04EC0-301F-11D3-BF4B-00C04F79EFBC}") = "Lecture06.Demo", "Code\Lecture06_Interfaces_and_Abstraction\Lecture06.Demo\Lecture06.Demo.csproj", "{A5DD9DC1-6795-4005-B54A-43BDE2D8CB92}"
EndProject
Project("{FAE04EC0-301F-11D3-BF4B-00C04F79EFBC}") = "Lecture06.CodeBasics", "Code\Lecture06_Interfaces_and_Abstraction\Lecture06.CodeBasics\Lecture06.CodeBasics.csproj", "{8118CE61-DB39-4FB4-87BC-528CFA5E5021}"
EndProject
Project("{2150E333-8FDC-42A3-9474-1A3956D46DE8}") = "Lecture 07 - From Spaghetti Code to Layers", "Lecture 07 - From Spaghetti Code to Layers", "{0565FB32-9D6E-2096-2015-E8BC84037307}"
EndProject
Project("{FAE04EC0-301F-11D3-BF4B-00C04F79EFBC}") = "Lecture07.CodeExamples", "Code\Lecture07_From_Spaghetti_Code_to_Layers\Lecture07.CodeExamples\Lecture07.CodeExamples.csproj", "{5BFD56BB-9DCA-41F5-AEFE-88A3E282963D}"
EndProject
Project("{FAE04EC0-301F-11D3-BF4B-00C04F79EFBC}") = "Lecture07.Project", "Code\Lecture07_From_Spaghetti_Code_to_Layers\Project\Lecture07.Project.csproj", "{51C0E3DA-851B-4DD8-9FEB-6DA3AEF35CE3}"
EndProject
Project("{FAE04EC0-301F-11D3-BF4B-00C04F79EFBC}") = "Lecture07.Application", "Code\Lecture07_From_Spaghetti_Code_to_Layers\Layers\Application\Lecture07.Application.csproj", "{8A2F2623-9498-408D-97C7-9597ACA7E06C}"
EndProject
Project("{FAE04EC0-301F-11D3-BF4B-00C04F79EFBC}") = "Lecture07.Domain", "Code\Lecture07_From_Spaghetti_Code_to_Layers\Layers\Domain\Lecture07.Domain.csproj", "{AF586AA1-9440-428C-99FA-A370E7CA12D9}"
EndProject
Project("{FAE04EC0-301F-11D3-BF4B-00C04F79EFBC}") = "Lecture07.Infrastructure", "Code\Lecture07_From_Spaghetti_Code_to_Layers\Layers\Infrastructure\Lecture07.Infrastructure.csproj", "{77C4523C-4B21-4D5F-8F14-F25841288437}"
EndProject
Project("{FAE04EC0-301F-11D3-BF4B-00C04F79EFBC}") = "Lecture07.Presentation", "Code\Lecture07_From_Spaghetti_Code_to_Layers\Layers\Presentation\Lecture07.Presentation.csproj", "{1A43E012-F252-499C-9354-A3C03A02F988}"
EndProject
Project("{2150E333-8FDC-42A3-9474-1A3956D46DE8}") = "Layers", "Layers", "{9934FE27-CCD2-9CE6-F721-24C817CE2CCB}"
EndProject
Project("{2150E333-8FDC-42A3-9474-1A3956D46DE8}") = "Lecture 08 - Services, Repositories, Validation and Multiple Users", "Lecture 08 - Services, Repositories, Validation and Multiple Users", "{B867F240-BA95-385F-A5B4-D66BC670D3B7}"
EndProject
Project("{2150E333-8FDC-42A3-9474-1A3956D46DE8}") = "Layers", "Layers", "{1505B24E-4BE2-4022-9A54-735E0D4F54A1}"
EndProject
Project("{FAE04EC0-301F-11D3-BF4B-00C04F79EFBC}") = "Lecture08.Domain", "Code\Lecture08_Services_Repositories_Validation_and_Multiple_Users\Layers\Domain\Lecture08.Domain.csproj", "{02DC9431-DAD9-4652-9638-383881253A4E}"
EndProject
Project("{FAE04EC0-301F-11D3-BF4B-00C04F79EFBC}") = "Lecture08.Application", "Code\Lecture08_Services_Repositories_Validation_and_Multiple_Users\Layers\Application\Lecture08.Application.csproj", "{B0982546-FEAE-4792-97B0-863D7921EDE9}"
EndProject
Project("{FAE04EC0-301F-11D3-BF4B-00C04F79EFBC}") = "Lecture08.Infrastructure", "Code\Lecture08_Services_Repositories_Validation_and_Multiple_Users\Layers\Infrastructure\Lecture08.Infrastructure.csproj", "{17216258-109B-4978-BA4D-D41FF42E4362}"
EndProject
Project("{FAE04EC0-301F-11D3-BF4B-00C04F79EFBC}") = "Lecture08.Presentation", "Code\Lecture08_Services_Repositories_Validation_and_Multiple_Users\Layers\Presentation\Lecture08.Presentation.csproj", "{74F7662E-2F85-4F2F-9AE9-D42ECCB61B37}"
EndProject
Project("{FAE04EC0-301F-11D3-BF4B-00C04F79EFBC}") = "Lecture08.CodeExamples", "Code\Lecture08_Services_Repositories_Validation_and_Multiple_Users\Lecture08.CodeExamples\Lecture08.CodeExamples.csproj", "{2E1D0C69-BAC8-43E0-9565-2711D14A7736}"
EndProject
Project("{FAE04EC0-301F-11D3-BF4B-00C04F79EFBC}") = "Lecture08.Project", "Code\Lecture08_Services_Repositories_Validation_and_Multiple_Users\Project\Lecture08.Project.csproj", "{1129B4EC-84D0-4EC7-88C8-F80AED86E05F}"
EndProject
Project("{FAE04EC0-301F-11D3-BF4B-00C04F79EFBC}") = "Lecture05.Demo2", "Lecture05.Demo2\Lecture05.Demo2.csproj", "{1B0C683E-0F99-487D-990F-88A63BB32B19}"
EndProject
Project("{2150E333-8FDC-42A3-9474-1A3956D46DE8}") = "Example2", "Example2", "{380B6CBA-034F-49EF-A3FB-0253448E54F2}"
EndProject
Project("{FAE04EC0-301F-11D3-BF4B-00C04F79EFBC}") = "PresentationLayer", "PresentationLayer\PresentationLayer.csproj", "{406F32EF-AA3B-49F2-BBE8-3DAC0FD31DDF}"
EndProject
Project("{FAE04EC0-301F-11D3-BF4B-00C04F79EFBC}") = "AppLayer", "AppLayer\AppLayer.csproj", "{58CA7B38-2ADE-4B8C-8EBF-843411CA9B4A}"
EndProject
Project("{FAE04EC0-301F-11D3-BF4B-00C04F79EFBC}") = "ModelLayer", "ModelLayer\ModelLayer.csproj", "{49EAFED3-10E0-427D-9707-7043580DF7DE}"
EndProject
Project("{FAE04EC0-301F-11D3-BF4B-00C04F79EFBC}") = "RepoLayer", "RepoLayer\RepoLayer.csproj", "{49C9696C-C72E-44EB-B5DF-3A9081C9E0DE}"
EndProject
Project("{2150E333-8FDC-42A3-9474-1A3956D46DE8}") = "Lecture 09 - SQL Access with Dapper", "Lecture 09 - SQL Access with Dapper", "{2D3A7E20-EB85-7CCF-76BE-4204B27CC8AF}"
EndProject
Project("{FAE04EC0-301F-11D3-BF4B-00C04F79EFBC}") = "Lecture09.Application", "Code\Lecture09_SQL_Access_with_Dapper\Layers\Application\Lecture09.Application.csproj", "{51FF093D-ED36-479B-A4DF-E8E7760D2CB1}"
EndProject
Project("{FAE04EC0-301F-11D3-BF4B-00C04F79EFBC}") = "Lecture09.Domain", "Code\Lecture09_SQL_Access_with_Dapper\Layers\Domain\Lecture09.Domain.csproj", "{5CA53BA1-C797-4938-B855-1261D1A0F29B}"
EndProject
Project("{FAE04EC0-301F-11D3-BF4B-00C04F79EFBC}") = "Lecture09.Infrastructure", "Code\Lecture09_SQL_Access_with_Dapper\Layers\Infrastructure\Lecture09.Infrastructure.csproj", "{A2112ECB-8986-4770-A775-DC735DBC4F54}"
EndProject
Project("{FAE04EC0-301F-11D3-BF4B-00C04F79EFBC}") = "Lecture09.Presentation", "Code\Lecture09_SQL_Access_with_Dapper\Layers\Presentation\Lecture09.Presentation.csproj", "{D63E0C89-7430-4787-9186-FEFF344BFAA4}"
EndProject
Project("{FAE04EC0-301F-11D3-BF4B-00C04F79EFBC}") = "Lecture09.CodeExamples", "Code\Lecture09_SQL_Access_with_Dapper\Lecture09.CodeExamples\Lecture09.CodeExamples.csproj", "{D4D9D0D0-D7D4-4581-AC6D-18136C6F8252}"
EndProject
Project("{FAE04EC0-301F-11D3-BF4B-00C04F79EFBC}") = "Lecture09.Project", "Code\Lecture09_SQL_Access_with_Dapper\Project\Lecture09.Project.csproj", "{B64D2A4C-1B61-4423-A894-3B36A3BB9D4F}"
EndProject
Project("{2150E333-8FDC-42A3-9474-1A3956D46DE8}") = "Lecture 10 - Entity Framework Core Fundamentals", "Lecture 10 - Entity Framework Core Fundamentals", "{E6B664B1-77DF-4325-DBDF-D35702D036C9}"
EndProject
Project("{FAE04EC0-301F-11D3-BF4B-00C04F79EFBC}") = "Lecture10.Application", "Code\Lecture10_Entity_Framework_Core_Fundamentals\Layers\Application\Lecture10.Application.csproj", "{2CF1A0EF-762A-4742-87CA-D458B22B0926}"
EndProject
Project("{FAE04EC0-301F-11D3-BF4B-00C04F79EFBC}") = "Lecture10.Domain", "Code\Lecture10_Entity_Framework_Core_Fundamentals\Layers\Domain\Lecture10.Domain.csproj", "{22BE39EA-3F85-429B-B39B-2DC525E667A6}"
EndProject
Project("{FAE04EC0-301F-11D3-BF4B-00C04F79EFBC}") = "Lecture10.Infrastructure", "Code\Lecture10_Entity_Framework_Core_Fundamentals\Layers\Infrastructure\Lecture10.Infrastructure.csproj", "{40063875-A850-4B99-BC0D-3B36D5670CA3}"
EndProject
Project("{FAE04EC0-301F-11D3-BF4B-00C04F79EFBC}") = "Lecture10.Presentation", "Code\Lecture10_Entity_Framework_Core_Fundamentals\Layers\Presentation\Lecture10.Presentation.csproj", "{D7ED2C44-76A5-4B45-9AEF-692A8151E191}"
EndProject
Project("{FAE04EC0-301F-11D3-BF4B-00C04F79EFBC}") = "Lecture10.CodeExamples", "Code\Lecture10_Entity_Framework_Core_Fundamentals\Lecture10.CodeExamples\Lecture10.CodeExamples.csproj", "{608CF7F8-7D12-415B-B659-B6E95A19D359}"
EndProject
Project("{FAE04EC0-301F-11D3-BF4B-00C04F79EFBC}") = "Lecture10.Project", "Code\Lecture10_Entity_Framework_Core_Fundamentals\Project\Lecture10.Project.csproj", "{966311CE-D2AD-4921-B052-D8F76684D827}"
EndProject
Project("{2150E333-8FDC-42A3-9474-1A3956D46DE8}") = "Lecture 11 - EF Core Relationships and Migrations", "Lecture 11 - EF Core Relationships and Migrations", "{CEE9AB03-354E-B25E-DCF3-A51FDB9062B4}"
EndProject
Project("{FAE04EC0-301F-11D3-BF4B-00C04F79EFBC}") = "Lecture11.Application", "Code\Lecture11_EF_Core_Relationships_and_Migrations\Layers\Application\Lecture11.Application.csproj", "{1ED8F399-9038-47DF-B90A-55D4E66953C6}"
EndProject
Project("{FAE04EC0-301F-11D3-BF4B-00C04F79EFBC}") = "Lecture11.Domain", "Code\Lecture11_EF_Core_Relationships_and_Migrations\Layers\Domain\Lecture11.Domain.csproj", "{D4548C37-9A40-4793-B1E8-D509413E8DCE}"
EndProject
Project("{FAE04EC0-301F-11D3-BF4B-00C04F79EFBC}") = "Lecture11.Infrastructure", "Code\Lecture11_EF_Core_Relationships_and_Migrations\Layers\Infrastructure\Lecture11.Infrastructure.csproj", "{37C611CD-7592-4960-BB58-CFA65AFCF267}"
EndProject
Project("{FAE04EC0-301F-11D3-BF4B-00C04F79EFBC}") = "Lecture11.Presentation", "Code\Lecture11_EF_Core_Relationships_and_Migrations\Layers\Presentation\Lecture11.Presentation.csproj", "{D261F9CB-0E03-4F52-B209-51BEF8A503C8}"
EndProject
Project("{FAE04EC0-301F-11D3-BF4B-00C04F79EFBC}") = "Lecture11.CodeExamples", "Code\Lecture11_EF_Core_Relationships_and_Migrations\Lecture11.CodeExamples\Lecture11.CodeExamples.csproj", "{99825EE1-F2D9-4A1F-8C09-9822BCEE48B8}"
EndProject
Project("{FAE04EC0-301F-11D3-BF4B-00C04F79EFBC}") = "Lecture11.Project", "Code\Lecture11_EF_Core_Relationships_and_Migrations\Project\Lecture11.Project.csproj", "{B9C47917-7802-4E15-93C1-8DF08066F9A1}"
EndProject
Project("{2150E333-8FDC-42A3-9474-1A3956D46DE8}") = "Lecture 12 - HTTP and the First ASP.NET Core Web API", "Lecture 12 - HTTP and the First ASP.NET Core Web API", "{C9B2E8DD-AC4D-D293-8FB5-F458706111A9}"
EndProject
Project("{FAE04EC0-301F-11D3-BF4B-00C04F79EFBC}") = "Lecture12.Application", "Code\Lecture12_HTTP_and_the_First_ASPNET_Core_Web_API\Layers\Application\Lecture12.Application.csproj", "{49F0B821-F6E6-4CC4-822F-246949CD5BA3}"
EndProject
Project("{FAE04EC0-301F-11D3-BF4B-00C04F79EFBC}") = "Lecture12.Domain", "Code\Lecture12_HTTP_and_the_First_ASPNET_Core_Web_API\Layers\Domain\Lecture12.Domain.csproj", "{42167069-6FE9-433D-87C1-9908FBA1A885}"
EndProject
Project("{FAE04EC0-301F-11D3-BF4B-00C04F79EFBC}") = "Lecture12.Infrastructure", "Code\Lecture12_HTTP_and_the_First_ASPNET_Core_Web_API\Layers\Infrastructure\Lecture12.Infrastructure.csproj", "{0D4D404B-E1CB-4410-91C1-5F7E4A7FB73F}"
EndProject
Project("{FAE04EC0-301F-11D3-BF4B-00C04F79EFBC}") = "Lecture12.Presentation", "Code\Lecture12_HTTP_and_the_First_ASPNET_Core_Web_API\Layers\Presentation\Lecture12.Presentation.csproj", "{7131101D-FDFF-413F-B125-8C0BB2EABB4C}"
EndProject
Project("{FAE04EC0-301F-11D3-BF4B-00C04F79EFBC}") = "Lecture12.CodeExamples", "Code\Lecture12_HTTP_and_the_First_ASPNET_Core_Web_API\Lecture12.CodeExamples\Lecture12.CodeExamples.csproj", "{31728AF5-F66C-42F5-93FD-6D946951163E}"
EndProject
Project("{FAE04EC0-301F-11D3-BF4B-00C04F79EFBC}") = "Lecture12.Project", "Code\Lecture12_HTTP_and_the_First_ASPNET_Core_Web_API\Project\Lecture12.Project.csproj", "{03AF0FC2-4B34-4A7F-AB1A-372F98DB5388}"
EndProject
Project("{2150E333-8FDC-42A3-9474-1A3956D46DE8}") = "Lecture 13 - DTOs, Validation and API Design", "Lecture 13 - DTOs, Validation and API Design", "{F83DB5E3-60BA-F97E-3AC5-F9624CD7E07E}"
EndProject
Project("{FAE04EC0-301F-11D3-BF4B-00C04F79EFBC}") = "Lecture13.Application", "Code\Lecture13_DTOs_Validation_and_API_Design\Layers\Application\Lecture13.Application.csproj", "{F3818457-1866-4348-A879-8F7ED60D1D82}"
EndProject
Project("{FAE04EC0-301F-11D3-BF4B-00C04F79EFBC}") = "Lecture13.Domain", "Code\Lecture13_DTOs_Validation_and_API_Design\Layers\Domain\Lecture13.Domain.csproj", "{9A94C60F-E92D-4D85-AC03-0C3BD3131863}"
EndProject
Project("{FAE04EC0-301F-11D3-BF4B-00C04F79EFBC}") = "Lecture13.Infrastructure", "Code\Lecture13_DTOs_Validation_and_API_Design\Layers\Infrastructure\Lecture13.Infrastructure.csproj", "{0A002DF3-871B-43DA-B30B-2733CDDBC2AE}"
EndProject
Project("{FAE04EC0-301F-11D3-BF4B-00C04F79EFBC}") = "Lecture13.Presentation", "Code\Lecture13_DTOs_Validation_and_API_Design\Layers\Presentation\Lecture13.Presentation.csproj", "{788459EB-B354-4136-AB09-0164F700761D}"
EndProject
Project("{FAE04EC0-301F-11D3-BF4B-00C04F79EFBC}") = "Lecture13.CodeExamples", "Code\Lecture13_DTOs_Validation_and_API_Design\Lecture13.CodeExamples\Lecture13.CodeExamples.csproj", "{F439FB9A-71D5-416C-B354-9F12489B9493}"
EndProject
Project("{FAE04EC0-301F-11D3-BF4B-00C04F79EFBC}") = "Lecture13.Project", "Code\Lecture13_DTOs_Validation_and_API_Design\Project\Lecture13.Project.csproj", "{DD0C6167-E525-4B25-A0DF-13EDD13D2FA0}"
EndProject
Project("{2150E333-8FDC-42A3-9474-1A3956D46DE8}") = "Lecture 15 - Configuration, Error Handling, Identity, Authentication and Final Defense", "Lecture 15 - Configuration, Error Handling, Identity, Authentication and Final Defense", "{B0D5E333-9BB7-8B74-8CF8-BC646D11BD79}"
EndProject
Project("{FAE04EC0-301F-11D3-BF4B-00C04F79EFBC}") = "Lecture15.Application", "Code\Lecture15_Configuration_Error_Handling_Identity_Authentication_and_Final_Defense\Layers\Application\Lecture15.Application.csproj", "{8FBA0AD1-F626-4351-A181-4AEB14D25DB1}"
EndProject
Project("{FAE04EC0-301F-11D3-BF4B-00C04F79EFBC}") = "Lecture15.Domain", "Code\Lecture15_Configuration_Error_Handling_Identity_Authentication_and_Final_Defense\Layers\Domain\Lecture15.Domain.csproj", "{5D1A1379-5A6C-4B60-B486-4E39CD5E8476}"
EndProject
Project("{FAE04EC0-301F-11D3-BF4B-00C04F79EFBC}") = "Lecture15.Infrastructure", "Code\Lecture15_Configuration_Error_Handling_Identity_Authentication_and_Final_Defense\Layers\Infrastructure\Lecture15.Infrastructure.csproj", "{55819356-7706-40D7-BA9C-1FB1BDEF27DC}"
EndProject
Project("{FAE04EC0-301F-11D3-BF4B-00C04F79EFBC}") = "Lecture15.Presentation", "Code\Lecture15_Configuration_Error_Handling_Identity_Authentication_and_Final_Defense\Layers\Presentation\Lecture15.Presentation.csproj", "{AFC2833C-B2F8-416C-B2F8-55BCC391121A}"
EndProject
Project("{FAE04EC0-301F-11D3-BF4B-00C04F79EFBC}") = "Lecture15.CodeExamples", "Code\Lecture15_Configuration_Error_Handling_Identity_Authentication_and_Final_Defense\Lecture15.CodeExamples\Lecture15.CodeExamples.csproj", "{D5AF364C-5D9D-43E1-B2D3-B4DFA51720A6}"
EndProject
Project("{FAE04EC0-301F-11D3-BF4B-00C04F79EFBC}") = "Lecture15.Project", "Code\Lecture15_Configuration_Error_Handling_Identity_Authentication_and_Final_Defense\Project\Lecture15.Project.csproj", "{8E00DED4-68F7-4B74-9B52-72D51178C100}"
EndProject
Project("{2150E333-8FDC-42A3-9474-1A3956D46DE8}") = "Lecture 14 - Real Backend", "Lecture 14 - Real Backend", "{FF7437DE-9359-058A-E6A5-E0977081844C}"
EndProject
Project("{FAE04EC0-301F-11D3-BF4B-00C04F79EFBC}") = "Lecture14.Application", "Code\Lecture14_Real_Backend_API_Layers_EF_Core_and_Dependency_Injection\Layers\Application\Lecture14.Application.csproj", "{3CF469EA-28EF-41AE-B3A7-7C210F208A4C}"
EndProject
Project("{FAE04EC0-301F-11D3-BF4B-00C04F79EFBC}") = "Lecture14.Domain", "Code\Lecture14_Real_Backend_API_Layers_EF_Core_and_Dependency_Injection\Layers\Domain\Lecture14.Domain.csproj", "{A8948CD9-2F67-4238-97C8-3A94500BB73F}"
EndProject
Project("{FAE04EC0-301F-11D3-BF4B-00C04F79EFBC}") = "Lecture14.Infrastructure", "Code\Lecture14_Real_Backend_API_Layers_EF_Core_and_Dependency_Injection\Layers\Infrastructure\Lecture14.Infrastructure.csproj", "{31379DEE-D3BE-4C82-9C10-B857C14E1496}"
EndProject
Project("{FAE04EC0-301F-11D3-BF4B-00C04F79EFBC}") = "Lecture14.Presentation", "Code\Lecture14_Real_Backend_API_Layers_EF_Core_and_Dependency_Injection\Layers\Presentation\Lecture14.Presentation.csproj", "{0B092880-86C8-437C-9F17-2150EA2BD2E8}"
EndProject
Project("{FAE04EC0-301F-11D3-BF4B-00C04F79EFBC}") = "Lecture14.CodeExamples", "Code\Lecture14_Real_Backend_API_Layers_EF_Core_and_Dependency_Injection\Lecture14.CodeExamples\Lecture14.CodeExamples.csproj", "{484AEE80-6D16-40E9-9AD8-22681C6E85D0}"
EndProject
Project("{FAE04EC0-301F-11D3-BF4B-00C04F79EFBC}") = "Lecture14.Project", "Code\Lecture14_Real_Backend_API_Layers_EF_Core_and_Dependency_Injection\Project\Lecture14.Project.csproj", "{7EA8E075-F3F4-4289-94CB-333F995811D8}"
EndProject
Global
	GlobalSection(SolutionConfigurationPlatforms) = preSolution
		Debug|Any CPU = Debug|Any CPU
		Debug|x64 = Debug|x64
		Debug|x86 = Debug|x86
		Release|Any CPU = Release|Any CPU
		Release|x64 = Release|x64
		Release|x86 = Release|x86
	EndGlobalSection
	GlobalSection(ProjectConfigurationPlatforms) = postSolution
		{083CFCD9-978A-470F-B380-44D265E82E5F}.Debug|Any CPU.ActiveCfg = Debug|Any CPU
		{083CFCD9-978A-470F-B380-44D265E82E5F}.Debug|Any CPU.Build.0 = Debug|Any CPU
		{083CFCD9-978A-470F-B380-44D265E82E5F}.Debug|x64.ActiveCfg = Debug|Any CPU
		{083CFCD9-978A-470F-B380-44D265E82E5F}.Debug|x64.Build.0 = Debug|Any CPU
		{083CFCD9-978A-470F-B380-44D265E82E5F}.Debug|x86.ActiveCfg = Debug|Any CPU
		{083CFCD9-978A-470F-B380-44D265E82E5F}.Debug|x86.Build.0 = Debug|Any CPU
		{083CFCD9-978A-470F-B380-44D265E82E5F}.Release|Any CPU.ActiveCfg = Release|Any CPU
		{083CFCD9-978A-470F-B380-44D265E82E5F}.Release|Any CPU.Build.0 = Release|Any CPU
		{083CFCD9-978A-470F-B380-44D265E82E5F}.Release|x64.ActiveCfg = Release|Any CPU
		{083CFCD9-978A-470F-B380-44D265E82E5F}.Release|x64.Build.0 = Release|Any CPU
		{083CFCD9-978A-470F-B380-44D265E82E5F}.Release|x86.ActiveCfg = Release|Any CPU
		{083CFCD9-978A-470F-B380-44D265E82E5F}.Release|x86.Build.0 = Release|Any CPU
		{3B900E9E-E0BC-427C-BDD5-C0F28607A048}.Debug|Any CPU.ActiveCfg = Debug|Any CPU
		{3B900E9E-E0BC-427C-BDD5-C0F28607A048}.Debug|Any CPU.Build.0 = Debug|Any CPU
		{3B900E9E-E0BC-427C-BDD5-C0F28607A048}.Debug|x64.ActiveCfg = Debug|Any CPU
		{3B900E9E-E0BC-427C-BDD5-C0F28607A048}.Debug|x64.Build.0 = Debug|Any CPU
		{3B900E9E-E0BC-427C-BDD5-C0F28607A048}.Debug|x86.ActiveCfg = Debug|Any CPU
		{3B900E9E-E0BC-427C-BDD5-C0F28607A048}.Debug|x86.Build.0 = Debug|Any CPU
		{3B900E9E-E0BC-427C-BDD5-C0F28607A048}.Release|Any CPU.ActiveCfg = Release|Any CPU
		{3B900E9E-E0BC-427C-BDD5-C0F28607A048}.Release|Any CPU.Build.0 = Release|Any CPU
		{3B900E9E-E0BC-427C-BDD5-C0F28607A048}.Release|x64.ActiveCfg = Release|Any CPU
		{3B900E9E-E0BC-427C-BDD5-C0F28607A048}.Release|x64.Build.0 = Release|Any CPU
		{3B900E9E-E0BC-427C-BDD5-C0F28607A048}.Release|x86.ActiveCfg = Release|Any CPU
		{3B900E9E-E0BC-427C-BDD5-C0F28607A048}.Release|x86.Build.0 = Release|Any CPU
		{5823F889-7B36-4B88-9298-454D91265E65}.Debug|Any CPU.ActiveCfg = Debug|Any CPU
		{5823F889-7B36-4B88-9298-454D91265E65}.Debug|Any CPU.Build.0 = Debug|Any CPU
		{5823F889-7B36-4B88-9298-454D91265E65}.Debug|x64.ActiveCfg = Debug|Any CPU
		{5823F889-7B36-4B88-9298-454D91265E65}.Debug|x64.Build.0 = Debug|Any CPU
		{5823F889-7B36-4B88-9298-454D91265E65}.Debug|x86.ActiveCfg = Debug|Any CPU
		{5823F889-7B36-4B88-9298-454D91265E65}.Debug|x86.Build.0 = Debug|Any CPU
		{5823F889-7B36-4B88-9298-454D91265E65}.Release|Any CPU.ActiveCfg = Release|Any CPU
		{5823F889-7B36-4B88-9298-454D91265E65}.Release|Any CPU.Build.0 = Release|Any CPU
		{5823F889-7B36-4B88-9298-454D91265E65}.Release|x64.ActiveCfg = Release|Any CPU
		{5823F889-7B36-4B88-9298-454D91265E65}.Release|x64.Build.0 = Release|Any CPU
		{5823F889-7B36-4B88-9298-454D91265E65}.Release|x86.ActiveCfg = Release|Any CPU
		{5823F889-7B36-4B88-9298-454D91265E65}.Release|x86.Build.0 = Release|Any CPU
		{C886FFC0-8FB4-4177-A4DD-BD399CD82A45}.Debug|Any CPU.ActiveCfg = Debug|Any CPU
		{C886FFC0-8FB4-4177-A4DD-BD399CD82A45}.Debug|Any CPU.Build.0 = Debug|Any CPU
		{C886FFC0-8FB4-4177-A4DD-BD399CD82A45}.Debug|x64.ActiveCfg = Debug|Any CPU
		{C886FFC0-8FB4-4177-A4DD-BD399CD82A45}.Debug|x64.Build.0 = Debug|Any CPU
		{C886FFC0-8FB4-4177-A4DD-BD399CD82A45}.Debug|x86.ActiveCfg = Debug|Any CPU
		{C886FFC0-8FB4-4177-A4DD-BD399CD82A45}.Debug|x86.Build.0 = Debug|Any CPU
		{C886FFC0-8FB4-4177-A4DD-BD399CD82A45}.Release|Any CPU.ActiveCfg = Release|Any CPU
		{C886FFC0-8FB4-4177-A4DD-BD399CD82A45}.Release|Any CPU.Build.0 = Release|Any CPU
		{C886FFC0-8FB4-4177-A4DD-BD399CD82A45}.Release|x64.ActiveCfg = Release|Any CPU
		{C886FFC0-8FB4-4177-A4DD-BD399CD82A45}.Release|x64.Build.0 = Release|Any CPU
		{C886FFC0-8FB4-4177-A4DD-BD399CD82A45}.Release|x86.ActiveCfg = Release|Any CPU
		{C886FFC0-8FB4-4177-A4DD-BD399CD82A45}.Release|x86.Build.0 = Release|Any CPU
		{6A009F6E-8F6D-4F39-8FD2-27D10D38506E}.Debug|Any CPU.ActiveCfg = Debug|Any CPU
		{6A009F6E-8F6D-4F39-8FD2-27D10D38506E}.Debug|Any CPU.Build.0 = Debug|Any CPU
		{6A009F6E-8F6D-4F39-8FD2-27D10D38506E}.Debug|x64.ActiveCfg = Debug|Any CPU
		{6A009F6E-8F6D-4F39-8FD2-27D10D38506E}.Debug|x64.Build.0 = Debug|Any CPU
		{6A009F6E-8F6D-4F39-8FD2-27D10D38506E}.Debug|x86.ActiveCfg = Debug|Any CPU
		{6A009F6E-8F6D-4F39-8FD2-27D10D38506E}.Debug|x86.Build.0 = Debug|Any CPU
		{6A009F6E-8F6D-4F39-8FD2-27D10D38506E}.Release|Any CPU.ActiveCfg = Release|Any CPU
		{6A009F6E-8F6D-4F39-8FD2-27D10D38506E}.Release|Any CPU.Build.0 = Release|Any CPU
		{6A009F6E-8F6D-4F39-8FD2-27D10D38506E}.Release|x64.ActiveCfg = Release|Any CPU
		{6A009F6E-8F6D-4F39-8FD2-27D10D38506E}.Release|x64.Build.0 = Release|Any CPU
		{6A009F6E-8F6D-4F39-8FD2-27D10D38506E}.Release|x86.ActiveCfg = Release|Any CPU
		{6A009F6E-8F6D-4F39-8FD2-27D10D38506E}.Release|x86.Build.0 = Release|Any CPU
		{4DDE227D-B24F-4A2C-8658-41D9169F0C95}.Debug|Any CPU.ActiveCfg = Debug|Any CPU
		{4DDE227D-B24F-4A2C-8658-41D9169F0C95}.Debug|Any CPU.Build.0 = Debug|Any CPU
		{4DDE227D-B24F-4A2C-8658-41D9169F0C95}.Debug|x64.ActiveCfg = Debug|Any CPU
		{4DDE227D-B24F-4A2C-8658-41D9169F0C95}.Debug|x64.Build.0 = Debug|Any CPU
		{4DDE227D-B24F-4A2C-8658-41D9169F0C95}.Debug|x86.ActiveCfg = Debug|Any CPU
		{4DDE227D-B24F-4A2C-8658-41D9169F0C95}.Debug|x86.Build.0 = Debug|Any CPU
		{4DDE227D-B24F-4A2C-8658-41D9169F0C95}.Release|Any CPU.ActiveCfg = Release|Any CPU
		{4DDE227D-B24F-4A2C-8658-41D9169F0C95}.Release|Any CPU.Build.0 = Release|Any CPU
		{4DDE227D-B24F-4A2C-8658-41D9169F0C95}.Release|x64.ActiveCfg = Release|Any CPU
		{4DDE227D-B24F-4A2C-8658-41D9169F0C95}.Release|x64.Build.0 = Release|Any CPU
		{4DDE227D-B24F-4A2C-8658-41D9169F0C95}.Release|x86.ActiveCfg = Release|Any CPU
		{4DDE227D-B24F-4A2C-8658-41D9169F0C95}.Release|x86.Build.0 = Release|Any CPU
		{9BC0D9D2-49F0-4284-9A4E-5946F718000C}.Debug|Any CPU.ActiveCfg = Debug|Any CPU
		{9BC0D9D2-49F0-4284-9A4E-5946F718000C}.Debug|Any CPU.Build.0 = Debug|Any CPU
		{9BC0D9D2-49F0-4284-9A4E-5946F718000C}.Debug|x64.ActiveCfg = Debug|Any CPU
		{9BC0D9D2-49F0-4284-9A4E-5946F718000C}.Debug|x64.Build.0 = Debug|Any CPU
		{9BC0D9D2-49F0-4284-9A4E-5946F718000C}.Debug|x86.ActiveCfg = Debug|Any CPU
		{9BC0D9D2-49F0-4284-9A4E-5946F718000C}.Debug|x86.Build.0 = Debug|Any CPU
		{9BC0D9D2-49F0-4284-9A4E-5946F718000C}.Release|Any CPU.ActiveCfg = Release|Any CPU
		{9BC0D9D2-49F0-4284-9A4E-5946F718000C}.Release|Any CPU.Build.0 = Release|Any CPU
		{9BC0D9D2-49F0-4284-9A4E-5946F718000C}.Release|x64.ActiveCfg = Release|Any CPU
		{9BC0D9D2-49F0-4284-9A4E-5946F718000C}.Release|x64.Build.0 = Release|Any CPU
		{9BC0D9D2-49F0-4284-9A4E-5946F718000C}.Release|x86.ActiveCfg = Release|Any CPU
		{9BC0D9D2-49F0-4284-9A4E-5946F718000C}.Release|x86.Build.0 = Release|Any CPU
		{231660C0-1006-4B02-9E2C-E98178487866}.Debug|Any CPU.ActiveCfg = Debug|Any CPU
		{231660C0-1006-4B02-9E2C-E98178487866}.Debug|Any CPU.Build.0 = Debug|Any CPU
		{231660C0-1006-4B02-9E2C-E98178487866}.Debug|x64.ActiveCfg = Debug|Any CPU
		{231660C0-1006-4B02-9E2C-E98178487866}.Debug|x64.Build.0 = Debug|Any CPU
		{231660C0-1006-4B02-9E2C-E98178487866}.Debug|x86.ActiveCfg = Debug|Any CPU
		{231660C0-1006-4B02-9E2C-E98178487866}.Debug|x86.Build.0 = Debug|Any CPU
		{231660C0-1006-4B02-9E2C-E98178487866}.Release|Any CPU.ActiveCfg = Release|Any CPU
		{231660C0-1006-4B02-9E2C-E98178487866}.Release|Any CPU.Build.0 = Release|Any CPU
		{231660C0-1006-4B02-9E2C-E98178487866}.Release|x64.ActiveCfg = Release|Any CPU
		{231660C0-1006-4B02-9E2C-E98178487866}.Release|x64.Build.0 = Release|Any CPU
		{231660C0-1006-4B02-9E2C-E98178487866}.Release|x86.ActiveCfg = Release|Any CPU
		{231660C0-1006-4B02-9E2C-E98178487866}.Release|x86.Build.0 = Release|Any CPU
		{CE2BD984-71F9-4BC8-B009-6C64557FF8D0}.Debug|Any CPU.ActiveCfg = Debug|Any CPU
		{CE2BD984-71F9-4BC8-B009-6C64557FF8D0}.Debug|Any CPU.Build.0 = Debug|Any CPU
		{CE2BD984-71F9-4BC8-B009-6C64557FF8D0}.Debug|x64.ActiveCfg = Debug|Any CPU
		{CE2BD984-71F9-4BC8-B009-6C64557FF8D0}.Debug|x64.Build.0 = Debug|Any CPU
		{CE2BD984-71F9-4BC8-B009-6C64557FF8D0}.Debug|x86.ActiveCfg = Debug|Any CPU
		{CE2BD984-71F9-4BC8-B009-6C64557FF8D0}.Debug|x86.Build.0 = Debug|Any CPU
		{CE2BD984-71F9-4BC8-B009-6C64557FF8D0}.Release|Any CPU.ActiveCfg = Release|Any CPU
		{CE2BD984-71F9-4BC8-B009-6C64557FF8D0}.Release|Any CPU.Build.0 = Release|Any CPU
		{CE2BD984-71F9-4BC8-B009-6C64557FF8D0}.Release|x64.ActiveCfg = Release|Any CPU
		{CE2BD984-71F9-4BC8-B009-6C64557FF8D0}.Release|x64.Build.0 = Release|Any CPU
		{CE2BD984-71F9-4BC8-B009-6C64557FF8D0}.Release|x86.ActiveCfg = Release|Any CPU
		{CE2BD984-71F9-4BC8-B009-6C64557FF8D0}.Release|x86.Build.0 = Release|Any CPU
		{989447B0-8435-4275-9F88-BA744CD91B87}.Debug|Any CPU.ActiveCfg = Debug|Any CPU
		{989447B0-8435-4275-9F88-BA744CD91B87}.Debug|Any CPU.Build.0 = Debug|Any CPU
		{989447B0-8435-4275-9F88-BA744CD91B87}.Debug|x64.ActiveCfg = Debug|Any CPU
		{989447B0-8435-4275-9F88-BA744CD91B87}.Debug|x64.Build.0 = Debug|Any CPU
		{989447B0-8435-4275-9F88-BA744CD91B87}.Debug|x86.ActiveCfg = Debug|Any CPU
		{989447B0-8435-4275-9F88-BA744CD91B87}.Debug|x86.Build.0 = Debug|Any CPU
		{989447B0-8435-4275-9F88-BA744CD91B87}.Release|Any CPU.ActiveCfg = Release|Any CPU
		{989447B0-8435-4275-9F88-BA744CD91B87}.Release|Any CPU.Build.0 = Release|Any CPU
		{989447B0-8435-4275-9F88-BA744CD91B87}.Release|x64.ActiveCfg = Release|Any CPU
		{989447B0-8435-4275-9F88-BA744CD91B87}.Release|x64.Build.0 = Release|Any CPU
		{989447B0-8435-4275-9F88-BA744CD91B87}.Release|x86.ActiveCfg = Release|Any CPU
		{989447B0-8435-4275-9F88-BA744CD91B87}.Release|x86.Build.0 = Release|Any CPU
		{A5DD9DC1-6795-4005-B54A-43BDE2D8CB92}.Debug|Any CPU.ActiveCfg = Debug|Any CPU
		{A5DD9DC1-6795-4005-B54A-43BDE2D8CB92}.Debug|Any CPU.Build.0 = Debug|Any CPU
		{A5DD9DC1-6795-4005-B54A-43BDE2D8CB92}.Debug|x64.ActiveCfg = Debug|Any CPU
		{A5DD9DC1-6795-4005-B54A-43BDE2D8CB92}.Debug|x64.Build.0 = Debug|Any CPU
		{A5DD9DC1-6795-4005-B54A-43BDE2D8CB92}.Debug|x86.ActiveCfg = Debug|Any CPU
		{A5DD9DC1-6795-4005-B54A-43BDE2D8CB92}.Debug|x86.Build.0 = Debug|Any CPU
		{A5DD9DC1-6795-4005-B54A-43BDE2D8CB92}.Release|Any CPU.ActiveCfg = Release|Any CPU
		{A5DD9DC1-6795-4005-B54A-43BDE2D8CB92}.Release|Any CPU.Build.0 = Release|Any CPU
		{A5DD9DC1-6795-4005-B54A-43BDE2D8CB92}.Release|x64.ActiveCfg = Release|Any CPU
		{A5DD9DC1-6795-4005-B54A-43BDE2D8CB92}.Release|x64.Build.0 = Release|Any CPU
		{A5DD9DC1-6795-4005-B54A-43BDE2D8CB92}.Release|x86.ActiveCfg = Release|Any CPU
		{A5DD9DC1-6795-4005-B54A-43BDE2D8CB92}.Release|x86.Build.0 = Release|Any CPU
		{8118CE61-DB39-4FB4-87BC-528CFA5E5021}.Debug|Any CPU.ActiveCfg = Debug|Any CPU
		{8118CE61-DB39-4FB4-87BC-528CFA5E5021}.Debug|Any CPU.Build.0 = Debug|Any CPU
		{8118CE61-DB39-4FB4-87BC-528CFA5E5021}.Debug|x64.ActiveCfg = Debug|Any CPU
		{8118CE61-DB39-4FB4-87BC-528CFA5E5021}.Debug|x64.Build.0 = Debug|Any CPU
		{8118CE61-DB39-4FB4-87BC-528CFA5E5021}.Debug|x86.ActiveCfg = Debug|Any CPU
		{8118CE61-DB39-4FB4-87BC-528CFA5E5021}.Debug|x86.Build.0 = Debug|Any CPU
		{8118CE61-DB39-4FB4-87BC-528CFA5E5021}.Release|Any CPU.ActiveCfg = Release|Any CPU
		{8118CE61-DB39-4FB4-87BC-528CFA5E5021}.Release|Any CPU.Build.0 = Release|Any CPU
		{8118CE61-DB39-4FB4-87BC-528CFA5E5021}.Release|x64.ActiveCfg = Release|Any CPU
		{8118CE61-DB39-4FB4-87BC-528CFA5E5021}.Release|x64.Build.0 = Release|Any CPU
		{8118CE61-DB39-4FB4-87BC-528CFA5E5021}.Release|x86.ActiveCfg = Release|Any CPU
		{8118CE61-DB39-4FB4-87BC-528CFA5E5021}.Release|x86.Build.0 = Release|Any CPU
		{5BFD56BB-9DCA-41F5-AEFE-88A3E282963D}.Debug|Any CPU.ActiveCfg = Debug|Any CPU
		{5BFD56BB-9DCA-41F5-AEFE-88A3E282963D}.Debug|Any CPU.Build.0 = Debug|Any CPU
		{5BFD56BB-9DCA-41F5-AEFE-88A3E282963D}.Debug|x64.ActiveCfg = Debug|Any CPU
		{5BFD56BB-9DCA-41F5-AEFE-88A3E282963D}.Debug|x64.Build.0 = Debug|Any CPU
		{5BFD56BB-9DCA-41F5-AEFE-88A3E282963D}.Debug|x86.ActiveCfg = Debug|Any CPU
		{5BFD56BB-9DCA-41F5-AEFE-88A3E282963D}.Debug|x86.Build.0 = Debug|Any CPU
		{5BFD56BB-9DCA-41F5-AEFE-88A3E282963D}.Release|Any CPU.ActiveCfg = Release|Any CPU
		{5BFD56BB-9DCA-41F5-AEFE-88A3E282963D}.Release|Any CPU.Build.0 = Release|Any CPU
		{5BFD56BB-9DCA-41F5-AEFE-88A3E282963D}.Release|x64.ActiveCfg = Release|Any CPU
		{5BFD56BB-9DCA-41F5-AEFE-88A3E282963D}.Release|x64.Build.0 = Release|Any CPU
		{5BFD56BB-9DCA-41F5-AEFE-88A3E282963D}.Release|x86.ActiveCfg = Release|Any CPU
		{5BFD56BB-9DCA-41F5-AEFE-88A3E282963D}.Release|x86.Build.0 = Release|Any CPU
		{51C0E3DA-851B-4DD8-9FEB-6DA3AEF35CE3}.Debug|Any CPU.ActiveCfg = Debug|Any CPU
		{51C0E3DA-851B-4DD8-9FEB-6DA3AEF35CE3}.Debug|Any CPU.Build.0 = Debug|Any CPU
		{51C0E3DA-851B-4DD8-9FEB-6DA3AEF35CE3}.Debug|x64.ActiveCfg = Debug|Any CPU
		{51C0E3DA-851B-4DD8-9FEB-6DA3AEF35CE3}.Debug|x64.Build.0 = Debug|Any CPU
		{51C0E3DA-851B-4DD8-9FEB-6DA3AEF35CE3}.Debug|x86.ActiveCfg = Debug|Any CPU
		{51C0E3DA-851B-4DD8-9FEB-6DA3AEF35CE3}.Debug|x86.Build.0 = Debug|Any CPU
		{51C0E3DA-851B-4DD8-9FEB-6DA3AEF35CE3}.Release|Any CPU.ActiveCfg = Release|Any CPU
		{51C0E3DA-851B-4DD8-9FEB-6DA3AEF35CE3}.Release|Any CPU.Build.0 = Release|Any CPU
		{51C0E3DA-851B-4DD8-9FEB-6DA3AEF35CE3}.Release|x64.ActiveCfg = Release|Any CPU
		{51C0E3DA-851B-4DD8-9FEB-6DA3AEF35CE3}.Release|x64.Build.0 = Release|Any CPU
		{51C0E3DA-851B-4DD8-9FEB-6DA3AEF35CE3}.Release|x86.ActiveCfg = Release|Any CPU
		{51C0E3DA-851B-4DD8-9FEB-6DA3AEF35CE3}.Release|x86.Build.0 = Release|Any CPU
		{8A2F2623-9498-408D-97C7-9597ACA7E06C}.Debug|Any CPU.ActiveCfg = Debug|Any CPU
		{8A2F2623-9498-408D-97C7-9597ACA7E06C}.Debug|Any CPU.Build.0 = Debug|Any CPU
		{8A2F2623-9498-408D-97C7-9597ACA7E06C}.Debug|x64.ActiveCfg = Debug|Any CPU
		{8A2F2623-9498-408D-97C7-9597ACA7E06C}.Debug|x64.Build.0 = Debug|Any CPU
		{8A2F2623-9498-408D-97C7-9597ACA7E06C}.Debug|x86.ActiveCfg = Debug|Any CPU
		{8A2F2623-9498-408D-97C7-9597ACA7E06C}.Debug|x86.Build.0 = Debug|Any CPU
		{8A2F2623-9498-408D-97C7-9597ACA7E06C}.Release|Any CPU.ActiveCfg = Release|Any CPU
		{8A2F2623-9498-408D-97C7-9597ACA7E06C}.Release|Any CPU.Build.0 = Release|Any CPU
		{8A2F2623-9498-408D-97C7-9597ACA7E06C}.Release|x64.ActiveCfg = Release|Any CPU
		{8A2F2623-9498-408D-97C7-9597ACA7E06C}.Release|x64.Build.0 = Release|Any CPU
		{8A2F2623-9498-408D-97C7-9597ACA7E06C}.Release|x86.ActiveCfg = Release|Any CPU
		{8A2F2623-9498-408D-97C7-9597ACA7E06C}.Release|x86.Build.0 = Release|Any CPU
		{AF586AA1-9440-428C-99FA-A370E7CA12D9}.Debug|Any CPU.ActiveCfg = Debug|Any CPU
		{AF586AA1-9440-428C-99FA-A370E7CA12D9}.Debug|Any CPU.Build.0 = Debug|Any CPU
		{AF586AA1-9440-428C-99FA-A370E7CA12D9}.Debug|x64.ActiveCfg = Debug|Any CPU
		{AF586AA1-9440-428C-99FA-A370E7CA12D9}.Debug|x64.Build.0 = Debug|Any CPU
		{AF586AA1-9440-428C-99FA-A370E7CA12D9}.Debug|x86.ActiveCfg = Debug|Any CPU
		{AF586AA1-9440-428C-99FA-A370E7CA12D9}.Debug|x86.Build.0 = Debug|Any CPU
		{AF586AA1-9440-428C-99FA-A370E7CA12D9}.Release|Any CPU.ActiveCfg = Release|Any CPU
		{AF586AA1-9440-428C-99FA-A370E7CA12D9}.Release|Any CPU.Build.0 = Release|Any CPU
		{AF586AA1-9440-428C-99FA-A370E7CA12D9}.Release|x64.ActiveCfg = Release|Any CPU
		{AF586AA1-9440-428C-99FA-A370E7CA12D9}.Release|x64.Build.0 = Release|Any CPU
		{AF586AA1-9440-428C-99FA-A370E7CA12D9}.Release|x86.ActiveCfg = Release|Any CPU
		{AF586AA1-9440-428C-99FA-A370E7CA12D9}.Release|x86.Build.0 = Release|Any CPU
		{77C4523C-4B21-4D5F-8F14-F25841288437}.Debug|Any CPU.ActiveCfg = Debug|Any CPU
		{77C4523C-4B21-4D5F-8F14-F25841288437}.Debug|Any CPU.Build.0 = Debug|Any CPU
		{77C4523C-4B21-4D5F-8F14-F25841288437}.Debug|x64.ActiveCfg = Debug|Any CPU
		{77C4523C-4B21-4D5F-8F14-F25841288437}.Debug|x64.Build.0 = Debug|Any CPU
		{77C4523C-4B21-4D5F-8F14-F25841288437}.Debug|x86.ActiveCfg = Debug|Any CPU
		{77C4523C-4B21-4D5F-8F14-F25841288437}.Debug|x86.Build.0 = Debug|Any CPU
		{77C4523C-4B21-4D5F-8F14-F25841288437}.Release|Any CPU.ActiveCfg = Release|Any CPU
		{77C4523C-4B21-4D5F-8F14-F25841288437}.Release|Any CPU.Build.0 = Release|Any CPU
		{77C4523C-4B21-4D5F-8F14-F25841288437}.Release|x64.ActiveCfg = Release|Any CPU
		{77C4523C-4B21-4D5F-8F14-F25841288437}.Release|x64.Build.0 = Release|Any CPU
		{77C4523C-4B21-4D5F-8F14-F25841288437}.Release|x86.ActiveCfg = Release|Any CPU
		{77C4523C-4B21-4D5F-8F14-F25841288437}.Release|x86.Build.0 = Release|Any CPU
		{1A43E012-F252-499C-9354-A3C03A02F988}.Debug|Any CPU.ActiveCfg = Debug|Any CPU
		{1A43E012-F252-499C-9354-A3C03A02F988}.Debug|Any CPU.Build.0 = Debug|Any CPU
		{1A43E012-F252-499C-9354-A3C03A02F988}.Debug|x64.ActiveCfg = Debug|Any CPU
		{1A43E012-F252-499C-9354-A3C03A02F988}.Debug|x64.Build.0 = Debug|Any CPU
		{1A43E012-F252-499C-9354-A3C03A02F988}.Debug|x86.ActiveCfg = Debug|Any CPU
		{1A43E012-F252-499C-9354-A3C03A02F988}.Debug|x86.Build.0 = Debug|Any CPU
		{1A43E012-F252-499C-9354-A3C03A02F988}.Release|Any CPU.ActiveCfg = Release|Any CPU
		{1A43E012-F252-499C-9354-A3C03A02F988}.Release|Any CPU.Build.0 = Release|Any CPU
		{1A43E012-F252-499C-9354-A3C03A02F988}.Release|x64.ActiveCfg = Release|Any CPU
		{1A43E012-F252-499C-9354-A3C03A02F988}.Release|x64.Build.0 = Release|Any CPU
		{1A43E012-F252-499C-9354-A3C03A02F988}.Release|x86.ActiveCfg = Release|Any CPU
		{1A43E012-F252-499C-9354-A3C03A02F988}.Release|x86.Build.0 = Release|Any CPU
		{02DC9431-DAD9-4652-9638-383881253A4E}.Debug|Any CPU.ActiveCfg = Debug|Any CPU
		{02DC9431-DAD9-4652-9638-383881253A4E}.Debug|Any CPU.Build.0 = Debug|Any CPU
		{02DC9431-DAD9-4652-9638-383881253A4E}.Debug|x64.ActiveCfg = Debug|Any CPU
		{02DC9431-DAD9-4652-9638-383881253A4E}.Debug|x64.Build.0 = Debug|Any CPU
		{02DC9431-DAD9-4652-9638-383881253A4E}.Debug|x86.ActiveCfg = Debug|Any CPU
		{02DC9431-DAD9-4652-9638-383881253A4E}.Debug|x86.Build.0 = Debug|Any CPU
		{02DC9431-DAD9-4652-9638-383881253A4E}.Release|Any CPU.ActiveCfg = Release|Any CPU
		{02DC9431-DAD9-4652-9638-383881253A4E}.Release|Any CPU.Build.0 = Release|Any CPU
		{02DC9431-DAD9-4652-9638-383881253A4E}.Release|x64.ActiveCfg = Release|Any CPU
		{02DC9431-DAD9-4652-9638-383881253A4E}.Release|x64.Build.0 = Release|Any CPU
		{02DC9431-DAD9-4652-9638-383881253A4E}.Release|x86.ActiveCfg = Release|Any CPU
		{02DC9431-DAD9-4652-9638-383881253A4E}.Release|x86.Build.0 = Release|Any CPU
		{B0982546-FEAE-4792-97B0-863D7921EDE9}.Debug|Any CPU.ActiveCfg = Debug|Any CPU
		{B0982546-FEAE-4792-97B0-863D7921EDE9}.Debug|Any CPU.Build.0 = Debug|Any CPU
		{B0982546-FEAE-4792-97B0-863D7921EDE9}.Debug|x64.ActiveCfg = Debug|Any CPU
		{B0982546-FEAE-4792-97B0-863D7921EDE9}.Debug|x64.Build.0 = Debug|Any CPU
		{B0982546-FEAE-4792-97B0-863D7921EDE9}.Debug|x86.ActiveCfg = Debug|Any CPU
		{B0982546-FEAE-4792-97B0-863D7921EDE9}.Debug|x86.Build.0 = Debug|Any CPU
		{B0982546-FEAE-4792-97B0-863D7921EDE9}.Release|Any CPU.ActiveCfg = Release|Any CPU
		{B0982546-FEAE-4792-97B0-863D7921EDE9}.Release|Any CPU.Build.0 = Release|Any CPU
		{B0982546-FEAE-4792-97B0-863D7921EDE9}.Release|x64.ActiveCfg = Release|Any CPU
		{B0982546-FEAE-4792-97B0-863D7921EDE9}.Release|x64.Build.0 = Release|Any CPU
		{B0982546-FEAE-4792-97B0-863D7921EDE9}.Release|x86.ActiveCfg = Release|Any CPU
		{B0982546-FEAE-4792-97B0-863D7921EDE9}.Release|x86.Build.0 = Release|Any CPU
		{17216258-109B-4978-BA4D-D41FF42E4362}.Debug|Any CPU.ActiveCfg = Debug|Any CPU
		{17216258-109B-4978-BA4D-D41FF42E4362}.Debug|Any CPU.Build.0 = Debug|Any CPU
		{17216258-109B-4978-BA4D-D41FF42E4362}.Debug|x64.ActiveCfg = Debug|Any CPU
		{17216258-109B-4978-BA4D-D41FF42E4362}.Debug|x64.Build.0 = Debug|Any CPU
		{17216258-109B-4978-BA4D-D41FF42E4362}.Debug|x86.ActiveCfg = Debug|Any CPU
		{17216258-109B-4978-BA4D-D41FF42E4362}.Debug|x86.Build.0 = Debug|Any CPU
		{17216258-109B-4978-BA4D-D41FF42E4362}.Release|Any CPU.ActiveCfg = Release|Any CPU
		{17216258-109B-4978-BA4D-D41FF42E4362}.Release|Any CPU.Build.0 = Release|Any CPU
		{17216258-109B-4978-BA4D-D41FF42E4362}.Release|x64.ActiveCfg = Release|Any CPU
		{17216258-109B-4978-BA4D-D41FF42E4362}.Release|x64.Build.0 = Release|Any CPU
		{17216258-109B-4978-BA4D-D41FF42E4362}.Release|x86.ActiveCfg = Release|Any CPU
		{17216258-109B-4978-BA4D-D41FF42E4362}.Release|x86.Build.0 = Release|Any CPU
		{74F7662E-2F85-4F2F-9AE9-D42ECCB61B37}.Debug|Any CPU.ActiveCfg = Debug|Any CPU
		{74F7662E-2F85-4F2F-9AE9-D42ECCB61B37}.Debug|Any CPU.Build.0 = Debug|Any CPU
		{74F7662E-2F85-4F2F-9AE9-D42ECCB61B37}.Debug|x64.ActiveCfg = Debug|Any CPU
		{74F7662E-2F85-4F2F-9AE9-D42ECCB61B37}.Debug|x64.Build.0 = Debug|Any CPU
		{74F7662E-2F85-4F2F-9AE9-D42ECCB61B37}.Debug|x86.ActiveCfg = Debug|Any CPU
		{74F7662E-2F85-4F2F-9AE9-D42ECCB61B37}.Debug|x86.Build.0 = Debug|Any CPU
		{74F7662E-2F85-4F2F-9AE9-D42ECCB61B37}.Release|Any CPU.ActiveCfg = Release|Any CPU
		{74F7662E-2F85-4F2F-9AE9-D42ECCB61B37}.Release|Any CPU.Build.0 = Release|Any CPU
		{74F7662E-2F85-4F2F-9AE9-D42ECCB61B37}.Release|x64.ActiveCfg = Release|Any CPU
		{74F7662E-2F85-4F2F-9AE9-D42ECCB61B37}.Release|x64.Build.0 = Release|Any CPU
		{74F7662E-2F85-4F2F-9AE9-D42ECCB61B37}.Release|x86.ActiveCfg = Release|Any CPU
		{74F7662E-2F85-4F2F-9AE9-D42ECCB61B37}.Release|x86.Build.0 = Release|Any CPU
		{2E1D0C69-BAC8-43E0-9565-2711D14A7736}.Debug|Any CPU.ActiveCfg = Debug|Any CPU
		{2E1D0C69-BAC8-43E0-9565-2711D14A7736}.Debug|Any CPU.Build.0 = Debug|Any CPU
		{2E1D0C69-BAC8-43E0-9565-2711D14A7736}.Debug|x64.ActiveCfg = Debug|Any CPU
		{2E1D0C69-BAC8-43E0-9565-2711D14A7736}.Debug|x64.Build.0 = Debug|Any CPU
		{2E1D0C69-BAC8-43E0-9565-2711D14A7736}.Debug|x86.ActiveCfg = Debug|Any CPU
		{2E1D0C69-BAC8-43E0-9565-2711D14A7736}.Debug|x86.Build.0 = Debug|Any CPU
		{2E1D0C69-BAC8-43E0-9565-2711D14A7736}.Release|Any CPU.ActiveCfg = Release|Any CPU
		{2E1D0C69-BAC8-43E0-9565-2711D14A7736}.Release|Any CPU.Build.0 = Release|Any CPU
		{2E1D0C69-BAC8-43E0-9565-2711D14A7736}.Release|x64.ActiveCfg = Release|Any CPU
		{2E1D0C69-BAC8-43E0-9565-2711D14A7736}.Release|x64.Build.0 = Release|Any CPU
		{2E1D0C69-BAC8-43E0-9565-2711D14A7736}.Release|x86.ActiveCfg = Release|Any CPU
		{2E1D0C69-BAC8-43E0-9565-2711D14A7736}.Release|x86.Build.0 = Release|Any CPU
		{1129B4EC-84D0-4EC7-88C8-F80AED86E05F}.Debug|Any CPU.ActiveCfg = Debug|Any CPU
		{1129B4EC-84D0-4EC7-88C8-F80AED86E05F}.Debug|Any CPU.Build.0 = Debug|Any CPU
		{1129B4EC-84D0-4EC7-88C8-F80AED86E05F}.Debug|x64.ActiveCfg = Debug|Any CPU
		{1129B4EC-84D0-4EC7-88C8-F80AED86E05F}.Debug|x64.Build.0 = Debug|Any CPU
		{1129B4EC-84D0-4EC7-88C8-F80AED86E05F}.Debug|x86.ActiveCfg = Debug|Any CPU
		{1129B4EC-84D0-4EC7-88C8-F80AED86E05F}.Debug|x86.Build.0 = Debug|Any CPU
		{1129B4EC-84D0-4EC7-88C8-F80AED86E05F}.Release|Any CPU.ActiveCfg = Release|Any CPU
		{1129B4EC-84D0-4EC7-88C8-F80AED86E05F}.Release|Any CPU.Build.0 = Release|Any CPU
		{1129B4EC-84D0-4EC7-88C8-F80AED86E05F}.Release|x64.ActiveCfg = Release|Any CPU
		{1129B4EC-84D0-4EC7-88C8-F80AED86E05F}.Release|x64.Build.0 = Release|Any CPU
		{1129B4EC-84D0-4EC7-88C8-F80AED86E05F}.Release|x86.ActiveCfg = Release|Any CPU
		{1129B4EC-84D0-4EC7-88C8-F80AED86E05F}.Release|x86.Build.0 = Release|Any CPU
		{1B0C683E-0F99-487D-990F-88A63BB32B19}.Debug|Any CPU.ActiveCfg = Debug|Any CPU
		{1B0C683E-0F99-487D-990F-88A63BB32B19}.Debug|Any CPU.Build.0 = Debug|Any CPU
		{1B0C683E-0F99-487D-990F-88A63BB32B19}.Debug|x64.ActiveCfg = Debug|Any CPU
		{1B0C683E-0F99-487D-990F-88A63BB32B19}.Debug|x64.Build.0 = Debug|Any CPU
		{1B0C683E-0F99-487D-990F-88A63BB32B19}.Debug|x86.ActiveCfg = Debug|Any CPU
		{1B0C683E-0F99-487D-990F-88A63BB32B19}.Debug|x86.Build.0 = Debug|Any CPU
		{1B0C683E-0F99-487D-990F-88A63BB32B19}.Release|Any CPU.ActiveCfg = Release|Any CPU
		{1B0C683E-0F99-487D-990F-88A63BB32B19}.Release|Any CPU.Build.0 = Release|Any CPU
		{1B0C683E-0F99-487D-990F-88A63BB32B19}.Release|x64.ActiveCfg = Release|Any CPU
		{1B0C683E-0F99-487D-990F-88A63BB32B19}.Release|x64.Build.0 = Release|Any CPU
		{1B0C683E-0F99-487D-990F-88A63BB32B19}.Release|x86.ActiveCfg = Release|Any CPU
		{1B0C683E-0F99-487D-990F-88A63BB32B19}.Release|x86.Build.0 = Release|Any CPU
		{406F32EF-AA3B-49F2-BBE8-3DAC0FD31DDF}.Debug|Any CPU.ActiveCfg = Debug|Any CPU
		{406F32EF-AA3B-49F2-BBE8-3DAC0FD31DDF}.Debug|Any CPU.Build.0 = Debug|Any CPU
		{406F32EF-AA3B-49F2-BBE8-3DAC0FD31DDF}.Debug|x64.ActiveCfg = Debug|Any CPU
		{406F32EF-AA3B-49F2-BBE8-3DAC0FD31DDF}.Debug|x64.Build.0 = Debug|Any CPU
		{406F32EF-AA3B-49F2-BBE8-3DAC0FD31DDF}.Debug|x86.ActiveCfg = Debug|Any CPU
		{406F32EF-AA3B-49F2-BBE8-3DAC0FD31DDF}.Debug|x86.Build.0 = Debug|Any CPU
		{406F32EF-AA3B-49F2-BBE8-3DAC0FD31DDF}.Release|Any CPU.ActiveCfg = Release|Any CPU
		{406F32EF-AA3B-49F2-BBE8-3DAC0FD31DDF}.Release|Any CPU.Build.0 = Release|Any CPU
		{406F32EF-AA3B-49F2-BBE8-3DAC0FD31DDF}.Release|x64.ActiveCfg = Release|Any CPU
		{406F32EF-AA3B-49F2-BBE8-3DAC0FD31DDF}.Release|x64.Build.0 = Release|Any CPU
		{406F32EF-AA3B-49F2-BBE8-3DAC0FD31DDF}.Release|x86.ActiveCfg = Release|Any CPU
		{406F32EF-AA3B-49F2-BBE8-3DAC0FD31DDF}.Release|x86.Build.0 = Release|Any CPU
		{58CA7B38-2ADE-4B8C-8EBF-843411CA9B4A}.Debug|Any CPU.ActiveCfg = Debug|Any CPU
		{58CA7B38-2ADE-4B8C-8EBF-843411CA9B4A}.Debug|Any CPU.Build.0 = Debug|Any CPU
		{58CA7B38-2ADE-4B8C-8EBF-843411CA9B4A}.Debug|x64.ActiveCfg = Debug|Any CPU
		{58CA7B38-2ADE-4B8C-8EBF-843411CA9B4A}.Debug|x64.Build.0 = Debug|Any CPU
		{58CA7B38-2ADE-4B8C-8EBF-843411CA9B4A}.Debug|x86.ActiveCfg = Debug|Any CPU
		{58CA7B38-2ADE-4B8C-8EBF-843411CA9B4A}.Debug|x86.Build.0 = Debug|Any CPU
		{58CA7B38-2ADE-4B8C-8EBF-843411CA9B4A}.Release|Any CPU.ActiveCfg = Release|Any CPU
		{58CA7B38-2ADE-4B8C-8EBF-843411CA9B4A}.Release|Any CPU.Build.0 = Release|Any CPU
		{58CA7B38-2ADE-4B8C-8EBF-843411CA9B4A}.Release|x64.ActiveCfg = Release|Any CPU
		{58CA7B38-2ADE-4B8C-8EBF-843411CA9B4A}.Release|x64.Build.0 = Release|Any CPU
		{58CA7B38-2ADE-4B8C-8EBF-843411CA9B4A}.Release|x86.ActiveCfg = Release|Any CPU
		{58CA7B38-2ADE-4B8C-8EBF-843411CA9B4A}.Release|x86.Build.0 = Release|Any CPU
		{49EAFED3-10E0-427D-9707-7043580DF7DE}.Debug|Any CPU.ActiveCfg = Debug|Any CPU
		{49EAFED3-10E0-427D-9707-7043580DF7DE}.Debug|Any CPU.Build.0 = Debug|Any CPU
		{49EAFED3-10E0-427D-9707-7043580DF7DE}.Debug|x64.ActiveCfg = Debug|Any CPU
		{49EAFED3-10E0-427D-9707-7043580DF7DE}.Debug|x64.Build.0 = Debug|Any CPU
		{49EAFED3-10E0-427D-9707-7043580DF7DE}.Debug|x86.ActiveCfg = Debug|Any CPU
		{49EAFED3-10E0-427D-9707-7043580DF7DE}.Debug|x86.Build.0 = Debug|Any CPU
		{49EAFED3-10E0-427D-9707-7043580DF7DE}.Release|Any CPU.ActiveCfg = Release|Any CPU
		{49EAFED3-10E0-427D-9707-7043580DF7DE}.Release|Any CPU.Build.0 = Release|Any CPU
		{49EAFED3-10E0-427D-9707-7043580DF7DE}.Release|x64.ActiveCfg = Release|Any CPU
		{49EAFED3-10E0-427D-9707-7043580DF7DE}.Release|x64.Build.0 = Release|Any CPU
		{49EAFED3-10E0-427D-9707-7043580DF7DE}.Release|x86.ActiveCfg = Release|Any CPU
		{49EAFED3-10E0-427D-9707-7043580DF7DE}.Release|x86.Build.0 = Release|Any CPU
		{49C9696C-C72E-44EB-B5DF-3A9081C9E0DE}.Debug|Any CPU.ActiveCfg = Debug|Any CPU
		{49C9696C-C72E-44EB-B5DF-3A9081C9E0DE}.Debug|Any CPU.Build.0 = Debug|Any CPU
		{49C9696C-C72E-44EB-B5DF-3A9081C9E0DE}.Debug|x64.ActiveCfg = Debug|Any CPU
		{49C9696C-C72E-44EB-B5DF-3A9081C9E0DE}.Debug|x64.Build.0 = Debug|Any CPU
		{49C9696C-C72E-44EB-B5DF-3A9081C9E0DE}.Debug|x86.ActiveCfg = Debug|Any CPU
		{49C9696C-C72E-44EB-B5DF-3A9081C9E0DE}.Debug|x86.Build.0 = Debug|Any CPU
		{49C9696C-C72E-44EB-B5DF-3A9081C9E0DE}.Release|Any CPU.ActiveCfg = Release|Any CPU
		{49C9696C-C72E-44EB-B5DF-3A9081C9E0DE}.Release|Any CPU.Build.0 = Release|Any CPU
		{49C9696C-C72E-44EB-B5DF-3A9081C9E0DE}.Release|x64.ActiveCfg = Release|Any CPU
		{49C9696C-C72E-44EB-B5DF-3A9081C9E0DE}.Release|x64.Build.0 = Release|Any CPU
		{49C9696C-C72E-44EB-B5DF-3A9081C9E0DE}.Release|x86.ActiveCfg = Release|Any CPU
		{49C9696C-C72E-44EB-B5DF-3A9081C9E0DE}.Release|x86.Build.0 = Release|Any CPU
		{51FF093D-ED36-479B-A4DF-E8E7760D2CB1}.Debug|Any CPU.ActiveCfg = Debug|Any CPU
		{51FF093D-ED36-479B-A4DF-E8E7760D2CB1}.Debug|Any CPU.Build.0 = Debug|Any CPU
		{51FF093D-ED36-479B-A4DF-E8E7760D2CB1}.Debug|x64.ActiveCfg = Debug|Any CPU
		{51FF093D-ED36-479B-A4DF-E8E7760D2CB1}.Debug|x64.Build.0 = Debug|Any CPU
		{51FF093D-ED36-479B-A4DF-E8E7760D2CB1}.Debug|x86.ActiveCfg = Debug|Any CPU
		{51FF093D-ED36-479B-A4DF-E8E7760D2CB1}.Debug|x86.Build.0 = Debug|Any CPU
		{51FF093D-ED36-479B-A4DF-E8E7760D2CB1}.Release|Any CPU.ActiveCfg = Release|Any CPU
		{51FF093D-ED36-479B-A4DF-E8E7760D2CB1}.Release|Any CPU.Build.0 = Release|Any CPU
		{51FF093D-ED36-479B-A4DF-E8E7760D2CB1}.Release|x64.ActiveCfg = Release|Any CPU
		{51FF093D-ED36-479B-A4DF-E8E7760D2CB1}.Release|x64.Build.0 = Release|Any CPU
		{51FF093D-ED36-479B-A4DF-E8E7760D2CB1}.Release|x86.ActiveCfg = Release|Any CPU
		{51FF093D-ED36-479B-A4DF-E8E7760D2CB1}.Release|x86.Build.0 = Release|Any CPU
		{5CA53BA1-C797-4938-B855-1261D1A0F29B}.Debug|Any CPU.ActiveCfg = Debug|Any CPU
		{5CA53BA1-C797-4938-B855-1261D1A0F29B}.Debug|Any CPU.Build.0 = Debug|Any CPU
		{5CA53BA1-C797-4938-B855-1261D1A0F29B}.Debug|x64.ActiveCfg = Debug|Any CPU
		{5CA53BA1-C797-4938-B855-1261D1A0F29B}.Debug|x64.Build.0 = Debug|Any CPU
		{5CA53BA1-C797-4938-B855-1261D1A0F29B}.Debug|x86.ActiveCfg = Debug|Any CPU
		{5CA53BA1-C797-4938-B855-1261D1A0F29B}.Debug|x86.Build.0 = Debug|Any CPU
		{5CA53BA1-C797-4938-B855-1261D1A0F29B}.Release|Any CPU.ActiveCfg = Release|Any CPU
		{5CA53BA1-C797-4938-B855-1261D1A0F29B}.Release|Any CPU.Build.0 = Release|Any CPU
		{5CA53BA1-C797-4938-B855-1261D1A0F29B}.Release|x64.ActiveCfg = Release|Any CPU
		{5CA53BA1-C797-4938-B855-1261D1A0F29B}.Release|x64.Build.0 = Release|Any CPU
		{5CA53BA1-C797-4938-B855-1261D1A0F29B}.Release|x86.ActiveCfg = Release|Any CPU
		{5CA53BA1-C797-4938-B855-1261D1A0F29B}.Release|x86.Build.0 = Release|Any CPU
		{A2112ECB-8986-4770-A775-DC735DBC4F54}.Debug|Any CPU.ActiveCfg = Debug|Any CPU
		{A2112ECB-8986-4770-A775-DC735DBC4F54}.Debug|Any CPU.Build.0 = Debug|Any CPU
		{A2112ECB-8986-4770-A775-DC735DBC4F54}.Debug|x64.ActiveCfg = Debug|Any CPU
		{A2112ECB-8986-4770-A775-DC735DBC4F54}.Debug|x64.Build.0 = Debug|Any CPU
		{A2112ECB-8986-4770-A775-DC735DBC4F54}.Debug|x86.ActiveCfg = Debug|Any CPU
		{A2112ECB-8986-4770-A775-DC735DBC4F54}.Debug|x86.Build.0 = Debug|Any CPU
		{A2112ECB-8986-4770-A775-DC735DBC4F54}.Release|Any CPU.ActiveCfg = Release|Any CPU
		{A2112ECB-8986-4770-A775-DC735DBC4F54}.Release|Any CPU.Build.0 = Release|Any CPU
		{A2112ECB-8986-4770-A775-DC735DBC4F54}.Release|x64.ActiveCfg = Release|Any CPU
		{A2112ECB-8986-4770-A775-DC735DBC4F54}.Release|x64.Build.0 = Release|Any CPU
		{A2112ECB-8986-4770-A775-DC735DBC4F54}.Release|x86.ActiveCfg = Release|Any CPU
		{A2112ECB-8986-4770-A775-DC735DBC4F54}.Release|x86.Build.0 = Release|Any CPU
		{D63E0C89-7430-4787-9186-FEFF344BFAA4}.Debug|Any CPU.ActiveCfg = Debug|Any CPU
		{D63E0C89-7430-4787-9186-FEFF344BFAA4}.Debug|Any CPU.Build.0 = Debug|Any CPU
		{D63E0C89-7430-4787-9186-FEFF344BFAA4}.Debug|x64.ActiveCfg = Debug|Any CPU
		{D63E0C89-7430-4787-9186-FEFF344BFAA4}.Debug|x64.Build.0 = Debug|Any CPU
		{D63E0C89-7430-4787-9186-FEFF344BFAA4}.Debug|x86.ActiveCfg = Debug|Any CPU
		{D63E0C89-7430-4787-9186-FEFF344BFAA4}.Debug|x86.Build.0 = Debug|Any CPU
		{D63E0C89-7430-4787-9186-FEFF344BFAA4}.Release|Any CPU.ActiveCfg = Release|Any CPU
		{D63E0C89-7430-4787-9186-FEFF344BFAA4}.Release|Any CPU.Build.0 = Release|Any CPU
		{D63E0C89-7430-4787-9186-FEFF344BFAA4}.Release|x64.ActiveCfg = Release|Any CPU
		{D63E0C89-7430-4787-9186-FEFF344BFAA4}.Release|x64.Build.0 = Release|Any CPU
		{D63E0C89-7430-4787-9186-FEFF344BFAA4}.Release|x86.ActiveCfg = Release|Any CPU
		{D63E0C89-7430-4787-9186-FEFF344BFAA4}.Release|x86.Build.0 = Release|Any CPU
		{D4D9D0D0-D7D4-4581-AC6D-18136C6F8252}.Debug|Any CPU.ActiveCfg = Debug|Any CPU
		{D4D9D0D0-D7D4-4581-AC6D-18136C6F8252}.Debug|Any CPU.Build.0 = Debug|Any CPU
		{D4D9D0D0-D7D4-4581-AC6D-18136C6F8252}.Debug|x64.ActiveCfg = Debug|Any CPU
		{D4D9D0D0-D7D4-4581-AC6D-18136C6F8252}.Debug|x64.Build.0 = Debug|Any CPU
		{D4D9D0D0-D7D4-4581-AC6D-18136C6F8252}.Debug|x86.ActiveCfg = Debug|Any CPU
		{D4D9D0D0-D7D4-4581-AC6D-18136C6F8252}.Debug|x86.Build.0 = Debug|Any CPU
		{D4D9D0D0-D7D4-4581-AC6D-18136C6F8252}.Release|Any CPU.ActiveCfg = Release|Any CPU
		{D4D9D0D0-D7D4-4581-AC6D-18136C6F8252}.Release|Any CPU.Build.0 = Release|Any CPU
		{D4D9D0D0-D7D4-4581-AC6D-18136C6F8252}.Release|x64.ActiveCfg = Release|Any CPU
		{D4D9D0D0-D7D4-4581-AC6D-18136C6F8252}.Release|x64.Build.0 = Release|Any CPU
		{D4D9D0D0-D7D4-4581-AC6D-18136C6F8252}.Release|x86.ActiveCfg = Release|Any CPU
		{D4D9D0D0-D7D4-4581-AC6D-18136C6F8252}.Release|x86.Build.0 = Release|Any CPU
		{B64D2A4C-1B61-4423-A894-3B36A3BB9D4F}.Debug|Any CPU.ActiveCfg = Debug|Any CPU
		{B64D2A4C-1B61-4423-A894-3B36A3BB9D4F}.Debug|Any CPU.Build.0 = Debug|Any CPU
		{B64D2A4C-1B61-4423-A894-3B36A3BB9D4F}.Debug|x64.ActiveCfg = Debug|Any CPU
		{B64D2A4C-1B61-4423-A894-3B36A3BB9D4F}.Debug|x64.Build.0 = Debug|Any CPU
		{B64D2A4C-1B61-4423-A894-3B36A3BB9D4F}.Debug|x86.ActiveCfg = Debug|Any CPU
		{B64D2A4C-1B61-4423-A894-3B36A3BB9D4F}.Debug|x86.Build.0 = Debug|Any CPU
		{B64D2A4C-1B61-4423-A894-3B36A3BB9D4F}.Release|Any CPU.ActiveCfg = Release|Any CPU
		{B64D2A4C-1B61-4423-A894-3B36A3BB9D4F}.Release|Any CPU.Build.0 = Release|Any CPU
		{B64D2A4C-1B61-4423-A894-3B36A3BB9D4F}.Release|x64.ActiveCfg = Release|Any CPU
		{B64D2A4C-1B61-4423-A894-3B36A3BB9D4F}.Release|x64.Build.0 = Release|Any CPU
		{B64D2A4C-1B61-4423-A894-3B36A3BB9D4F}.Release|x86.ActiveCfg = Release|Any CPU
		{B64D2A4C-1B61-4423-A894-3B36A3BB9D4F}.Release|x86.Build.0 = Release|Any CPU
		{2CF1A0EF-762A-4742-87CA-D458B22B0926}.Debug|Any CPU.ActiveCfg = Debug|Any CPU
		{2CF1A0EF-762A-4742-87CA-D458B22B0926}.Debug|Any CPU.Build.0 = Debug|Any CPU
		{2CF1A0EF-762A-4742-87CA-D458B22B0926}.Debug|x64.ActiveCfg = Debug|Any CPU
		{2CF1A0EF-762A-4742-87CA-D458B22B0926}.Debug|x64.Build.0 = Debug|Any CPU
		{2CF1A0EF-762A-4742-87CA-D458B22B0926}.Debug|x86.ActiveCfg = Debug|Any CPU
		{2CF1A0EF-762A-4742-87CA-D458B22B0926}.Debug|x86.Build.0 = Debug|Any CPU
		{2CF1A0EF-762A-4742-87CA-D458B22B0926}.Release|Any CPU.ActiveCfg = Release|Any CPU
		{2CF1A0EF-762A-4742-87CA-D458B22B0926}.Release|Any CPU.Build.0 = Release|Any CPU
		{2CF1A0EF-762A-4742-87CA-D458B22B0926}.Release|x64.ActiveCfg = Release|Any CPU
		{2CF1A0EF-762A-4742-87CA-D458B22B0926}.Release|x64.Build.0 = Release|Any CPU
		{2CF1A0EF-762A-4742-87CA-D458B22B0926}.Release|x86.ActiveCfg = Release|Any CPU
		{2CF1A0EF-762A-4742-87CA-D458B22B0926}.Release|x86.Build.0 = Release|Any CPU
		{22BE39EA-3F85-429B-B39B-2DC525E667A6}.Debug|Any CPU.ActiveCfg = Debug|Any CPU
		{22BE39EA-3F85-429B-B39B-2DC525E667A6}.Debug|Any CPU.Build.0 = Debug|Any CPU
		{22BE39EA-3F85-429B-B39B-2DC525E667A6}.Debug|x64.ActiveCfg = Debug|Any CPU
		{22BE39EA-3F85-429B-B39B-2DC525E667A6}.Debug|x64.Build.0 = Debug|Any CPU
		{22BE39EA-3F85-429B-B39B-2DC525E667A6}.Debug|x86.ActiveCfg = Debug|Any CPU
		{22BE39EA-3F85-429B-B39B-2DC525E667A6}.Debug|x86.Build.0 = Debug|Any CPU
		{22BE39EA-3F85-429B-B39B-2DC525E667A6}.Release|Any CPU.ActiveCfg = Release|Any CPU
		{22BE39EA-3F85-429B-B39B-2DC525E667A6}.Release|Any CPU.Build.0 = Release|Any CPU
		{22BE39EA-3F85-429B-B39B-2DC525E667A6}.Release|x64.ActiveCfg = Release|Any CPU
		{22BE39EA-3F85-429B-B39B-2DC525E667A6}.Release|x64.Build.0 = Release|Any CPU
		{22BE39EA-3F85-429B-B39B-2DC525E667A6}.Release|x86.ActiveCfg = Release|Any CPU
		{22BE39EA-3F85-429B-B39B-2DC525E667A6}.Release|x86.Build.0 = Release|Any CPU
		{40063875-A850-4B99-BC0D-3B36D5670CA3}.Debug|Any CPU.ActiveCfg = Debug|Any CPU
		{40063875-A850-4B99-BC0D-3B36D5670CA3}.Debug|Any CPU.Build.0 = Debug|Any CPU
		{40063875-A850-4B99-BC0D-3B36D5670CA3}.Debug|x64.ActiveCfg = Debug|Any CPU
		{40063875-A850-4B99-BC0D-3B36D5670CA3}.Debug|x64.Build.0 = Debug|Any CPU
		{40063875-A850-4B99-BC0D-3B36D5670CA3}.Debug|x86.ActiveCfg = Debug|Any CPU
		{40063875-A850-4B99-BC0D-3B36D5670CA3}.Debug|x86.Build.0 = Debug|Any CPU
		{40063875-A850-4B99-BC0D-3B36D5670CA3}.Release|Any CPU.ActiveCfg = Release|Any CPU
		{40063875-A850-4B99-BC0D-3B36D5670CA3}.Release|Any CPU.Build.0 = Release|Any CPU
		{40063875-A850-4B99-BC0D-3B36D5670CA3}.Release|x64.ActiveCfg = Release|Any CPU
		{40063875-A850-4B99-BC0D-3B36D5670CA3}.Release|x64.Build.0 = Release|Any CPU
		{40063875-A850-4B99-BC0D-3B36D5670CA3}.Release|x86.ActiveCfg = Release|Any CPU
		{40063875-A850-4B99-BC0D-3B36D5670CA3}.Release|x86.Build.0 = Release|Any CPU
		{D7ED2C44-76A5-4B45-9AEF-692A8151E191}.Debug|Any CPU.ActiveCfg = Debug|Any CPU
		{D7ED2C44-76A5-4B45-9AEF-692A8151E191}.Debug|Any CPU.Build.0 = Debug|Any CPU
		{D7ED2C44-76A5-4B45-9AEF-692A8151E191}.Debug|x64.ActiveCfg = Debug|Any CPU
		{D7ED2C44-76A5-4B45-9AEF-692A8151E191}.Debug|x64.Build.0 = Debug|Any CPU
		{D7ED2C44-76A5-4B45-9AEF-692A8151E191}.Debug|x86.ActiveCfg = Debug|Any CPU
		{D7ED2C44-76A5-4B45-9AEF-692A8151E191}.Debug|x86.Build.0 = Debug|Any CPU
		{D7ED2C44-76A5-4B45-9AEF-692A8151E191}.Release|Any CPU.ActiveCfg = Release|Any CPU
		{D7ED2C44-76A5-4B45-9AEF-692A8151E191}.Release|Any CPU.Build.0 = Release|Any CPU
		{D7ED2C44-76A5-4B45-9AEF-692A8151E191}.Release|x64.ActiveCfg = Release|Any CPU
		{D7ED2C44-76A5-4B45-9AEF-692A8151E191}.Release|x64.Build.0 = Release|Any CPU
		{D7ED2C44-76A5-4B45-9AEF-692A8151E191}.Release|x86.ActiveCfg = Release|Any CPU
		{D7ED2C44-76A5-4B45-9AEF-692A8151E191}.Release|x86.Build.0 = Release|Any CPU
		{608CF7F8-7D12-415B-B659-B6E95A19D359}.Debug|Any CPU.ActiveCfg = Debug|Any CPU
		{608CF7F8-7D12-415B-B659-B6E95A19D359}.Debug|Any CPU.Build.0 = Debug|Any CPU
		{608CF7F8-7D12-415B-B659-B6E95A19D359}.Debug|x64.ActiveCfg = Debug|Any CPU
		{608CF7F8-7D12-415B-B659-B6E95A19D359}.Debug|x64.Build.0 = Debug|Any CPU
		{608CF7F8-7D12-415B-B659-B6E95A19D359}.Debug|x86.ActiveCfg = Debug|Any CPU
		{608CF7F8-7D12-415B-B659-B6E95A19D359}.Debug|x86.Build.0 = Debug|Any CPU
		{608CF7F8-7D12-415B-B659-B6E95A19D359}.Release|Any CPU.ActiveCfg = Release|Any CPU
		{608CF7F8-7D12-415B-B659-B6E95A19D359}.Release|Any CPU.Build.0 = Release|Any CPU
		{608CF7F8-7D12-415B-B659-B6E95A19D359}.Release|x64.ActiveCfg = Release|Any CPU
		{608CF7F8-7D12-415B-B659-B6E95A19D359}.Release|x64.Build.0 = Release|Any CPU
		{608CF7F8-7D12-415B-B659-B6E95A19D359}.Release|x86.ActiveCfg = Release|Any CPU
		{608CF7F8-7D12-415B-B659-B6E95A19D359}.Release|x86.Build.0 = Release|Any CPU
		{966311CE-D2AD-4921-B052-D8F76684D827}.Debug|Any CPU.ActiveCfg = Debug|Any CPU
		{966311CE-D2AD-4921-B052-D8F76684D827}.Debug|Any CPU.Build.0 = Debug|Any CPU
		{966311CE-D2AD-4921-B052-D8F76684D827}.Debug|x64.ActiveCfg = Debug|Any CPU
		{966311CE-D2AD-4921-B052-D8F76684D827}.Debug|x64.Build.0 = Debug|Any CPU
		{966311CE-D2AD-4921-B052-D8F76684D827}.Debug|x86.ActiveCfg = Debug|Any CPU
		{966311CE-D2AD-4921-B052-D8F76684D827}.Debug|x86.Build.0 = Debug|Any CPU
		{966311CE-D2AD-4921-B052-D8F76684D827}.Release|Any CPU.ActiveCfg = Release|Any CPU
		{966311CE-D2AD-4921-B052-D8F76684D827}.Release|Any CPU.Build.0 = Release|Any CPU
		{966311CE-D2AD-4921-B052-D8F76684D827}.Release|x64.ActiveCfg = Release|Any CPU
		{966311CE-D2AD-4921-B052-D8F76684D827}.Release|x64.Build.0 = Release|Any CPU
		{966311CE-D2AD-4921-B052-D8F76684D827}.Release|x86.ActiveCfg = Release|Any CPU
		{966311CE-D2AD-4921-B052-D8F76684D827}.Release|x86.Build.0 = Release|Any CPU
		{1ED8F399-9038-47DF-B90A-55D4E66953C6}.Debug|Any CPU.ActiveCfg = Debug|Any CPU
		{1ED8F399-9038-47DF-B90A-55D4E66953C6}.Debug|Any CPU.Build.0 = Debug|Any CPU
		{1ED8F399-9038-47DF-B90A-55D4E66953C6}.Debug|x64.ActiveCfg = Debug|Any CPU
		{1ED8F399-9038-47DF-B90A-55D4E66953C6}.Debug|x64.Build.0 = Debug|Any CPU
		{1ED8F399-9038-47DF-B90A-55D4E66953C6}.Debug|x86.ActiveCfg = Debug|Any CPU
		{1ED8F399-9038-47DF-B90A-55D4E66953C6}.Debug|x86.Build.0 = Debug|Any CPU
		{1ED8F399-9038-47DF-B90A-55D4E66953C6}.Release|Any CPU.ActiveCfg = Release|Any CPU
		{1ED8F399-9038-47DF-B90A-55D4E66953C6}.Release|Any CPU.Build.0 = Release|Any CPU
		{1ED8F399-9038-47DF-B90A-55D4E66953C6}.Release|x64.ActiveCfg = Release|Any CPU
		{1ED8F399-9038-47DF-B90A-55D4E66953C6}.Release|x64.Build.0 = Release|Any CPU
		{1ED8F399-9038-47DF-B90A-55D4E66953C6}.Release|x86.ActiveCfg = Release|Any CPU
		{1ED8F399-9038-47DF-B90A-55D4E66953C6}.Release|x86.Build.0 = Release|Any CPU
		{D4548C37-9A40-4793-B1E8-D509413E8DCE}.Debug|Any CPU.ActiveCfg = Debug|Any CPU
		{D4548C37-9A40-4793-B1E8-D509413E8DCE}.Debug|Any CPU.Build.0 = Debug|Any CPU
		{D4548C37-9A40-4793-B1E8-D509413E8DCE}.Debug|x64.ActiveCfg = Debug|Any CPU
		{D4548C37-9A40-4793-B1E8-D509413E8DCE}.Debug|x64.Build.0 = Debug|Any CPU
		{D4548C37-9A40-4793-B1E8-D509413E8DCE}.Debug|x86.ActiveCfg = Debug|Any CPU
		{D4548C37-9A40-4793-B1E8-D509413E8DCE}.Debug|x86.Build.0 = Debug|Any CPU
		{D4548C37-9A40-4793-B1E8-D509413E8DCE}.Release|Any CPU.ActiveCfg = Release|Any CPU
		{D4548C37-9A40-4793-B1E8-D509413E8DCE}.Release|Any CPU.Build.0 = Release|Any CPU
		{D4548C37-9A40-4793-B1E8-D509413E8DCE}.Release|x64.ActiveCfg = Release|Any CPU
		{D4548C37-9A40-4793-B1E8-D509413E8DCE}.Release|x64.Build.0 = Release|Any CPU
		{D4548C37-9A40-4793-B1E8-D509413E8DCE}.Release|x86.ActiveCfg = Release|Any CPU
		{D4548C37-9A40-4793-B1E8-D509413E8DCE}.Release|x86.Build.0 = Release|Any CPU
		{37C611CD-7592-4960-BB58-CFA65AFCF267}.Debug|Any CPU.ActiveCfg = Debug|Any CPU
		{37C611CD-7592-4960-BB58-CFA65AFCF267}.Debug|Any CPU.Build.0 = Debug|Any CPU
		{37C611CD-7592-4960-BB58-CFA65AFCF267}.Debug|x64.ActiveCfg = Debug|Any CPU
		{37C611CD-7592-4960-BB58-CFA65AFCF267}.Debug|x64.Build.0 = Debug|Any CPU
		{37C611CD-7592-4960-BB58-CFA65AFCF267}.Debug|x86.ActiveCfg = Debug|Any CPU
		{37C611CD-7592-4960-BB58-CFA65AFCF267}.Debug|x86.Build.0 = Debug|Any CPU
		{37C611CD-7592-4960-BB58-CFA65AFCF267}.Release|Any CPU.ActiveCfg = Release|Any CPU
		{37C611CD-7592-4960-BB58-CFA65AFCF267}.Release|Any CPU.Build.0 = Release|Any CPU
		{37C611CD-7592-4960-BB58-CFA65AFCF267}.Release|x64.ActiveCfg = Release|Any CPU
		{37C611CD-7592-4960-BB58-CFA65AFCF267}.Release|x64.Build.0 = Release|Any CPU
		{37C611CD-7592-4960-BB58-CFA65AFCF267}.Release|x86.ActiveCfg = Release|Any CPU
		{37C611CD-7592-4960-BB58-CFA65AFCF267}.Release|x86.Build.0 = Release|Any CPU
		{D261F9CB-0E03-4F52-B209-51BEF8A503C8}.Debug|Any CPU.ActiveCfg = Debug|Any CPU
		{D261F9CB-0E03-4F52-B209-51BEF8A503C8}.Debug|Any CPU.Build.0 = Debug|Any CPU
		{D261F9CB-0E03-4F52-B209-51BEF8A503C8}.Debug|x64.ActiveCfg = Debug|Any CPU
		{D261F9CB-0E03-4F52-B209-51BEF8A503C8}.Debug|x64.Build.0 = Debug|Any CPU
		{D261F9CB-0E03-4F52-B209-51BEF8A503C8}.Debug|x86.ActiveCfg = Debug|Any CPU
		{D261F9CB-0E03-4F52-B209-51BEF8A503C8}.Debug|x86.Build.0 = Debug|Any CPU
		{D261F9CB-0E03-4F52-B209-51BEF8A503C8}.Release|Any CPU.ActiveCfg = Release|Any CPU
		{D261F9CB-0E03-4F52-B209-51BEF8A503C8}.Release|Any CPU.Build.0 = Release|Any CPU
		{D261F9CB-0E03-4F52-B209-51BEF8A503C8}.Release|x64.ActiveCfg = Release|Any CPU
		{D261F9CB-0E03-4F52-B209-51BEF8A503C8}.Release|x64.Build.0 = Release|Any CPU
		{D261F9CB-0E03-4F52-B209-51BEF8A503C8}.Release|x86.ActiveCfg = Release|Any CPU
		{D261F9CB-0E03-4F52-B209-51BEF8A503C8}.Release|x86.Build.0 = Release|Any CPU
		{99825EE1-F2D9-4A1F-8C09-9822BCEE48B8}.Debug|Any CPU.ActiveCfg = Debug|Any CPU
		{99825EE1-F2D9-4A1F-8C09-9822BCEE48B8}.Debug|Any CPU.Build.0 = Debug|Any CPU
		{99825EE1-F2D9-4A1F-8C09-9822BCEE48B8}.Debug|x64.ActiveCfg = Debug|Any CPU
		{99825EE1-F2D9-4A1F-8C09-9822BCEE48B8}.Debug|x64.Build.0 = Debug|Any CPU
		{99825EE1-F2D9-4A1F-8C09-9822BCEE48B8}.Debug|x86.ActiveCfg = Debug|Any CPU
		{99825EE1-F2D9-4A1F-8C09-9822BCEE48B8}.Debug|x86.Build.0 = Debug|Any CPU
		{99825EE1-F2D9-4A1F-8C09-9822BCEE48B8}.Release|Any CPU.ActiveCfg = Release|Any CPU
		{99825EE1-F2D9-4A1F-8C09-9822BCEE48B8}.Release|Any CPU.Build.0 = Release|Any CPU
		{99825EE1-F2D9-4A1F-8C09-9822BCEE48B8}.Release|x64.ActiveCfg = Release|Any CPU
		{99825EE1-F2D9-4A1F-8C09-9822BCEE48B8}.Release|x64.Build.0 = Release|Any CPU
		{99825EE1-F2D9-4A1F-8C09-9822BCEE48B8}.Release|x86.ActiveCfg = Release|Any CPU
		{99825EE1-F2D9-4A1F-8C09-9822BCEE48B8}.Release|x86.Build.0 = Release|Any CPU
		{B9C47917-7802-4E15-93C1-8DF08066F9A1}.Debug|Any CPU.ActiveCfg = Debug|Any CPU
		{B9C47917-7802-4E15-93C1-8DF08066F9A1}.Debug|Any CPU.Build.0 = Debug|Any CPU
		{B9C47917-7802-4E15-93C1-8DF08066F9A1}.Debug|x64.ActiveCfg = Debug|Any CPU
		{B9C47917-7802-4E15-93C1-8DF08066F9A1}.Debug|x64.Build.0 = Debug|Any CPU
		{B9C47917-7802-4E15-93C1-8DF08066F9A1}.Debug|x86.ActiveCfg = Debug|Any CPU
		{B9C47917-7802-4E15-93C1-8DF08066F9A1}.Debug|x86.Build.0 = Debug|Any CPU
		{B9C47917-7802-4E15-93C1-8DF08066F9A1}.Release|Any CPU.ActiveCfg = Release|Any CPU
		{B9C47917-7802-4E15-93C1-8DF08066F9A1}.Release|Any CPU.Build.0 = Release|Any CPU
		{B9C47917-7802-4E15-93C1-8DF08066F9A1}.Release|x64.ActiveCfg = Release|Any CPU
		{B9C47917-7802-4E15-93C1-8DF08066F9A1}.Release|x64.Build.0 = Release|Any CPU
		{B9C47917-7802-4E15-93C1-8DF08066F9A1}.Release|x86.ActiveCfg = Release|Any CPU
		{B9C47917-7802-4E15-93C1-8DF08066F9A1}.Release|x86.Build.0 = Release|Any CPU
		{49F0B821-F6E6-4CC4-822F-246949CD5BA3}.Debug|Any CPU.ActiveCfg = Debug|Any CPU
		{49F0B821-F6E6-4CC4-822F-246949CD5BA3}.Debug|Any CPU.Build.0 = Debug|Any CPU
		{49F0B821-F6E6-4CC4-822F-246949CD5BA3}.Debug|x64.ActiveCfg = Debug|Any CPU
		{49F0B821-F6E6-4CC4-822F-246949CD5BA3}.Debug|x64.Build.0 = Debug|Any CPU
		{49F0B821-F6E6-4CC4-822F-246949CD5BA3}.Debug|x86.ActiveCfg = Debug|Any CPU
		{49F0B821-F6E6-4CC4-822F-246949CD5BA3}.Debug|x86.Build.0 = Debug|Any CPU
		{49F0B821-F6E6-4CC4-822F-246949CD5BA3}.Release|Any CPU.ActiveCfg = Release|Any CPU
		{49F0B821-F6E6-4CC4-822F-246949CD5BA3}.Release|Any CPU.Build.0 = Release|Any CPU
		{49F0B821-F6E6-4CC4-822F-246949CD5BA3}.Release|x64.ActiveCfg = Release|Any CPU
		{49F0B821-F6E6-4CC4-822F-246949CD5BA3}.Release|x64.Build.0 = Release|Any CPU
		{49F0B821-F6E6-4CC4-822F-246949CD5BA3}.Release|x86.ActiveCfg = Release|Any CPU
		{49F0B821-F6E6-4CC4-822F-246949CD5BA3}.Release|x86.Build.0 = Release|Any CPU
		{42167069-6FE9-433D-87C1-9908FBA1A885}.Debug|Any CPU.ActiveCfg = Debug|Any CPU
		{42167069-6FE9-433D-87C1-9908FBA1A885}.Debug|Any CPU.Build.0 = Debug|Any CPU
		{42167069-6FE9-433D-87C1-9908FBA1A885}.Debug|x64.ActiveCfg = Debug|Any CPU
		{42167069-6FE9-433D-87C1-9908FBA1A885}.Debug|x64.Build.0 = Debug|Any CPU
		{42167069-6FE9-433D-87C1-9908FBA1A885}.Debug|x86.ActiveCfg = Debug|Any CPU
		{42167069-6FE9-433D-87C1-9908FBA1A885}.Debug|x86.Build.0 = Debug|Any CPU
		{42167069-6FE9-433D-87C1-9908FBA1A885}.Release|Any CPU.ActiveCfg = Release|Any CPU
		{42167069-6FE9-433D-87C1-9908FBA1A885}.Release|Any CPU.Build.0 = Release|Any CPU
		{42167069-6FE9-433D-87C1-9908FBA1A885}.Release|x64.ActiveCfg = Release|Any CPU
		{42167069-6FE9-433D-87C1-9908FBA1A885}.Release|x64.Build.0 = Release|Any CPU
		{42167069-6FE9-433D-87C1-9908FBA1A885}.Release|x86.ActiveCfg = Release|Any CPU
		{42167069-6FE9-433D-87C1-9908FBA1A885}.Release|x86.Build.0 = Release|Any CPU
		{0D4D404B-E1CB-4410-91C1-5F7E4A7FB73F}.Debug|Any CPU.ActiveCfg = Debug|Any CPU
		{0D4D404B-E1CB-4410-91C1-5F7E4A7FB73F}.Debug|Any CPU.Build.0 = Debug|Any CPU
		{0D4D404B-E1CB-4410-91C1-5F7E4A7FB73F}.Debug|x64.ActiveCfg = Debug|Any CPU
		{0D4D404B-E1CB-4410-91C1-5F7E4A7FB73F}.Debug|x64.Build.0 = Debug|Any CPU
		{0D4D404B-E1CB-4410-91C1-5F7E4A7FB73F}.Debug|x86.ActiveCfg = Debug|Any CPU
		{0D4D404B-E1CB-4410-91C1-5F7E4A7FB73F}.Debug|x86.Build.0 = Debug|Any CPU
		{0D4D404B-E1CB-4410-91C1-5F7E4A7FB73F}.Release|Any CPU.ActiveCfg = Release|Any CPU
		{0D4D404B-E1CB-4410-91C1-5F7E4A7FB73F}.Release|Any CPU.Build.0 = Release|Any CPU
		{0D4D404B-E1CB-4410-91C1-5F7E4A7FB73F}.Release|x64.ActiveCfg = Release|Any CPU
		{0D4D404B-E1CB-4410-91C1-5F7E4A7FB73F}.Release|x64.Build.0 = Release|Any CPU
		{0D4D404B-E1CB-4410-91C1-5F7E4A7FB73F}.Release|x86.ActiveCfg = Release|Any CPU
		{0D4D404B-E1CB-4410-91C1-5F7E4A7FB73F}.Release|x86.Build.0 = Release|Any CPU
		{7131101D-FDFF-413F-B125-8C0BB2EABB4C}.Debug|Any CPU.ActiveCfg = Debug|Any CPU
		{7131101D-FDFF-413F-B125-8C0BB2EABB4C}.Debug|Any CPU.Build.0 = Debug|Any CPU
		{7131101D-FDFF-413F-B125-8C0BB2EABB4C}.Debug|x64.ActiveCfg = Debug|Any CPU
		{7131101D-FDFF-413F-B125-8C0BB2EABB4C}.Debug|x64.Build.0 = Debug|Any CPU
		{7131101D-FDFF-413F-B125-8C0BB2EABB4C}.Debug|x86.ActiveCfg = Debug|Any CPU
		{7131101D-FDFF-413F-B125-8C0BB2EABB4C}.Debug|x86.Build.0 = Debug|Any CPU
		{7131101D-FDFF-413F-B125-8C0BB2EABB4C}.Release|Any CPU.ActiveCfg = Release|Any CPU
		{7131101D-FDFF-413F-B125-8C0BB2EABB4C}.Release|Any CPU.Build.0 = Release|Any CPU
		{7131101D-FDFF-413F-B125-8C0BB2EABB4C}.Release|x64.ActiveCfg = Release|Any CPU
		{7131101D-FDFF-413F-B125-8C0BB2EABB4C}.Release|x64.Build.0 = Release|Any CPU
		{7131101D-FDFF-413F-B125-8C0BB2EABB4C}.Release|x86.ActiveCfg = Release|Any CPU
		{7131101D-FDFF-413F-B125-8C0BB2EABB4C}.Release|x86.Build.0 = Release|Any CPU
		{31728AF5-F66C-42F5-93FD-6D946951163E}.Debug|Any CPU.ActiveCfg = Debug|Any CPU
		{31728AF5-F66C-42F5-93FD-6D946951163E}.Debug|Any CPU.Build.0 = Debug|Any CPU
		{31728AF5-F66C-42F5-93FD-6D946951163E}.Debug|x64.ActiveCfg = Debug|Any CPU
		{31728AF5-F66C-42F5-93FD-6D946951163E}.Debug|x64.Build.0 = Debug|Any CPU
		{31728AF5-F66C-42F5-93FD-6D946951163E}.Debug|x86.ActiveCfg = Debug|Any CPU
		{31728AF5-F66C-42F5-93FD-6D946951163E}.Debug|x86.Build.0 = Debug|Any CPU
		{31728AF5-F66C-42F5-93FD-6D946951163E}.Release|Any CPU.ActiveCfg = Release|Any CPU
		{31728AF5-F66C-42F5-93FD-6D946951163E}.Release|Any CPU.Build.0 = Release|Any CPU
		{31728AF5-F66C-42F5-93FD-6D946951163E}.Release|x64.ActiveCfg = Release|Any CPU
		{31728AF5-F66C-42F5-93FD-6D946951163E}.Release|x64.Build.0 = Release|Any CPU
		{31728AF5-F66C-42F5-93FD-6D946951163E}.Release|x86.ActiveCfg = Release|Any CPU
		{31728AF5-F66C-42F5-93FD-6D946951163E}.Release|x86.Build.0 = Release|Any CPU
		{03AF0FC2-4B34-4A7F-AB1A-372F98DB5388}.Debug|Any CPU.ActiveCfg = Debug|Any CPU
		{03AF0FC2-4B34-4A7F-AB1A-372F98DB5388}.Debug|Any CPU.Build.0 = Debug|Any CPU
		{03AF0FC2-4B34-4A7F-AB1A-372F98DB5388}.Debug|x64.ActiveCfg = Debug|Any CPU
		{03AF0FC2-4B34-4A7F-AB1A-372F98DB5388}.Debug|x64.Build.0 = Debug|Any CPU
		{03AF0FC2-4B34-4A7F-AB1A-372F98DB5388}.Debug|x86.ActiveCfg = Debug|Any CPU
		{03AF0FC2-4B34-4A7F-AB1A-372F98DB5388}.Debug|x86.Build.0 = Debug|Any CPU
		{03AF0FC2-4B34-4A7F-AB1A-372F98DB5388}.Release|Any CPU.ActiveCfg = Release|Any CPU
		{03AF0FC2-4B34-4A7F-AB1A-372F98DB5388}.Release|Any CPU.Build.0 = Release|Any CPU
		{03AF0FC2-4B34-4A7F-AB1A-372F98DB5388}.Release|x64.ActiveCfg = Release|Any CPU
		{03AF0FC2-4B34-4A7F-AB1A-372F98DB5388}.Release|x64.Build.0 = Release|Any CPU
		{03AF0FC2-4B34-4A7F-AB1A-372F98DB5388}.Release|x86.ActiveCfg = Release|Any CPU
		{03AF0FC2-4B34-4A7F-AB1A-372F98DB5388}.Release|x86.Build.0 = Release|Any CPU
		{F3818457-1866-4348-A879-8F7ED60D1D82}.Debug|Any CPU.ActiveCfg = Debug|Any CPU
		{F3818457-1866-4348-A879-8F7ED60D1D82}.Debug|Any CPU.Build.0 = Debug|Any CPU
		{F3818457-1866-4348-A879-8F7ED60D1D82}.Debug|x64.ActiveCfg = Debug|Any CPU
		{F3818457-1866-4348-A879-8F7ED60D1D82}.Debug|x64.Build.0 = Debug|Any CPU
		{F3818457-1866-4348-A879-8F7ED60D1D82}.Debug|x86.ActiveCfg = Debug|Any CPU
		{F3818457-1866-4348-A879-8F7ED60D1D82}.Debug|x86.Build.0 = Debug|Any CPU
		{F3818457-1866-4348-A879-8F7ED60D1D82}.Release|Any CPU.ActiveCfg = Release|Any CPU
		{F3818457-1866-4348-A879-8F7ED60D1D82}.Release|Any CPU.Build.0 = Release|Any CPU
		{F3818457-1866-4348-A879-8F7ED60D1D82}.Release|x64.ActiveCfg = Release|Any CPU
		{F3818457-1866-4348-A879-8F7ED60D1D82}.Release|x64.Build.0 = Release|Any CPU
		{F3818457-1866-4348-A879-8F7ED60D1D82}.Release|x86.ActiveCfg = Release|Any CPU
		{F3818457-1866-4348-A879-8F7ED60D1D82}.Release|x86.Build.0 = Release|Any CPU
		{9A94C60F-E92D-4D85-AC03-0C3BD3131863}.Debug|Any CPU.ActiveCfg = Debug|Any CPU
		{9A94C60F-E92D-4D85-AC03-0C3BD3131863}.Debug|Any CPU.Build.0 = Debug|Any CPU
		{9A94C60F-E92D-4D85-AC03-0C3BD3131863}.Debug|x64.ActiveCfg = Debug|Any CPU
		{9A94C60F-E92D-4D85-AC03-0C3BD3131863}.Debug|x64.Build.0 = Debug|Any CPU
		{9A94C60F-E92D-4D85-AC03-0C3BD3131863}.Debug|x86.ActiveCfg = Debug|Any CPU
		{9A94C60F-E92D-4D85-AC03-0C3BD3131863}.Debug|x86.Build.0 = Debug|Any CPU
		{9A94C60F-E92D-4D85-AC03-0C3BD3131863}.Release|Any CPU.ActiveCfg = Release|Any CPU
		{9A94C60F-E92D-4D85-AC03-0C3BD3131863}.Release|Any CPU.Build.0 = Release|Any CPU
		{9A94C60F-E92D-4D85-AC03-0C3BD3131863}.Release|x64.ActiveCfg = Release|Any CPU
		{9A94C60F-E92D-4D85-AC03-0C3BD3131863}.Release|x64.Build.0 = Release|Any CPU
		{9A94C60F-E92D-4D85-AC03-0C3BD3131863}.Release|x86.ActiveCfg = Release|Any CPU
		{9A94C60F-E92D-4D85-AC03-0C3BD3131863}.Release|x86.Build.0 = Release|Any CPU
		{0A002DF3-871B-43DA-B30B-2733CDDBC2AE}.Debug|Any CPU.ActiveCfg = Debug|Any CPU
		{0A002DF3-871B-43DA-B30B-2733CDDBC2AE}.Debug|Any CPU.Build.0 = Debug|Any CPU
		{0A002DF3-871B-43DA-B30B-2733CDDBC2AE}.Debug|x64.ActiveCfg = Debug|Any CPU
		{0A002DF3-871B-43DA-B30B-2733CDDBC2AE}.Debug|x64.Build.0 = Debug|Any CPU
		{0A002DF3-871B-43DA-B30B-2733CDDBC2AE}.Debug|x86.ActiveCfg = Debug|Any CPU
		{0A002DF3-871B-43DA-B30B-2733CDDBC2AE}.Debug|x86.Build.0 = Debug|Any CPU
		{0A002DF3-871B-43DA-B30B-2733CDDBC2AE}.Release|Any CPU.ActiveCfg = Release|Any CPU
		{0A002DF3-871B-43DA-B30B-2733CDDBC2AE}.Release|Any CPU.Build.0 = Release|Any CPU
		{0A002DF3-871B-43DA-B30B-2733CDDBC2AE}.Release|x64.ActiveCfg = Release|Any CPU
		{0A002DF3-871B-43DA-B30B-2733CDDBC2AE}.Release|x64.Build.0 = Release|Any CPU
		{0A002DF3-871B-43DA-B30B-2733CDDBC2AE}.Release|x86.ActiveCfg = Release|Any CPU
		{0A002DF3-871B-43DA-B30B-2733CDDBC2AE}.Release|x86.Build.0 = Release|Any CPU
		{788459EB-B354-4136-AB09-0164F700761D}.Debug|Any CPU.ActiveCfg = Debug|Any CPU
		{788459EB-B354-4136-AB09-0164F700761D}.Debug|Any CPU.Build.0 = Debug|Any CPU
		{788459EB-B354-4136-AB09-0164F700761D}.Debug|x64.ActiveCfg = Debug|Any CPU
		{788459EB-B354-4136-AB09-0164F700761D}.Debug|x64.Build.0 = Debug|Any CPU
		{788459EB-B354-4136-AB09-0164F700761D}.Debug|x86.ActiveCfg = Debug|Any CPU
		{788459EB-B354-4136-AB09-0164F700761D}.Debug|x86.Build.0 = Debug|Any CPU
		{788459EB-B354-4136-AB09-0164F700761D}.Release|Any CPU.ActiveCfg = Release|Any CPU
		{788459EB-B354-4136-AB09-0164F700761D}.Release|Any CPU.Build.0 = Release|Any CPU
		{788459EB-B354-4136-AB09-0164F700761D}.Release|x64.ActiveCfg = Release|Any CPU
		{788459EB-B354-4136-AB09-0164F700761D}.Release|x64.Build.0 = Release|Any CPU
		{788459EB-B354-4136-AB09-0164F700761D}.Release|x86.ActiveCfg = Release|Any CPU
		{788459EB-B354-4136-AB09-0164F700761D}.Release|x86.Build.0 = Release|Any CPU
		{F439FB9A-71D5-416C-B354-9F12489B9493}.Debug|Any CPU.ActiveCfg = Debug|Any CPU
		{F439FB9A-71D5-416C-B354-9F12489B9493}.Debug|Any CPU.Build.0 = Debug|Any CPU
		{F439FB9A-71D5-416C-B354-9F12489B9493}.Debug|x64.ActiveCfg = Debug|Any CPU
		{F439FB9A-71D5-416C-B354-9F12489B9493}.Debug|x64.Build.0 = Debug|Any CPU
		{F439FB9A-71D5-416C-B354-9F12489B9493}.Debug|x86.ActiveCfg = Debug|Any CPU
		{F439FB9A-71D5-416C-B354-9F12489B9493}.Debug|x86.Build.0 = Debug|Any CPU
		{F439FB9A-71D5-416C-B354-9F12489B9493}.Release|Any CPU.ActiveCfg = Release|Any CPU
		{F439FB9A-71D5-416C-B354-9F12489B9493}.Release|Any CPU.Build.0 = Release|Any CPU
		{F439FB9A-71D5-416C-B354-9F12489B9493}.Release|x64.ActiveCfg = Release|Any CPU
		{F439FB9A-71D5-416C-B354-9F12489B9493}.Release|x64.Build.0 = Release|Any CPU
		{F439FB9A-71D5-416C-B354-9F12489B9493}.Release|x86.ActiveCfg = Release|Any CPU
		{F439FB9A-71D5-416C-B354-9F12489B9493}.Release|x86.Build.0 = Release|Any CPU
		{DD0C6167-E525-4B25-A0DF-13EDD13D2FA0}.Debug|Any CPU.ActiveCfg = Debug|Any CPU
		{DD0C6167-E525-4B25-A0DF-13EDD13D2FA0}.Debug|Any CPU.Build.0 = Debug|Any CPU
		{DD0C6167-E525-4B25-A0DF-13EDD13D2FA0}.Debug|x64.ActiveCfg = Debug|Any CPU
		{DD0C6167-E525-4B25-A0DF-13EDD13D2FA0}.Debug|x64.Build.0 = Debug|Any CPU
		{DD0C6167-E525-4B25-A0DF-13EDD13D2FA0}.Debug|x86.ActiveCfg = Debug|Any CPU
		{DD0C6167-E525-4B25-A0DF-13EDD13D2FA0}.Debug|x86.Build.0 = Debug|Any CPU
		{DD0C6167-E525-4B25-A0DF-13EDD13D2FA0}.Release|Any CPU.ActiveCfg = Release|Any CPU
		{DD0C6167-E525-4B25-A0DF-13EDD13D2FA0}.Release|Any CPU.Build.0 = Release|Any CPU
		{DD0C6167-E525-4B25-A0DF-13EDD13D2FA0}.Release|x64.ActiveCfg = Release|Any CPU
		{DD0C6167-E525-4B25-A0DF-13EDD13D2FA0}.Release|x64.Build.0 = Release|Any CPU
		{DD0C6167-E525-4B25-A0DF-13EDD13D2FA0}.Release|x86.ActiveCfg = Release|Any CPU
		{DD0C6167-E525-4B25-A0DF-13EDD13D2FA0}.Release|x86.Build.0 = Release|Any CPU
		{8FBA0AD1-F626-4351-A181-4AEB14D25DB1}.Debug|Any CPU.ActiveCfg = Debug|Any CPU
		{8FBA0AD1-F626-4351-A181-4AEB14D25DB1}.Debug|Any CPU.Build.0 = Debug|Any CPU
		{8FBA0AD1-F626-4351-A181-4AEB14D25DB1}.Debug|x64.ActiveCfg = Debug|Any CPU
		{8FBA0AD1-F626-4351-A181-4AEB14D25DB1}.Debug|x64.Build.0 = Debug|Any CPU
		{8FBA0AD1-F626-4351-A181-4AEB14D25DB1}.Debug|x86.ActiveCfg = Debug|Any CPU
		{8FBA0AD1-F626-4351-A181-4AEB14D25DB1}.Debug|x86.Build.0 = Debug|Any CPU
		{8FBA0AD1-F626-4351-A181-4AEB14D25DB1}.Release|Any CPU.ActiveCfg = Release|Any CPU
		{8FBA0AD1-F626-4351-A181-4AEB14D25DB1}.Release|Any CPU.Build.0 = Release|Any CPU
		{8FBA0AD1-F626-4351-A181-4AEB14D25DB1}.Release|x64.ActiveCfg = Release|Any CPU
		{8FBA0AD1-F626-4351-A181-4AEB14D25DB1}.Release|x64.Build.0 = Release|Any CPU
		{8FBA0AD1-F626-4351-A181-4AEB14D25DB1}.Release|x86.ActiveCfg = Release|Any CPU
		{8FBA0AD1-F626-4351-A181-4AEB14D25DB1}.Release|x86.Build.0 = Release|Any CPU
		{5D1A1379-5A6C-4B60-B486-4E39CD5E8476}.Debug|Any CPU.ActiveCfg = Debug|Any CPU
		{5D1A1379-5A6C-4B60-B486-4E39CD5E8476}.Debug|Any CPU.Build.0 = Debug|Any CPU
		{5D1A1379-5A6C-4B60-B486-4E39CD5E8476}.Debug|x64.ActiveCfg = Debug|Any CPU
		{5D1A1379-5A6C-4B60-B486-4E39CD5E8476}.Debug|x64.Build.0 = Debug|Any CPU
		{5D1A1379-5A6C-4B60-B486-4E39CD5E8476}.Debug|x86.ActiveCfg = Debug|Any CPU
		{5D1A1379-5A6C-4B60-B486-4E39CD5E8476}.Debug|x86.Build.0 = Debug|Any CPU
		{5D1A1379-5A6C-4B60-B486-4E39CD5E8476}.Release|Any CPU.ActiveCfg = Release|Any CPU
		{5D1A1379-5A6C-4B60-B486-4E39CD5E8476}.Release|Any CPU.Build.0 = Release|Any CPU
		{5D1A1379-5A6C-4B60-B486-4E39CD5E8476}.Release|x64.ActiveCfg = Release|Any CPU
		{5D1A1379-5A6C-4B60-B486-4E39CD5E8476}.Release|x64.Build.0 = Release|Any CPU
		{5D1A1379-5A6C-4B60-B486-4E39CD5E8476}.Release|x86.ActiveCfg = Release|Any CPU
		{5D1A1379-5A6C-4B60-B486-4E39CD5E8476}.Release|x86.Build.0 = Release|Any CPU
		{55819356-7706-40D7-BA9C-1FB1BDEF27DC}.Debug|Any CPU.ActiveCfg = Debug|Any CPU
		{55819356-7706-40D7-BA9C-1FB1BDEF27DC}.Debug|Any CPU.Build.0 = Debug|Any CPU
		{55819356-7706-40D7-BA9C-1FB1BDEF27DC}.Debug|x64.ActiveCfg = Debug|Any CPU
		{55819356-7706-40D7-BA9C-1FB1BDEF27DC}.Debug|x64.Build.0 = Debug|Any CPU
		{55819356-7706-40D7-BA9C-1FB1BDEF27DC}.Debug|x86.ActiveCfg = Debug|Any CPU
		{55819356-7706-40D7-BA9C-1FB1BDEF27DC}.Debug|x86.Build.0 = Debug|Any CPU
		{55819356-7706-40D7-BA9C-1FB1BDEF27DC}.Release|Any CPU.ActiveCfg = Release|Any CPU
		{55819356-7706-40D7-BA9C-1FB1BDEF27DC}.Release|Any CPU.Build.0 = Release|Any CPU
		{55819356-7706-40D7-BA9C-1FB1BDEF27DC}.Release|x64.ActiveCfg = Release|Any CPU
		{55819356-7706-40D7-BA9C-1FB1BDEF27DC}.Release|x64.Build.0 = Release|Any CPU
		{55819356-7706-40D7-BA9C-1FB1BDEF27DC}.Release|x86.ActiveCfg = Release|Any CPU
		{55819356-7706-40D7-BA9C-1FB1BDEF27DC}.Release|x86.Build.0 = Release|Any CPU
		{AFC2833C-B2F8-416C-B2F8-55BCC391121A}.Debug|Any CPU.ActiveCfg = Debug|Any CPU
		{AFC2833C-B2F8-416C-B2F8-55BCC391121A}.Debug|Any CPU.Build.0 = Debug|Any CPU
		{AFC2833C-B2F8-416C-B2F8-55BCC391121A}.Debug|x64.ActiveCfg = Debug|Any CPU
		{AFC2833C-B2F8-416C-B2F8-55BCC391121A}.Debug|x64.Build.0 = Debug|Any CPU
		{AFC2833C-B2F8-416C-B2F8-55BCC391121A}.Debug|x86.ActiveCfg = Debug|Any CPU
		{AFC2833C-B2F8-416C-B2F8-55BCC391121A}.Debug|x86.Build.0 = Debug|Any CPU
		{AFC2833C-B2F8-416C-B2F8-55BCC391121A}.Release|Any CPU.ActiveCfg = Release|Any CPU
		{AFC2833C-B2F8-416C-B2F8-55BCC391121A}.Release|Any CPU.Build.0 = Release|Any CPU
		{AFC2833C-B2F8-416C-B2F8-55BCC391121A}.Release|x64.ActiveCfg = Release|Any CPU
		{AFC2833C-B2F8-416C-B2F8-55BCC391121A}.Release|x64.Build.0 = Release|Any CPU
		{AFC2833C-B2F8-416C-B2F8-55BCC391121A}.Release|x86.ActiveCfg = Release|Any CPU
		{AFC2833C-B2F8-416C-B2F8-55BCC391121A}.Release|x86.Build.0 = Release|Any CPU
		{D5AF364C-5D9D-43E1-B2D3-B4DFA51720A6}.Debug|Any CPU.ActiveCfg = Debug|Any CPU
		{D5AF364C-5D9D-43E1-B2D3-B4DFA51720A6}.Debug|Any CPU.Build.0 = Debug|Any CPU
		{D5AF364C-5D9D-43E1-B2D3-B4DFA51720A6}.Debug|x64.ActiveCfg = Debug|Any CPU
		{D5AF364C-5D9D-43E1-B2D3-B4DFA51720A6}.Debug|x64.Build.0 = Debug|Any CPU
		{D5AF364C-5D9D-43E1-B2D3-B4DFA51720A6}.Debug|x86.ActiveCfg = Debug|Any CPU
		{D5AF364C-5D9D-43E1-B2D3-B4DFA51720A6}.Debug|x86.Build.0 = Debug|Any CPU
		{D5AF364C-5D9D-43E1-B2D3-B4DFA51720A6}.Release|Any CPU.ActiveCfg = Release|Any CPU
		{D5AF364C-5D9D-43E1-B2D3-B4DFA51720A6}.Release|Any CPU.Build.0 = Release|Any CPU
		{D5AF364C-5D9D-43E1-B2D3-B4DFA51720A6}.Release|x64.ActiveCfg = Release|Any CPU
		{D5AF364C-5D9D-43E1-B2D3-B4DFA51720A6}.Release|x64.Build.0 = Release|Any CPU
		{D5AF364C-5D9D-43E1-B2D3-B4DFA51720A6}.Release|x86.ActiveCfg = Release|Any CPU
		{D5AF364C-5D9D-43E1-B2D3-B4DFA51720A6}.Release|x86.Build.0 = Release|Any CPU
		{8E00DED4-68F7-4B74-9B52-72D51178C100}.Debug|Any CPU.ActiveCfg = Debug|Any CPU
		{8E00DED4-68F7-4B74-9B52-72D51178C100}.Debug|Any CPU.Build.0 = Debug|Any CPU
		{8E00DED4-68F7-4B74-9B52-72D51178C100}.Debug|x64.ActiveCfg = Debug|Any CPU
		{8E00DED4-68F7-4B74-9B52-72D51178C100}.Debug|x64.Build.0 = Debug|Any CPU
		{8E00DED4-68F7-4B74-9B52-72D51178C100}.Debug|x86.ActiveCfg = Debug|Any CPU
		{8E00DED4-68F7-4B74-9B52-72D51178C100}.Debug|x86.Build.0 = Debug|Any CPU
		{8E00DED4-68F7-4B74-9B52-72D51178C100}.Release|Any CPU.ActiveCfg = Release|Any CPU
		{8E00DED4-68F7-4B74-9B52-72D51178C100}.Release|Any CPU.Build.0 = Release|Any CPU
		{8E00DED4-68F7-4B74-9B52-72D51178C100}.Release|x64.ActiveCfg = Release|Any CPU
		{8E00DED4-68F7-4B74-9B52-72D51178C100}.Release|x64.Build.0 = Release|Any CPU
		{8E00DED4-68F7-4B74-9B52-72D51178C100}.Release|x86.ActiveCfg = Release|Any CPU
		{8E00DED4-68F7-4B74-9B52-72D51178C100}.Release|x86.Build.0 = Release|Any CPU
		{3CF469EA-28EF-41AE-B3A7-7C210F208A4C}.Debug|Any CPU.ActiveCfg = Debug|Any CPU
		{3CF469EA-28EF-41AE-B3A7-7C210F208A4C}.Debug|Any CPU.Build.0 = Debug|Any CPU
		{3CF469EA-28EF-41AE-B3A7-7C210F208A4C}.Debug|x64.ActiveCfg = Debug|Any CPU
		{3CF469EA-28EF-41AE-B3A7-7C210F208A4C}.Debug|x64.Build.0 = Debug|Any CPU
		{3CF469EA-28EF-41AE-B3A7-7C210F208A4C}.Debug|x86.ActiveCfg = Debug|Any CPU
		{3CF469EA-28EF-41AE-B3A7-7C210F208A4C}.Debug|x86.Build.0 = Debug|Any CPU
		{3CF469EA-28EF-41AE-B3A7-7C210F208A4C}.Release|Any CPU.ActiveCfg = Release|Any CPU
		{3CF469EA-28EF-41AE-B3A7-7C210F208A4C}.Release|Any CPU.Build.0 = Release|Any CPU
		{3CF469EA-28EF-41AE-B3A7-7C210F208A4C}.Release|x64.ActiveCfg = Release|Any CPU
		{3CF469EA-28EF-41AE-B3A7-7C210F208A4C}.Release|x64.Build.0 = Release|Any CPU
		{3CF469EA-28EF-41AE-B3A7-7C210F208A4C}.Release|x86.ActiveCfg = Release|Any CPU
		{3CF469EA-28EF-41AE-B3A7-7C210F208A4C}.Release|x86.Build.0 = Release|Any CPU
		{A8948CD9-2F67-4238-97C8-3A94500BB73F}.Debug|Any CPU.ActiveCfg = Debug|Any CPU
		{A8948CD9-2F67-4238-97C8-3A94500BB73F}.Debug|Any CPU.Build.0 = Debug|Any CPU
		{A8948CD9-2F67-4238-97C8-3A94500BB73F}.Debug|x64.ActiveCfg = Debug|Any CPU
		{A8948CD9-2F67-4238-97C8-3A94500BB73F}.Debug|x64.Build.0 = Debug|Any CPU
		{A8948CD9-2F67-4238-97C8-3A94500BB73F}.Debug|x86.ActiveCfg = Debug|Any CPU
		{A8948CD9-2F67-4238-97C8-3A94500BB73F}.Debug|x86.Build.0 = Debug|Any CPU
		{A8948CD9-2F67-4238-97C8-3A94500BB73F}.Release|Any CPU.ActiveCfg = Release|Any CPU
		{A8948CD9-2F67-4238-97C8-3A94500BB73F}.Release|Any CPU.Build.0 = Release|Any CPU
		{A8948CD9-2F67-4238-97C8-3A94500BB73F}.Release|x64.ActiveCfg = Release|Any CPU
		{A8948CD9-2F67-4238-97C8-3A94500BB73F}.Release|x64.Build.0 = Release|Any CPU
		{A8948CD9-2F67-4238-97C8-3A94500BB73F}.Release|x86.ActiveCfg = Release|Any CPU
		{A8948CD9-2F67-4238-97C8-3A94500BB73F}.Release|x86.Build.0 = Release|Any CPU
		{31379DEE-D3BE-4C82-9C10-B857C14E1496}.Debug|Any CPU.ActiveCfg = Debug|Any CPU
		{31379DEE-D3BE-4C82-9C10-B857C14E1496}.Debug|Any CPU.Build.0 = Debug|Any CPU
		{31379DEE-D3BE-4C82-9C10-B857C14E1496}.Debug|x64.ActiveCfg = Debug|Any CPU
		{31379DEE-D3BE-4C82-9C10-B857C14E1496}.Debug|x64.Build.0 = Debug|Any CPU
		{31379DEE-D3BE-4C82-9C10-B857C14E1496}.Debug|x86.ActiveCfg = Debug|Any CPU
		{31379DEE-D3BE-4C82-9C10-B857C14E1496}.Debug|x86.Build.0 = Debug|Any CPU
		{31379DEE-D3BE-4C82-9C10-B857C14E1496}.Release|Any CPU.ActiveCfg = Release|Any CPU
		{31379DEE-D3BE-4C82-9C10-B857C14E1496}.Release|Any CPU.Build.0 = Release|Any CPU
		{31379DEE-D3BE-4C82-9C10-B857C14E1496}.Release|x64.ActiveCfg = Release|Any CPU
		{31379DEE-D3BE-4C82-9C10-B857C14E1496}.Release|x64.Build.0 = Release|Any CPU
		{31379DEE-D3BE-4C82-9C10-B857C14E1496}.Release|x86.ActiveCfg = Release|Any CPU
		{31379DEE-D3BE-4C82-9C10-B857C14E1496}.Release|x86.Build.0 = Release|Any CPU
		{0B092880-86C8-437C-9F17-2150EA2BD2E8}.Debug|Any CPU.ActiveCfg = Debug|Any CPU
		{0B092880-86C8-437C-9F17-2150EA2BD2E8}.Debug|Any CPU.Build.0 = Debug|Any CPU
		{0B092880-86C8-437C-9F17-2150EA2BD2E8}.Debug|x64.ActiveCfg = Debug|Any CPU
		{0B092880-86C8-437C-9F17-2150EA2BD2E8}.Debug|x64.Build.0 = Debug|Any CPU
		{0B092880-86C8-437C-9F17-2150EA2BD2E8}.Debug|x86.ActiveCfg = Debug|Any CPU
		{0B092880-86C8-437C-9F17-2150EA2BD2E8}.Debug|x86.Build.0 = Debug|Any CPU
		{0B092880-86C8-437C-9F17-2150EA2BD2E8}.Release|Any CPU.ActiveCfg = Release|Any CPU
		{0B092880-86C8-437C-9F17-2150EA2BD2E8}.Release|Any CPU.Build.0 = Release|Any CPU
		{0B092880-86C8-437C-9F17-2150EA2BD2E8}.Release|x64.ActiveCfg = Release|Any CPU
		{0B092880-86C8-437C-9F17-2150EA2BD2E8}.Release|x64.Build.0 = Release|Any CPU
		{0B092880-86C8-437C-9F17-2150EA2BD2E8}.Release|x86.ActiveCfg = Release|Any CPU
		{0B092880-86C8-437C-9F17-2150EA2BD2E8}.Release|x86.Build.0 = Release|Any CPU
		{484AEE80-6D16-40E9-9AD8-22681C6E85D0}.Debug|Any CPU.ActiveCfg = Debug|Any CPU
		{484AEE80-6D16-40E9-9AD8-22681C6E85D0}.Debug|Any CPU.Build.0 = Debug|Any CPU
		{484AEE80-6D16-40E9-9AD8-22681C6E85D0}.Debug|x64.ActiveCfg = Debug|Any CPU
		{484AEE80-6D16-40E9-9AD8-22681C6E85D0}.Debug|x64.Build.0 = Debug|Any CPU
		{484AEE80-6D16-40E9-9AD8-22681C6E85D0}.Debug|x86.ActiveCfg = Debug|Any CPU
		{484AEE80-6D16-40E9-9AD8-22681C6E85D0}.Debug|x86.Build.0 = Debug|Any CPU
		{484AEE80-6D16-40E9-9AD8-22681C6E85D0}.Release|Any CPU.ActiveCfg = Release|Any CPU
		{484AEE80-6D16-40E9-9AD8-22681C6E85D0}.Release|Any CPU.Build.0 = Release|Any CPU
		{484AEE80-6D16-40E9-9AD8-22681C6E85D0}.Release|x64.ActiveCfg = Release|Any CPU
		{484AEE80-6D16-40E9-9AD8-22681C6E85D0}.Release|x64.Build.0 = Release|Any CPU
		{484AEE80-6D16-40E9-9AD8-22681C6E85D0}.Release|x86.ActiveCfg = Release|Any CPU
		{484AEE80-6D16-40E9-9AD8-22681C6E85D0}.Release|x86.Build.0 = Release|Any CPU
		{7EA8E075-F3F4-4289-94CB-333F995811D8}.Debug|Any CPU.ActiveCfg = Debug|Any CPU
		{7EA8E075-F3F4-4289-94CB-333F995811D8}.Debug|Any CPU.Build.0 = Debug|Any CPU
		{7EA8E075-F3F4-4289-94CB-333F995811D8}.Debug|x64.ActiveCfg = Debug|Any CPU
		{7EA8E075-F3F4-4289-94CB-333F995811D8}.Debug|x64.Build.0 = Debug|Any CPU
		{7EA8E075-F3F4-4289-94CB-333F995811D8}.Debug|x86.ActiveCfg = Debug|Any CPU
		{7EA8E075-F3F4-4289-94CB-333F995811D8}.Debug|x86.Build.0 = Debug|Any CPU
		{7EA8E075-F3F4-4289-94CB-333F995811D8}.Release|Any CPU.ActiveCfg = Release|Any CPU
		{7EA8E075-F3F4-4289-94CB-333F995811D8}.Release|Any CPU.Build.0 = Release|Any CPU
		{7EA8E075-F3F4-4289-94CB-333F995811D8}.Release|x64.ActiveCfg = Release|Any CPU
		{7EA8E075-F3F4-4289-94CB-333F995811D8}.Release|x64.Build.0 = Release|Any CPU
		{7EA8E075-F3F4-4289-94CB-333F995811D8}.Release|x86.ActiveCfg = Release|Any CPU
		{7EA8E075-F3F4-4289-94CB-333F995811D8}.Release|x86.Build.0 = Release|Any CPU
	EndGlobalSection
	GlobalSection(SolutionProperties) = preSolution
		HideSolutionNode = FALSE
	EndGlobalSection
	GlobalSection(NestedProjects) = preSolution
		{083CFCD9-978A-470F-B380-44D265E82E5F} = {8989E741-733E-C9C6-459A-3EC509CDE629}
		{3B900E9E-E0BC-427C-BDD5-C0F28607A048} = {8989E741-733E-C9C6-459A-3EC509CDE629}
		{5823F889-7B36-4B88-9298-454D91265E65} = {10B6A767-8E86-BD9F-5D68-46E0C1492899}
		{C886FFC0-8FB4-4177-A4DD-BD399CD82A45} = {10B6A767-8E86-BD9F-5D68-46E0C1492899}
		{6A009F6E-8F6D-4F39-8FD2-27D10D38506E} = {459787D6-BF24-2FD1-5460-F970E286125C}
		{4DDE227D-B24F-4A2C-8658-41D9169F0C95} = {459787D6-BF24-2FD1-5460-F970E286125C}
		{9BC0D9D2-49F0-4284-9A4E-5946F718000C} = {B42D4FE8-F4F1-EC62-3AB2-8E846A9DAAC3}
		{231660C0-1006-4B02-9E2C-E98178487866} = {B42D4FE8-F4F1-EC62-3AB2-8E846A9DAAC3}
		{CE2BD984-71F9-4BC8-B009-6C64557FF8D0} = {AB097B6F-6C73-AF0E-FDE8-76982D96BB21}
		{989447B0-8435-4275-9F88-BA744CD91B87} = {AB097B6F-6C73-AF0E-FDE8-76982D96BB21}
		{A5DD9DC1-6795-4005-B54A-43BDE2D8CB92} = {C3BB07C2-6DE7-04B9-EA9C-C23E65764C3C}
		{8118CE61-DB39-4FB4-87BC-528CFA5E5021} = {C3BB07C2-6DE7-04B9-EA9C-C23E65764C3C}
		{5BFD56BB-9DCA-41F5-AEFE-88A3E282963D} = {0565FB32-9D6E-2096-2015-E8BC84037307}
		{51C0E3DA-851B-4DD8-9FEB-6DA3AEF35CE3} = {0565FB32-9D6E-2096-2015-E8BC84037307}
		{8A2F2623-9498-408D-97C7-9597ACA7E06C} = {9934FE27-CCD2-9CE6-F721-24C817CE2CCB}
		{AF586AA1-9440-428C-99FA-A370E7CA12D9} = {9934FE27-CCD2-9CE6-F721-24C817CE2CCB}
		{77C4523C-4B21-4D5F-8F14-F25841288437} = {9934FE27-CCD2-9CE6-F721-24C817CE2CCB}
		{1A43E012-F252-499C-9354-A3C03A02F988} = {9934FE27-CCD2-9CE6-F721-24C817CE2CCB}
		{9934FE27-CCD2-9CE6-F721-24C817CE2CCB} = {0565FB32-9D6E-2096-2015-E8BC84037307}
		{1505B24E-4BE2-4022-9A54-735E0D4F54A1} = {B867F240-BA95-385F-A5B4-D66BC670D3B7}
		{02DC9431-DAD9-4652-9638-383881253A4E} = {1505B24E-4BE2-4022-9A54-735E0D4F54A1}
		{B0982546-FEAE-4792-97B0-863D7921EDE9} = {1505B24E-4BE2-4022-9A54-735E0D4F54A1}
		{17216258-109B-4978-BA4D-D41FF42E4362} = {1505B24E-4BE2-4022-9A54-735E0D4F54A1}
		{74F7662E-2F85-4F2F-9AE9-D42ECCB61B37} = {1505B24E-4BE2-4022-9A54-735E0D4F54A1}
		{2E1D0C69-BAC8-43E0-9565-2711D14A7736} = {B867F240-BA95-385F-A5B4-D66BC670D3B7}
		{1129B4EC-84D0-4EC7-88C8-F80AED86E05F} = {B867F240-BA95-385F-A5B4-D66BC670D3B7}
		{1B0C683E-0F99-487D-990F-88A63BB32B19} = {AB097B6F-6C73-AF0E-FDE8-76982D96BB21}
		{380B6CBA-034F-49EF-A3FB-0253448E54F2} = {0565FB32-9D6E-2096-2015-E8BC84037307}
		{406F32EF-AA3B-49F2-BBE8-3DAC0FD31DDF} = {380B6CBA-034F-49EF-A3FB-0253448E54F2}
		{58CA7B38-2ADE-4B8C-8EBF-843411CA9B4A} = {380B6CBA-034F-49EF-A3FB-0253448E54F2}
		{49EAFED3-10E0-427D-9707-7043580DF7DE} = {380B6CBA-034F-49EF-A3FB-0253448E54F2}
		{49C9696C-C72E-44EB-B5DF-3A9081C9E0DE} = {380B6CBA-034F-49EF-A3FB-0253448E54F2}
		{51FF093D-ED36-479B-A4DF-E8E7760D2CB1} = {2D3A7E20-EB85-7CCF-76BE-4204B27CC8AF}
		{5CA53BA1-C797-4938-B855-1261D1A0F29B} = {2D3A7E20-EB85-7CCF-76BE-4204B27CC8AF}
		{A2112ECB-8986-4770-A775-DC735DBC4F54} = {2D3A7E20-EB85-7CCF-76BE-4204B27CC8AF}
		{D63E0C89-7430-4787-9186-FEFF344BFAA4} = {2D3A7E20-EB85-7CCF-76BE-4204B27CC8AF}
		{D4D9D0D0-D7D4-4581-AC6D-18136C6F8252} = {2D3A7E20-EB85-7CCF-76BE-4204B27CC8AF}
		{B64D2A4C-1B61-4423-A894-3B36A3BB9D4F} = {2D3A7E20-EB85-7CCF-76BE-4204B27CC8AF}
		{2CF1A0EF-762A-4742-87CA-D458B22B0926} = {E6B664B1-77DF-4325-DBDF-D35702D036C9}
		{22BE39EA-3F85-429B-B39B-2DC525E667A6} = {E6B664B1-77DF-4325-DBDF-D35702D036C9}
		{40063875-A850-4B99-BC0D-3B36D5670CA3} = {E6B664B1-77DF-4325-DBDF-D35702D036C9}
		{D7ED2C44-76A5-4B45-9AEF-692A8151E191} = {E6B664B1-77DF-4325-DBDF-D35702D036C9}
		{608CF7F8-7D12-415B-B659-B6E95A19D359} = {E6B664B1-77DF-4325-DBDF-D35702D036C9}
		{966311CE-D2AD-4921-B052-D8F76684D827} = {E6B664B1-77DF-4325-DBDF-D35702D036C9}
		{1ED8F399-9038-47DF-B90A-55D4E66953C6} = {CEE9AB03-354E-B25E-DCF3-A51FDB9062B4}
		{D4548C37-9A40-4793-B1E8-D509413E8DCE} = {CEE9AB03-354E-B25E-DCF3-A51FDB9062B4}
		{37C611CD-7592-4960-BB58-CFA65AFCF267} = {CEE9AB03-354E-B25E-DCF3-A51FDB9062B4}
		{D261F9CB-0E03-4F52-B209-51BEF8A503C8} = {CEE9AB03-354E-B25E-DCF3-A51FDB9062B4}
		{99825EE1-F2D9-4A1F-8C09-9822BCEE48B8} = {CEE9AB03-354E-B25E-DCF3-A51FDB9062B4}
		{B9C47917-7802-4E15-93C1-8DF08066F9A1} = {CEE9AB03-354E-B25E-DCF3-A51FDB9062B4}
		{49F0B821-F6E6-4CC4-822F-246949CD5BA3} = {C9B2E8DD-AC4D-D293-8FB5-F458706111A9}
		{42167069-6FE9-433D-87C1-9908FBA1A885} = {C9B2E8DD-AC4D-D293-8FB5-F458706111A9}
		{0D4D404B-E1CB-4410-91C1-5F7E4A7FB73F} = {C9B2E8DD-AC4D-D293-8FB5-F458706111A9}
		{7131101D-FDFF-413F-B125-8C0BB2EABB4C} = {C9B2E8DD-AC4D-D293-8FB5-F458706111A9}
		{31728AF5-F66C-42F5-93FD-6D946951163E} = {C9B2E8DD-AC4D-D293-8FB5-F458706111A9}
		{03AF0FC2-4B34-4A7F-AB1A-372F98DB5388} = {C9B2E8DD-AC4D-D293-8FB5-F458706111A9}
		{F3818457-1866-4348-A879-8F7ED60D1D82} = {F83DB5E3-60BA-F97E-3AC5-F9624CD7E07E}
		{9A94C60F-E92D-4D85-AC03-0C3BD3131863} = {F83DB5E3-60BA-F97E-3AC5-F9624CD7E07E}
		{0A002DF3-871B-43DA-B30B-2733CDDBC2AE} = {F83DB5E3-60BA-F97E-3AC5-F9624CD7E07E}
		{788459EB-B354-4136-AB09-0164F700761D} = {F83DB5E3-60BA-F97E-3AC5-F9624CD7E07E}
		{F439FB9A-71D5-416C-B354-9F12489B9493} = {F83DB5E3-60BA-F97E-3AC5-F9624CD7E07E}
		{DD0C6167-E525-4B25-A0DF-13EDD13D2FA0} = {F83DB5E3-60BA-F97E-3AC5-F9624CD7E07E}
		{8FBA0AD1-F626-4351-A181-4AEB14D25DB1} = {B0D5E333-9BB7-8B74-8CF8-BC646D11BD79}
		{5D1A1379-5A6C-4B60-B486-4E39CD5E8476} = {B0D5E333-9BB7-8B74-8CF8-BC646D11BD79}
		{55819356-7706-40D7-BA9C-1FB1BDEF27DC} = {B0D5E333-9BB7-8B74-8CF8-BC646D11BD79}
		{AFC2833C-B2F8-416C-B2F8-55BCC391121A} = {B0D5E333-9BB7-8B74-8CF8-BC646D11BD79}
		{D5AF364C-5D9D-43E1-B2D3-B4DFA51720A6} = {B0D5E333-9BB7-8B74-8CF8-BC646D11BD79}
		{8E00DED4-68F7-4B74-9B52-72D51178C100} = {B0D5E333-9BB7-8B74-8CF8-BC646D11BD79}
		{3CF469EA-28EF-41AE-B3A7-7C210F208A4C} = {FF7437DE-9359-058A-E6A5-E0977081844C}
		{A8948CD9-2F67-4238-97C8-3A94500BB73F} = {FF7437DE-9359-058A-E6A5-E0977081844C}
		{31379DEE-D3BE-4C82-9C10-B857C14E1496} = {FF7437DE-9359-058A-E6A5-E0977081844C}
		{0B092880-86C8-437C-9F17-2150EA2BD2E8} = {FF7437DE-9359-058A-E6A5-E0977081844C}
		{484AEE80-6D16-40E9-9AD8-22681C6E85D0} = {FF7437DE-9359-058A-E6A5-E0977081844C}
		{7EA8E075-F3F4-4289-94CB-333F995811D8} = {FF7437DE-9359-058A-E6A5-E0977081844C}
	EndGlobalSection
	GlobalSection(ExtensibilityGlobals) = postSolution
		SolutionGuid = {88764864-099C-4CEB-9235-82B9A12DA7B7}
	EndGlobalSection
EndGlobal
