Microsoft Visual Studio Solution File, Format Version 12.00
# Visual Studio Version 18
VisualStudioVersion = 18.10.12210.168 stable
MinimumVisualStudioVersion = 10.0.40219.1
Project("{2150E333-8FDC-42A3-9474-1A3956D46DE8}") = "Lecture 01 - Introduction to C# and .NET", "Lecture 01 - Introduction to C# and .NET", "{8989E741-733E-C9C6-459A-3EC509CDE629}"
EndProject
Project("{FAE04EC0-301F-11D3-BF4B-00C04F79EFBC}") = "Lecture01.Demo", "Code\Lecture01_Introduction_to_CSharp_and_DotNET\Lecture01.Demo\Lecture01.Demo.csproj", "{083CFCD9-978A-470F-B380-44D265E82E5F}"
EndProject
Project("{FAE04EC0-301F-11D3-BF4B-00C04F79EFBC}") = "Lecture01.CodeBasics", "Code\Lecture01_Introduction_to_CSharp_and_DotNET\Lecture01.CodeBasics\Lecture01.CodeBasics.csproj", "{3B900E9E-E0BC-427C-BDD5-C0F28607A048}"
EndProject
Project("{2150E333-8FDC-42A3-9474-1A3956D46DE8}") = "Lecture 02 - Conditions, Loops and Methods", "Lecture 02 - Conditions, Loops and Methods", "{10B6A767-8E86-BD9F-5D68-46E0C1492899}"
EndProject
Project("{FAE04EC0-301F-11D3-BF4B-00C04F79EFBC}") = "Lecture02.Demo", "Code\Lecture02_Conditions_Loops_and_Methods\Lecture02.Demo\Lecture02.Demo.csproj", "{5823F889-7B36-4B88-9298-454D91265E65}"
EndProject
Project("{FAE04EC0-301F-11D3-BF4B-00C04F79EFBC}") = "Lecture02.CodeBasics", "Code\Lecture02_Conditions_Loops_and_Methods\Lecture02.CodeBasics\Lecture02.CodeBasics.csproj", "{C886FFC0-8FB4-4177-A4DD-BD399CD82A45}"
EndProject
Project("{2150E333-8FDC-42A3-9474-1A3956D46DE8}") = "Lecture 03 - Collections and Data Structures", "Lecture 03 - Collections and Data Structures", "{459787D6-BF24-2FD1-5460-F970E286125C}"
EndProject
Project("{FAE04EC0-301F-11D3-BF4B-00C04F79EFBC}") = "Lecture03.Demo", "Code\Lecture03_Collections_and_Data_Structures\Lecture03.Demo\Lecture03.Demo.csproj", "{6A009F6E-8F6D-4F39-8FD2-27D10D38506E}"
EndProject
Project("{FAE04EC0-301F-11D3-BF4B-00C04F79EFBC}") = "Lecture03.CodeBasics", "Code\Lecture03_Collections_and_Data_Structures\Lecture03.CodeBasics\Lecture03.CodeBasics.csproj", "{4DDE227D-B24F-4A2C-8658-41D9169F0C95}"
EndProject
Project("{2150E333-8FDC-42A3-9474-1A3956D46DE8}") = "Lecture 04 - Files, JSON, Exceptions and LINQ", "Lecture 04 - Files, JSON, Exceptions and LINQ", "{B42D4FE8-F4F1-EC62-3AB2-8E846A9DAAC3}"
EndProject
Project("{FAE04EC0-301F-11D3-BF4B-00C04F79EFBC}") = "Lecture04.Demo", "Code\Lecture04_Files_JSON_Exceptions_and_LINQ\Lecture04.Demo\Lecture04.Demo.csproj", "{9BC0D9D2-49F0-4284-9A4E-5946F718000C}"
EndProject
Project("{FAE04EC0-301F-11D3-BF4B-00C04F79EFBC}") = "Lecture04.CodeBasics", "Code\Lecture04_Files_JSON_Exceptions_and_LINQ\Lecture04.CodeBasics\Lecture04.CodeBasics.csproj", "{231660C0-1006-4B02-9E2C-E98178487866}"
EndProject
Project("{2150E333-8FDC-42A3-9474-1A3956D46DE8}") = "Lecture 05 - Classes and Objects", "Lecture 05 - Classes and Objects", "{AB097B6F-6C73-AF0E-FDE8-76982D96BB21}"
EndProject
Project("{FAE04EC0-301F-11D3-BF4B-00C04F79EFBC}") = "Lecture05.Demo", "Code\Lecture05_Classes_and_Objects\Lecture05.Demo\Lecture05.Demo.csproj", "{CE2BD984-71F9-4BC8-B009-6C64557FF8D0}"
EndProject
Project("{FAE04EC0-301F-11D3-BF4B-00C04F79EFBC}") = "Lecture05.CodeBasics", "Code\Lecture05_Classes_and_Objects\Lecture05.CodeBasics\Lecture05.CodeBasics.csproj", "{989447B0-8435-4275-9F88-BA744CD91B87}"
EndProject
Project("{2150E333-8FDC-42A3-9474-1A3956D46DE8}") = "Lecture 06 - Interfaces and Abstraction", "Lecture 06 - Interfaces and Abstraction", "{C3BB07C2-6DE7-04B9-EA9C-C23E65764C3C}"
EndProject
Project("{FAE04EC0-301F-11D3-BF4B-00C04F79EFBC}") = "Lecture06.Demo", "Code\Lecture06_Interfaces_and_Abstraction\Lecture06.Demo\Lecture06.Demo.csproj", "{A5DD9DC1-6795-4005-B54A-43BDE2D8CB92}"
EndProject
Project("{FAE04EC0-301F-11D3-BF4B-00C04F79EFBC}") = "Lecture06.CodeBasics", "Code\Lecture06_Interfaces_and_Abstraction\Lecture06.CodeBasics\Lecture06.CodeBasics.csproj", "{8118CE61-DB39-4FB4-87BC-528CFA5E5021}"
EndProject
Project("{2150E333-8FDC-42A3-9474-1A3956D46DE8}") = "Lecture 07 - From Spaghetti Code to Layers", "Lecture 07 - From Spaghetti Code to Layers", "{0565FB32-9D6E-2096-2015-E8BC84037307}"
EndProject
Project("{FAE04EC0-301F-11D3-BF4B-00C04F79EFBC}") = "Lecture07.CodeExamples", "Code\Lecture07_From_Spaghetti_Code_to_Layers\Lecture07.CodeExamples\Lecture07.CodeExamples.csproj", "{5BFD56BB-9DCA-41F5-AEFE-88A3E282963D}"
EndProject
Project("{FAE04EC0-301F-11D3-BF4B-00C04F79EFBC}") = "Lecture07.Project", "Code\Lecture07_From_Spaghetti_Code_to_Layers\Project\Lecture07.Project.csproj", "{51C0E3DA-851B-4DD8-9FEB-6DA3AEF35CE3}"
EndProject
Project("{FAE04EC0-301F-11D3-BF4B-00C04F79EFBC}") = "Lecture07.Application", "Code\Lecture07_From_Spaghetti_Code_to_Layers\Layers\Application\Lecture07.Application.csproj", "{8A2F2623-9498-408D-97C7-9597ACA7E06C}"
EndProject
Project("{FAE04EC0-301F-11D3-BF4B-00C04F79EFBC}") = "Lecture07.Domain", "Code\Lecture07_From_Spaghetti_Code_to_Layers\Layers\Domain\Lecture07.Domain.csproj", "{AF586AA1-9440-428C-99FA-A370E7CA12D9}"
EndProject
Project("{FAE04EC0-301F-11D3-BF4B-00C04F79EFBC}") = "Lecture07.Infrastructure", "Code\Lecture07_From_Spaghetti_Code_to_Layers\Layers\Infrastructure\Lecture07.Infrastructure.csproj", "{77C4523C-4B21-4D5F-8F14-F25841288437}"
EndProject
Project("{FAE04EC0-301F-11D3-BF4B-00C04F79EFBC}") = "Lecture07.Presentation", "Code\Lecture07_From_Spaghetti_Code_to_Layers\Layers\Presentation\Lecture07.Presentation.csproj", "{1A43E012-F252-499C-9354-A3C03A02F988}"
EndProject
Project("{2150E333-8FDC-42A3-9474-1A3956D46DE8}") = "Layers", "Layers", "{9934FE27-CCD2-9CE6-F721-24C817CE2CCB}"
EndProject
Project("{2150E333-8FDC-42A3-9474-1A3956D46DE8}") = "Lecture 08 - Services, Repositories, Validation and Multiple Users", "Lecture 08 - Services, Repositories, Validation and Multiple Users", "{B867F240-BA95-385F-A5B4-D66BC670D3B7}"
EndProject
Project("{2150E333-8FDC-42A3-9474-1A3956D46DE8}") = "Layers", "Layers", "{1505B24E-4BE2-4022-9A54-735E0D4F54A1}"
EndProject
Project("{FAE04EC0-301F-11D3-BF4B-00C04F79EFBC}") = "Lecture08.Domain", "Code\Lecture08_Services_Repositories_Validation_and_Multiple_Users\Layers\Domain\Lecture08.Domain.csproj", "{02DC9431-DAD9-4652-9638-383881253A4E}"
EndProject
Project("{FAE04EC0-301F-11D3-BF4B-00C04F79EFBC}") = "Lecture08.Application", "Code\Lecture08_Services_Repositories_Validation_and_Multiple_Users\Layers\Application\Lecture08.Application.csproj", "{B0982546-FEAE-4792-97B0-863D7921EDE9}"
EndProject
Project("{FAE04EC0-301F-11D3-BF4B-00C04F79EFBC}") = "Lecture08.Infrastructure", "Code\Lecture08_Services_Repositories_Validation_and_Multiple_Users\Layers\Infrastructure\Lecture08.Infrastructure.csproj", "{17216258-109B-4978-BA4D-D41FF42E4362}"
EndProject
Project("{FAE04EC0-301F-11D3-BF4B-00C04F79EFBC}") = "Lecture08.Presentation", "Code\Lecture08_Services_Repositories_Validation_and_Multiple_Users\Layers\Presentation\Lecture08.Presentation.csproj", "{74F7662E-2F85-4F2F-9AE9-D42ECCB61B37}"
EndProject
Project("{FAE04EC0-301F-11D3-BF4B-00C04F79EFBC}") = "Lecture08.CodeExamples", "Code\Lecture08_Services_Repositories_Validation_and_Multiple_Users\Lecture08.CodeExamples\Lecture08.CodeExamples.csproj", "{2E1D0C69-BAC8-43E0-9565-2711D14A7736}"
EndProject
Project("{FAE04EC0-301F-11D3-BF4B-00C04F79EFBC}") = "Lecture08.Project", "Code\Lecture08_Services_Repositories_Validation_and_Multiple_Users\Project\Lecture08.Project.csproj", "{1129B4EC-84D0-4EC7-88C8-F80AED86E05F}"
EndProject
Project("{FAE04EC0-301F-11D3-BF4B-00C04F79EFBC}") = "Lecture05.Demo2", "Lecture05.Demo2\Lecture05.Demo2.csproj", "{1B0C683E-0F99-487D-990F-88A63BB32B19}"
EndProject
Global
	GlobalSection(SolutionConfigurationPlatforms) = preSolution
		Debug|Any CPU = Debug|Any CPU
		Debug|x64 = Debug|x64
		Debug|x86 = Debug|x86
		Release|Any CPU = Release|Any CPU
		Release|x64 = Release|x64
		Release|x86 = Release|x86
	EndGlobalSection
	GlobalSection(ProjectConfigurationPlatforms) = postSolution
		{083CFCD9-978A-470F-B380-44D265E82E5F}.Debug|Any CPU.ActiveCfg = Debug|Any CPU
		{083CFCD9-978A-470F-B380-44D265E82E5F}.Debug|Any CPU.Build.0 = Debug|Any CPU
		{083CFCD9-978A-470F-B380-44D265E82E5F}.Debug|x64.ActiveCfg = Debug|Any CPU
		{083CFCD9-978A-470F-B380-44D265E82E5F}.Debug|x64.Build.0 = Debug|Any CPU
		{083CFCD9-978A-470F-B380-44D265E82E5F}.Debug|x86.ActiveCfg = Debug|Any CPU
		{083CFCD9-978A-470F-B380-44D265E82E5F}.Debug|x86.Build.0 = Debug|Any CPU
		{083CFCD9-978A-470F-B380-44D265E82E5F}.Release|Any CPU.ActiveCfg = Release|Any CPU
		{083CFCD9-978A-470F-B380-44D265E82E5F}.Release|Any CPU.Build.0 = Release|Any CPU
		{083CFCD9-978A-470F-B380-44D265E82E5F}.Release|x64.ActiveCfg = Release|Any CPU
		{083CFCD9-978A-470F-B380-44D265E82E5F}.Release|x64.Build.0 = Release|Any CPU
		{083CFCD9-978A-470F-B380-44D265E82E5F}.Release|x86.ActiveCfg = Release|Any CPU
		{083CFCD9-978A-470F-B380-44D265E82E5F}.Release|x86.Build.0 = Release|Any CPU
		{3B900E9E-E0BC-427C-BDD5-C0F28607A048}.Debug|Any CPU.ActiveCfg = Debug|Any CPU
		{3B900E9E-E0BC-427C-BDD5-C0F28607A048}.Debug|Any CPU.Build.0 = Debug|Any CPU
		{3B900E9E-E0BC-427C-BDD5-C0F28607A048}.Debug|x64.ActiveCfg = Debug|Any CPU
		{3B900E9E-E0BC-427C-BDD5-C0F28607A048}.Debug|x64.Build.0 = Debug|Any CPU
		{3B900E9E-E0BC-427C-BDD5-C0F28607A048}.Debug|x86.ActiveCfg = Debug|Any CPU
		{3B900E9E-E0BC-427C-BDD5-C0F28607A048}.Debug|x86.Build.0 = Debug|Any CPU
		{3B900E9E-E0BC-427C-BDD5-C0F28607A048}.Release|Any CPU.ActiveCfg = Release|Any CPU
		{3B900E9E-E0BC-427C-BDD5-C0F28607A048}.Release|Any CPU.Build.0 = Release|Any CPU
		{3B900E9E-E0BC-427C-BDD5-C0F28607A048}.Release|x64.ActiveCfg = Release|Any CPU
		{3B900E9E-E0BC-427C-BDD5-C0F28607A048}.Release|x64.Build.0 = Release|Any CPU
		{3B900E9E-E0BC-427C-BDD5-C0F28607A048}.Release|x86.ActiveCfg = Release|Any CPU
		{3B900E9E-E0BC-427C-BDD5-C0F28607A048}.Release|x86.Build.0 = Release|Any CPU
		{5823F889-7B36-4B88-9298-454D91265E65}.Debug|Any CPU.ActiveCfg = Debug|Any CPU
		{5823F889-7B36-4B88-9298-454D91265E65}.Debug|Any CPU.Build.0 = Debug|Any CPU
		{5823F889-7B36-4B88-9298-454D91265E65}.Debug|x64.ActiveCfg = Debug|Any CPU
		{5823F889-7B36-4B88-9298-454D91265E65}.Debug|x64.Build.0 = Debug|Any CPU
		{5823F889-7B36-4B88-9298-454D91265E65}.Debug|x86.ActiveCfg = Debug|Any CPU
		{5823F889-7B36-4B88-9298-454D91265E65}.Debug|x86.Build.0 = Debug|Any CPU
		{5823F889-7B36-4B88-9298-454D91265E65}.Release|Any CPU.ActiveCfg = Release|Any CPU
		{5823F889-7B36-4B88-9298-454D91265E65}.Release|Any CPU.Build.0 = Release|Any CPU
		{5823F889-7B36-4B88-9298-454D91265E65}.Release|x64.ActiveCfg = Release|Any CPU
		{5823F889-7B36-4B88-9298-454D91265E65}.Release|x64.Build.0 = Release|Any CPU
		{5823F889-7B36-4B88-9298-454D91265E65}.Release|x86.ActiveCfg = Release|Any CPU
		{5823F889-7B36-4B88-9298-454D91265E65}.Release|x86.Build.0 = Release|Any CPU
		{C886FFC0-8FB4-4177-A4DD-BD399CD82A45}.Debug|Any CPU.ActiveCfg = Debug|Any CPU
		{C886FFC0-8FB4-4177-A4DD-BD399CD82A45}.Debug|Any CPU.Build.0 = Debug|Any CPU
		{C886FFC0-8FB4-4177-A4DD-BD399CD82A45}.Debug|x64.ActiveCfg = Debug|Any CPU
		{C886FFC0-8FB4-4177-A4DD-BD399CD82A45}.Debug|x64.Build.0 = Debug|Any CPU
		{C886FFC0-8FB4-4177-A4DD-BD399CD82A45}.Debug|x86.ActiveCfg = Debug|Any CPU
		{C886FFC0-8FB4-4177-A4DD-BD399CD82A45}.Debug|x86.Build.0 = Debug|Any CPU
		{C886FFC0-8FB4-4177-A4DD-BD399CD82A45}.Release|Any CPU.ActiveCfg = Release|Any CPU
		{C886FFC0-8FB4-4177-A4DD-BD399CD82A45}.Release|Any CPU.Build.0 = Release|Any CPU
		{C886FFC0-8FB4-4177-A4DD-BD399CD82A45}.Release|x64.ActiveCfg = Release|Any CPU
		{C886FFC0-8FB4-4177-A4DD-BD399CD82A45}.Release|x64.Build.0 = Release|Any CPU
		{C886FFC0-8FB4-4177-A4DD-BD399CD82A45}.Release|x86.ActiveCfg = Release|Any CPU
		{C886FFC0-8FB4-4177-A4DD-BD399CD82A45}.Release|x86.Build.0 = Release|Any CPU
		{6A009F6E-8F6D-4F39-8FD2-27D10D38506E}.Debug|Any CPU.ActiveCfg = Debug|Any CPU
		{6A009F6E-8F6D-4F39-8FD2-27D10D38506E}.Debug|Any CPU.Build.0 = Debug|Any CPU
		{6A009F6E-8F6D-4F39-8FD2-27D10D38506E}.Debug|x64.ActiveCfg = Debug|Any CPU
		{6A009F6E-8F6D-4F39-8FD2-27D10D38506E}.Debug|x64.Build.0 = Debug|Any CPU
		{6A009F6E-8F6D-4F39-8FD2-27D10D38506E}.Debug|x86.ActiveCfg = Debug|Any CPU
		{6A009F6E-8F6D-4F39-8FD2-27D10D38506E}.Debug|x86.Build.0 = Debug|Any CPU
		{6A009F6E-8F6D-4F39-8FD2-27D10D38506E}.Release|Any CPU.ActiveCfg = Release|Any CPU
		{6A009F6E-8F6D-4F39-8FD2-27D10D38506E}.Release|Any CPU.Build.0 = Release|Any CPU
		{6A009F6E-8F6D-4F39-8FD2-27D10D38506E}.Release|x64.ActiveCfg = Release|Any CPU
		{6A009F6E-8F6D-4F39-8FD2-27D10D38506E}.Release|x64.Build.0 = Release|Any CPU
		{6A009F6E-8F6D-4F39-8FD2-27D10D38506E}.Release|x86.ActiveCfg = Release|Any CPU
		{6A009F6E-8F6D-4F39-8FD2-27D10D38506E}.Release|x86.Build.0 = Release|Any CPU
		{4DDE227D-B24F-4A2C-8658-41D9169F0C95}.Debug|Any CPU.ActiveCfg = Debug|Any CPU
		{4DDE227D-B24F-4A2C-8658-41D9169F0C95}.Debug|Any CPU.Build.0 = Debug|Any CPU
		{4DDE227D-B24F-4A2C-8658-41D9169F0C95}.Debug|x64.ActiveCfg = Debug|Any CPU
		{4DDE227D-B24F-4A2C-8658-41D9169F0C95}.Debug|x64.Build.0 = Debug|Any CPU
		{4DDE227D-B24F-4A2C-8658-41D9169F0C95}.Debug|x86.ActiveCfg = Debug|Any CPU
		{4DDE227D-B24F-4A2C-8658-41D9169F0C95}.Debug|x86.Build.0 = Debug|Any CPU
		{4DDE227D-B24F-4A2C-8658-41D9169F0C95}.Release|Any CPU.ActiveCfg = Release|Any CPU
		{4DDE227D-B24F-4A2C-8658-41D9169F0C95}.Release|Any CPU.Build.0 = Release|Any CPU
		{4DDE227D-B24F-4A2C-8658-41D9169F0C95}.Release|x64.ActiveCfg = Release|Any CPU
		{4DDE227D-B24F-4A2C-8658-41D9169F0C95}.Release|x64.Build.0 = Release|Any CPU
		{4DDE227D-B24F-4A2C-8658-41D9169F0C95}.Release|x86.ActiveCfg = Release|Any CPU
		{4DDE227D-B24F-4A2C-8658-41D9169F0C95}.Release|x86.Build.0 = Release|Any CPU
		{9BC0D9D2-49F0-4284-9A4E-5946F718000C}.Debug|Any CPU.ActiveCfg = Debug|Any CPU
		{9BC0D9D2-49F0-4284-9A4E-5946F718000C}.Debug|Any CPU.Build.0 = Debug|Any CPU
		{9BC0D9D2-49F0-4284-9A4E-5946F718000C}.Debug|x64.ActiveCfg = Debug|Any CPU
		{9BC0D9D2-49F0-4284-9A4E-5946F718000C}.Debug|x64.Build.0 = Debug|Any CPU
		{9BC0D9D2-49F0-4284-9A4E-5946F718000C}.Debug|x86.ActiveCfg = Debug|Any CPU
		{9BC0D9D2-49F0-4284-9A4E-5946F718000C}.Debug|x86.Build.0 = Debug|Any CPU
		{9BC0D9D2-49F0-4284-9A4E-5946F718000C}.Release|Any CPU.ActiveCfg = Release|Any CPU
		{9BC0D9D2-49F0-4284-9A4E-5946F718000C}.Release|Any CPU.Build.0 = Release|Any CPU
		{9BC0D9D2-49F0-4284-9A4E-5946F718000C}.Release|x64.ActiveCfg = Release|Any CPU
		{9BC0D9D2-49F0-4284-9A4E-5946F718000C}.Release|x64.Build.0 = Release|Any CPU
		{9BC0D9D2-49F0-4284-9A4E-5946F718000C}.Release|x86.ActiveCfg = Release|Any CPU
		{9BC0D9D2-49F0-4284-9A4E-5946F718000C}.Release|x86.Build.0 = Release|Any CPU
		{231660C0-1006-4B02-9E2C-E98178487866}.Debug|Any CPU.ActiveCfg = Debug|Any CPU
		{231660C0-1006-4B02-9E2C-E98178487866}.Debug|Any CPU.Build.0 = Debug|Any CPU
		{231660C0-1006-4B02-9E2C-E98178487866}.Debug|x64.ActiveCfg = Debug|Any CPU
		{231660C0-1006-4B02-9E2C-E98178487866}.Debug|x64.Build.0 = Debug|Any CPU
		{231660C0-1006-4B02-9E2C-E98178487866}.Debug|x86.ActiveCfg = Debug|Any CPU
		{231660C0-1006-4B02-9E2C-E98178487866}.Debug|x86.Build.0 = Debug|Any CPU
		{231660C0-1006-4B02-9E2C-E98178487866}.Release|Any CPU.ActiveCfg = Release|Any CPU
		{231660C0-1006-4B02-9E2C-E98178487866}.Release|Any CPU.Build.0 = Release|Any CPU
		{231660C0-1006-4B02-9E2C-E98178487866}.Release|x64.ActiveCfg = Release|Any CPU
		{231660C0-1006-4B02-9E2C-E98178487866}.Release|x64.Build.0 = Release|Any CPU
		{231660C0-1006-4B02-9E2C-E98178487866}.Release|x86.ActiveCfg = Release|Any CPU
		{231660C0-1006-4B02-9E2C-E98178487866}.Release|x86.Build.0 = Release|Any CPU
		{CE2BD984-71F9-4BC8-B009-6C64557FF8D0}.Debug|Any CPU.ActiveCfg = Debug|Any CPU
		{CE2BD984-71F9-4BC8-B009-6C64557FF8D0}.Debug|Any CPU.Build.0 = Debug|Any CPU
		{CE2BD984-71F9-4BC8-B009-6C64557FF8D0}.Debug|x64.ActiveCfg = Debug|Any CPU
		{CE2BD984-71F9-4BC8-B009-6C64557FF8D0}.Debug|x64.Build.0 = Debug|Any CPU
		{CE2BD984-71F9-4BC8-B009-6C64557FF8D0}.Debug|x86.ActiveCfg = Debug|Any CPU
		{CE2BD984-71F9-4BC8-B009-6C64557FF8D0}.Debug|x86.Build.0 = Debug|Any CPU
		{CE2BD984-71F9-4BC8-B009-6C64557FF8D0}.Release|Any CPU.ActiveCfg = Release|Any CPU
		{CE2BD984-71F9-4BC8-B009-6C64557FF8D0}.Release|Any CPU.Build.0 = Release|Any CPU
		{CE2BD984-71F9-4BC8-B009-6C64557FF8D0}.Release|x64.ActiveCfg = Release|Any CPU
		{CE2BD984-71F9-4BC8-B009-6C64557FF8D0}.Release|x64.Build.0 = Release|Any CPU
		{CE2BD984-71F9-4BC8-B009-6C64557FF8D0}.Release|x86.ActiveCfg = Release|Any CPU
		{CE2BD984-71F9-4BC8-B009-6C64557FF8D0}.Release|x86.Build.0 = Release|Any CPU
		{989447B0-8435-4275-9F88-BA744CD91B87}.Debug|Any CPU.ActiveCfg = Debug|Any CPU
		{989447B0-8435-4275-9F88-BA744CD91B87}.Debug|Any CPU.Build.0 = Debug|Any CPU
		{989447B0-8435-4275-9F88-BA744CD91B87}.Debug|x64.ActiveCfg = Debug|Any CPU
		{989447B0-8435-4275-9F88-BA744CD91B87}.Debug|x64.Build.0 = Debug|Any CPU
		{989447B0-8435-4275-9F88-BA744CD91B87}.Debug|x86.ActiveCfg = Debug|Any CPU
		{989447B0-8435-4275-9F88-BA744CD91B87}.Debug|x86.Build.0 = Debug|Any CPU
		{989447B0-8435-4275-9F88-BA744CD91B87}.Release|Any CPU.ActiveCfg = Release|Any CPU
		{989447B0-8435-4275-9F88-BA744CD91B87}.Release|Any CPU.Build.0 = Release|Any CPU
		{989447B0-8435-4275-9F88-BA744CD91B87}.Release|x64.ActiveCfg = Release|Any CPU
		{989447B0-8435-4275-9F88-BA744CD91B87}.Release|x64.Build.0 = Release|Any CPU
		{989447B0-8435-4275-9F88-BA744CD91B87}.Release|x86.ActiveCfg = Release|Any CPU
		{989447B0-8435-4275-9F88-BA744CD91B87}.Release|x86.Build.0 = Release|Any CPU
		{A5DD9DC1-6795-4005-B54A-43BDE2D8CB92}.Debug|Any CPU.ActiveCfg = Debug|Any CPU
		{A5DD9DC1-6795-4005-B54A-43BDE2D8CB92}.Debug|Any CPU.Build.0 = Debug|Any CPU
		{A5DD9DC1-6795-4005-B54A-43BDE2D8CB92}.Debug|x64.ActiveCfg = Debug|Any CPU
		{A5DD9DC1-6795-4005-B54A-43BDE2D8CB92}.Debug|x64.Build.0 = Debug|Any CPU
		{A5DD9DC1-6795-4005-B54A-43BDE2D8CB92}.Debug|x86.ActiveCfg = Debug|Any CPU
		{A5DD9DC1-6795-4005-B54A-43BDE2D8CB92}.Debug|x86.Build.0 = Debug|Any CPU
		{A5DD9DC1-6795-4005-B54A-43BDE2D8CB92}.Release|Any CPU.ActiveCfg = Release|Any CPU
		{A5DD9DC1-6795-4005-B54A-43BDE2D8CB92}.Release|Any CPU.Build.0 = Release|Any CPU
		{A5DD9DC1-6795-4005-B54A-43BDE2D8CB92}.Release|x64.ActiveCfg = Release|Any CPU
		{A5DD9DC1-6795-4005-B54A-43BDE2D8CB92}.Release|x64.Build.0 = Release|Any CPU
		{A5DD9DC1-6795-4005-B54A-43BDE2D8CB92}.Release|x86.ActiveCfg = Release|Any CPU
		{A5DD9DC1-6795-4005-B54A-43BDE2D8CB92}.Release|x86.Build.0 = Release|Any CPU
		{8118CE61-DB39-4FB4-87BC-528CFA5E5021}.Debug|Any CPU.ActiveCfg = Debug|Any CPU
		{8118CE61-DB39-4FB4-87BC-528CFA5E5021}.Debug|Any CPU.Build.0 = Debug|Any CPU
		{8118CE61-DB39-4FB4-87BC-528CFA5E5021}.Debug|x64.ActiveCfg = Debug|Any CPU
		{8118CE61-DB39-4FB4-87BC-528CFA5E5021}.Debug|x64.Build.0 = Debug|Any CPU
		{8118CE61-DB39-4FB4-87BC-528CFA5E5021}.Debug|x86.ActiveCfg = Debug|Any CPU
		{8118CE61-DB39-4FB4-87BC-528CFA5E5021}.Debug|x86.Build.0 = Debug|Any CPU
		{8118CE61-DB39-4FB4-87BC-528CFA5E5021}.Release|Any CPU.ActiveCfg = Release|Any CPU
		{8118CE61-DB39-4FB4-87BC-528CFA5E5021}.Release|Any CPU.Build.0 = Release|Any CPU
		{8118CE61-DB39-4FB4-87BC-528CFA5E5021}.Release|x64.ActiveCfg = Release|Any CPU
		{8118CE61-DB39-4FB4-87BC-528CFA5E5021}.Release|x64.Build.0 = Release|Any CPU
		{8118CE61-DB39-4FB4-87BC-528CFA5E5021}.Release|x86.ActiveCfg = Release|Any CPU
		{8118CE61-DB39-4FB4-87BC-528CFA5E5021}.Release|x86.Build.0 = Release|Any CPU
		{5BFD56BB-9DCA-41F5-AEFE-88A3E282963D}.Debug|Any CPU.ActiveCfg = Debug|Any CPU
		{5BFD56BB-9DCA-41F5-AEFE-88A3E282963D}.Debug|Any CPU.Build.0 = Debug|Any CPU
		{5BFD56BB-9DCA-41F5-AEFE-88A3E282963D}.Debug|x64.ActiveCfg = Debug|Any CPU
		{5BFD56BB-9DCA-41F5-AEFE-88A3E282963D}.Debug|x64.Build.0 = Debug|Any CPU
		{5BFD56BB-9DCA-41F5-AEFE-88A3E282963D}.Debug|x86.ActiveCfg = Debug|Any CPU
		{5BFD56BB-9DCA-41F5-AEFE-88A3E282963D}.Debug|x86.Build.0 = Debug|Any CPU
		{5BFD56BB-9DCA-41F5-AEFE-88A3E282963D}.Release|Any CPU.ActiveCfg = Release|Any CPU
		{5BFD56BB-9DCA-41F5-AEFE-88A3E282963D}.Release|Any CPU.Build.0 = Release|Any CPU
		{5BFD56BB-9DCA-41F5-AEFE-88A3E282963D}.Release|x64.ActiveCfg = Release|Any CPU
		{5BFD56BB-9DCA-41F5-AEFE-88A3E282963D}.Release|x64.Build.0 = Release|Any CPU
		{5BFD56BB-9DCA-41F5-AEFE-88A3E282963D}.Release|x86.ActiveCfg = Release|Any CPU
		{5BFD56BB-9DCA-41F5-AEFE-88A3E282963D}.Release|x86.Build.0 = Release|Any CPU
		{51C0E3DA-851B-4DD8-9FEB-6DA3AEF35CE3}.Debug|Any CPU.ActiveCfg = Debug|Any CPU
		{51C0E3DA-851B-4DD8-9FEB-6DA3AEF35CE3}.Debug|Any CPU.Build.0 = Debug|Any CPU
		{51C0E3DA-851B-4DD8-9FEB-6DA3AEF35CE3}.Debug|x64.ActiveCfg = Debug|Any CPU
		{51C0E3DA-851B-4DD8-9FEB-6DA3AEF35CE3}.Debug|x64.Build.0 = Debug|Any CPU
		{51C0E3DA-851B-4DD8-9FEB-6DA3AEF35CE3}.Debug|x86.ActiveCfg = Debug|Any CPU
		{51C0E3DA-851B-4DD8-9FEB-6DA3AEF35CE3}.Debug|x86.Build.0 = Debug|Any CPU
		{51C0E3DA-851B-4DD8-9FEB-6DA3AEF35CE3}.Release|Any CPU.ActiveCfg = Release|Any CPU
		{51C0E3DA-851B-4DD8-9FEB-6DA3AEF35CE3}.Release|Any CPU.Build.0 = Release|Any CPU
		{51C0E3DA-851B-4DD8-9FEB-6DA3AEF35CE3}.Release|x64.ActiveCfg = Release|Any CPU
		{51C0E3DA-851B-4DD8-9FEB-6DA3AEF35CE3}.Release|x64.Build.0 = Release|Any CPU
		{51C0E3DA-851B-4DD8-9FEB-6DA3AEF35CE3}.Release|x86.ActiveCfg = Release|Any CPU
		{51C0E3DA-851B-4DD8-9FEB-6DA3AEF35CE3}.Release|x86.Build.0 = Release|Any CPU
		{8A2F2623-9498-408D-97C7-9597ACA7E06C}.Debug|Any CPU.ActiveCfg = Debug|Any CPU
		{8A2F2623-9498-408D-97C7-9597ACA7E06C}.Debug|Any CPU.Build.0 = Debug|Any CPU
		{8A2F2623-9498-408D-97C7-9597ACA7E06C}.Debug|x64.ActiveCfg = Debug|Any CPU
		{8A2F2623-9498-408D-97C7-9597ACA7E06C}.Debug|x64.Build.0 = Debug|Any CPU
		{8A2F2623-9498-408D-97C7-9597ACA7E06C}.Debug|x86.ActiveCfg = Debug|Any CPU
		{8A2F2623-9498-408D-97C7-9597ACA7E06C}.Debug|x86.Build.0 = Debug|Any CPU
		{8A2F2623-9498-408D-97C7-9597ACA7E06C}.Release|Any CPU.ActiveCfg = Release|Any CPU
		{8A2F2623-9498-408D-97C7-9597ACA7E06C}.Release|Any CPU.Build.0 = Release|Any CPU
		{8A2F2623-9498-408D-97C7-9597ACA7E06C}.Release|x64.ActiveCfg = Release|Any CPU
		{8A2F2623-9498-408D-97C7-9597ACA7E06C}.Release|x64.Build.0 = Release|Any CPU
		{8A2F2623-9498-408D-97C7-9597ACA7E06C}.Release|x86.ActiveCfg = Release|Any CPU
		{8A2F2623-9498-408D-97C7-9597ACA7E06C}.Release|x86.Build.0 = Release|Any CPU
		{AF586AA1-9440-428C-99FA-A370E7CA12D9}.Debug|Any CPU.ActiveCfg = Debug|Any CPU
		{AF586AA1-9440-428C-99FA-A370E7CA12D9}.Debug|Any CPU.Build.0 = Debug|Any CPU
		{AF586AA1-9440-428C-99FA-A370E7CA12D9}.Debug|x64.ActiveCfg = Debug|Any CPU
		{AF586AA1-9440-428C-99FA-A370E7CA12D9}.Debug|x64.Build.0 = Debug|Any CPU
		{AF586AA1-9440-428C-99FA-A370E7CA12D9}.Debug|x86.ActiveCfg = Debug|Any CPU
		{AF586AA1-9440-428C-99FA-A370E7CA12D9}.Debug|x86.Build.0 = Debug|Any CPU
		{AF586AA1-9440-428C-99FA-A370E7CA12D9}.Release|Any CPU.ActiveCfg = Release|Any CPU
		{AF586AA1-9440-428C-99FA-A370E7CA12D9}.Release|Any CPU.Build.0 = Release|Any CPU
		{AF586AA1-9440-428C-99FA-A370E7CA12D9}.Release|x64.ActiveCfg = Release|Any CPU
		{AF586AA1-9440-428C-99FA-A370E7CA12D9}.Release|x64.Build.0 = Release|Any CPU
		{AF586AA1-9440-428C-99FA-A370E7CA12D9}.Release|x86.ActiveCfg = Release|Any CPU
		{AF586AA1-9440-428C-99FA-A370E7CA12D9}.Release|x86.Build.0 = Release|Any CPU
		{77C4523C-4B21-4D5F-8F14-F25841288437}.Debug|Any CPU.ActiveCfg = Debug|Any CPU
		{77C4523C-4B21-4D5F-8F14-F25841288437}.Debug|Any CPU.Build.0 = Debug|Any CPU
		{77C4523C-4B21-4D5F-8F14-F25841288437}.Debug|x64.ActiveCfg = Debug|Any CPU
		{77C4523C-4B21-4D5F-8F14-F25841288437}.Debug|x64.Build.0 = Debug|Any CPU
		{77C4523C-4B21-4D5F-8F14-F25841288437}.Debug|x86.ActiveCfg = Debug|Any CPU
		{77C4523C-4B21-4D5F-8F14-F25841288437}.Debug|x86.Build.0 = Debug|Any CPU
		{77C4523C-4B21-4D5F-8F14-F25841288437}.Release|Any CPU.ActiveCfg = Release|Any CPU
		{77C4523C-4B21-4D5F-8F14-F25841288437}.Release|Any CPU.Build.0 = Release|Any CPU
		{77C4523C-4B21-4D5F-8F14-F25841288437}.Release|x64.ActiveCfg = Release|Any CPU
		{77C4523C-4B21-4D5F-8F14-F25841288437}.Release|x64.Build.0 = Release|Any CPU
		{77C4523C-4B21-4D5F-8F14-F25841288437}.Release|x86.ActiveCfg = Release|Any CPU
		{77C4523C-4B21-4D5F-8F14-F25841288437}.Release|x86.Build.0 = Release|Any CPU
		{1A43E012-F252-499C-9354-A3C03A02F988}.Debug|Any CPU.ActiveCfg = Debug|Any CPU
		{1A43E012-F252-499C-9354-A3C03A02F988}.Debug|Any CPU.Build.0 = Debug|Any CPU
		{1A43E012-F252-499C-9354-A3C03A02F988}.Debug|x64.ActiveCfg = Debug|Any CPU
		{1A43E012-F252-499C-9354-A3C03A02F988}.Debug|x64.Build.0 = Debug|Any CPU
		{1A43E012-F252-499C-9354-A3C03A02F988}.Debug|x86.ActiveCfg = Debug|Any CPU
		{1A43E012-F252-499C-9354-A3C03A02F988}.Debug|x86.Build.0 = Debug|Any CPU
		{1A43E012-F252-499C-9354-A3C03A02F988}.Release|Any CPU.ActiveCfg = Release|Any CPU
		{1A43E012-F252-499C-9354-A3C03A02F988}.Release|Any CPU.Build.0 = Release|Any CPU
		{1A43E012-F252-499C-9354-A3C03A02F988}.Release|x64.ActiveCfg = Release|Any CPU
		{1A43E012-F252-499C-9354-A3C03A02F988}.Release|x64.Build.0 = Release|Any CPU
		{1A43E012-F252-499C-9354-A3C03A02F988}.Release|x86.ActiveCfg = Release|Any CPU
		{1A43E012-F252-499C-9354-A3C03A02F988}.Release|x86.Build.0 = Release|Any CPU
		{02DC9431-DAD9-4652-9638-383881253A4E}.Debug|Any CPU.ActiveCfg = Debug|Any CPU
		{02DC9431-DAD9-4652-9638-383881253A4E}.Debug|Any CPU.Build.0 = Debug|Any CPU
		{02DC9431-DAD9-4652-9638-383881253A4E}.Debug|x64.ActiveCfg = Debug|Any CPU
		{02DC9431-DAD9-4652-9638-383881253A4E}.Debug|x64.Build.0 = Debug|Any CPU
		{02DC9431-DAD9-4652-9638-383881253A4E}.Debug|x86.ActiveCfg = Debug|Any CPU
		{02DC9431-DAD9-4652-9638-383881253A4E}.Debug|x86.Build.0 = Debug|Any CPU
		{02DC9431-DAD9-4652-9638-383881253A4E}.Release|Any CPU.ActiveCfg = Release|Any CPU
		{02DC9431-DAD9-4652-9638-383881253A4E}.Release|Any CPU.Build.0 = Release|Any CPU
		{02DC9431-DAD9-4652-9638-383881253A4E}.Release|x64.ActiveCfg = Release|Any CPU
		{02DC9431-DAD9-4652-9638-383881253A4E}.Release|x64.Build.0 = Release|Any CPU
		{02DC9431-DAD9-4652-9638-383881253A4E}.Release|x86.ActiveCfg = Release|Any CPU
		{02DC9431-DAD9-4652-9638-383881253A4E}.Release|x86.Build.0 = Release|Any CPU
		{B0982546-FEAE-4792-97B0-863D7921EDE9}.Debug|Any CPU.ActiveCfg = Debug|Any CPU
		{B0982546-FEAE-4792-97B0-863D7921EDE9}.Debug|Any CPU.Build.0 = Debug|Any CPU
		{B0982546-FEAE-4792-97B0-863D7921EDE9}.Debug|x64.ActiveCfg = Debug|Any CPU
		{B0982546-FEAE-4792-97B0-863D7921EDE9}.Debug|x64.Build.0 = Debug|Any CPU
		{B0982546-FEAE-4792-97B0-863D7921EDE9}.Debug|x86.ActiveCfg = Debug|Any CPU
		{B0982546-FEAE-4792-97B0-863D7921EDE9}.Debug|x86.Build.0 = Debug|Any CPU
		{B0982546-FEAE-4792-97B0-863D7921EDE9}.Release|Any CPU.ActiveCfg = Release|Any CPU
		{B0982546-FEAE-4792-97B0-863D7921EDE9}.Release|Any CPU.Build.0 = Release|Any CPU
		{B0982546-FEAE-4792-97B0-863D7921EDE9}.Release|x64.ActiveCfg = Release|Any CPU
		{B0982546-FEAE-4792-97B0-863D7921EDE9}.Release|x64.Build.0 = Release|Any CPU
		{B0982546-FEAE-4792-97B0-863D7921EDE9}.Release|x86.ActiveCfg = Release|Any CPU
		{B0982546-FEAE-4792-97B0-863D7921EDE9}.Release|x86.Build.0 = Release|Any CPU
		{17216258-109B-4978-BA4D-D41FF42E4362}.Debug|Any CPU.ActiveCfg = Debug|Any CPU
		{17216258-109B-4978-BA4D-D41FF42E4362}.Debug|Any CPU.Build.0 = Debug|Any CPU
		{17216258-109B-4978-BA4D-D41FF42E4362}.Debug|x64.ActiveCfg = Debug|Any CPU
		{17216258-109B-4978-BA4D-D41FF42E4362}.Debug|x64.Build.0 = Debug|Any CPU
		{17216258-109B-4978-BA4D-D41FF42E4362}.Debug|x86.ActiveCfg = Debug|Any CPU
		{17216258-109B-4978-BA4D-D41FF42E4362}.Debug|x86.Build.0 = Debug|Any CPU
		{17216258-109B-4978-BA4D-D41FF42E4362}.Release|Any CPU.ActiveCfg = Release|Any CPU
		{17216258-109B-4978-BA4D-D41FF42E4362}.Release|Any CPU.Build.0 = Release|Any CPU
		{17216258-109B-4978-BA4D-D41FF42E4362}.Release|x64.ActiveCfg = Release|Any CPU
		{17216258-109B-4978-BA4D-D41FF42E4362}.Release|x64.Build.0 = Release|Any CPU
		{17216258-109B-4978-BA4D-D41FF42E4362}.Release|x86.ActiveCfg = Release|Any CPU
		{17216258-109B-4978-BA4D-D41FF42E4362}.Release|x86.Build.0 = Release|Any CPU
		{74F7662E-2F85-4F2F-9AE9-D42ECCB61B37}.Debug|Any CPU.ActiveCfg = Debug|Any CPU
		{74F7662E-2F85-4F2F-9AE9-D42ECCB61B37}.Debug|Any CPU.Build.0 = Debug|Any CPU
		{74F7662E-2F85-4F2F-9AE9-D42ECCB61B37}.Debug|x64.ActiveCfg = Debug|Any CPU
		{74F7662E-2F85-4F2F-9AE9-D42ECCB61B37}.Debug|x64.Build.0 = Debug|Any CPU
		{74F7662E-2F85-4F2F-9AE9-D42ECCB61B37}.Debug|x86.ActiveCfg = Debug|Any CPU
		{74F7662E-2F85-4F2F-9AE9-D42ECCB61B37}.Debug|x86.Build.0 = Debug|Any CPU
		{74F7662E-2F85-4F2F-9AE9-D42ECCB61B37}.Release|Any CPU.ActiveCfg = Release|Any CPU
		{74F7662E-2F85-4F2F-9AE9-D42ECCB61B37}.Release|Any CPU.Build.0 = Release|Any CPU
		{74F7662E-2F85-4F2F-9AE9-D42ECCB61B37}.Release|x64.ActiveCfg = Release|Any CPU
		{74F7662E-2F85-4F2F-9AE9-D42ECCB61B37}.Release|x64.Build.0 = Release|Any CPU
		{74F7662E-2F85-4F2F-9AE9-D42ECCB61B37}.Release|x86.ActiveCfg = Release|Any CPU
		{74F7662E-2F85-4F2F-9AE9-D42ECCB61B37}.Release|x86.Build.0 = Release|Any CPU
		{2E1D0C69-BAC8-43E0-9565-2711D14A7736}.Debug|Any CPU.ActiveCfg = Debug|Any CPU
		{2E1D0C69-BAC8-43E0-9565-2711D14A7736}.Debug|Any CPU.Build.0 = Debug|Any CPU
		{2E1D0C69-BAC8-43E0-9565-2711D14A7736}.Debug|x64.ActiveCfg = Debug|Any CPU
		{2E1D0C69-BAC8-43E0-9565-2711D14A7736}.Debug|x64.Build.0 = Debug|Any CPU
		{2E1D0C69-BAC8-43E0-9565-2711D14A7736}.Debug|x86.ActiveCfg = Debug|Any CPU
		{2E1D0C69-BAC8-43E0-9565-2711D14A7736}.Debug|x86.Build.0 = Debug|Any CPU
		{2E1D0C69-BAC8-43E0-9565-2711D14A7736}.Release|Any CPU.ActiveCfg = Release|Any CPU
		{2E1D0C69-BAC8-43E0-9565-2711D14A7736}.Release|Any CPU.Build.0 = Release|Any CPU
		{2E1D0C69-BAC8-43E0-9565-2711D14A7736}.Release|x64.ActiveCfg = Release|Any CPU
		{2E1D0C69-BAC8-43E0-9565-2711D14A7736}.Release|x64.Build.0 = Release|Any CPU
		{2E1D0C69-BAC8-43E0-9565-2711D14A7736}.Release|x86.ActiveCfg = Release|Any CPU
		{2E1D0C69-BAC8-43E0-9565-2711D14A7736}.Release|x86.Build.0 = Release|Any CPU
		{1129B4EC-84D0-4EC7-88C8-F80AED86E05F}.Debug|Any CPU.ActiveCfg = Debug|Any CPU
		{1129B4EC-84D0-4EC7-88C8-F80AED86E05F}.Debug|Any CPU.Build.0 = Debug|Any CPU
		{1129B4EC-84D0-4EC7-88C8-F80AED86E05F}.Debug|x64.ActiveCfg = Debug|Any CPU
		{1129B4EC-84D0-4EC7-88C8-F80AED86E05F}.Debug|x64.Build.0 = Debug|Any CPU
		{1129B4EC-84D0-4EC7-88C8-F80AED86E05F}.Debug|x86.ActiveCfg = Debug|Any CPU
		{1129B4EC-84D0-4EC7-88C8-F80AED86E05F}.Debug|x86.Build.0 = Debug|Any CPU
		{1129B4EC-84D0-4EC7-88C8-F80AED86E05F}.Release|Any CPU.ActiveCfg = Release|Any CPU
		{1129B4EC-84D0-4EC7-88C8-F80AED86E05F}.Release|Any CPU.Build.0 = Release|Any CPU
		{1129B4EC-84D0-4EC7-88C8-F80AED86E05F}.Release|x64.ActiveCfg = Release|Any CPU
		{1129B4EC-84D0-4EC7-88C8-F80AED86E05F}.Release|x64.Build.0 = Release|Any CPU
		{1129B4EC-84D0-4EC7-88C8-F80AED86E05F}.Release|x86.ActiveCfg = Release|Any CPU
		{1129B4EC-84D0-4EC7-88C8-F80AED86E05F}.Release|x86.Build.0 = Release|Any CPU
		{1B0C683E-0F99-487D-990F-88A63BB32B19}.Debug|Any CPU.ActiveCfg = Debug|Any CPU
		{1B0C683E-0F99-487D-990F-88A63BB32B19}.Debug|Any CPU.Build.0 = Debug|Any CPU
		{1B0C683E-0F99-487D-990F-88A63BB32B19}.Debug|x64.ActiveCfg = Debug|Any CPU
		{1B0C683E-0F99-487D-990F-88A63BB32B19}.Debug|x64.Build.0 = Debug|Any CPU
		{1B0C683E-0F99-487D-990F-88A63BB32B19}.Debug|x86.ActiveCfg = Debug|Any CPU
		{1B0C683E-0F99-487D-990F-88A63BB32B19}.Debug|x86.Build.0 = Debug|Any CPU
		{1B0C683E-0F99-487D-990F-88A63BB32B19}.Release|Any CPU.ActiveCfg = Release|Any CPU
		{1B0C683E-0F99-487D-990F-88A63BB32B19}.Release|Any CPU.Build.0 = Release|Any CPU
		{1B0C683E-0F99-487D-990F-88A63BB32B19}.Release|x64.ActiveCfg = Release|Any CPU
		{1B0C683E-0F99-487D-990F-88A63BB32B19}.Release|x64.Build.0 = Release|Any CPU
		{1B0C683E-0F99-487D-990F-88A63BB32B19}.Release|x86.ActiveCfg = Release|Any CPU
		{1B0C683E-0F99-487D-990F-88A63BB32B19}.Release|x86.Build.0 = Release|Any CPU
	EndGlobalSection
	GlobalSection(SolutionProperties) = preSolution
		HideSolutionNode = FALSE
	EndGlobalSection
	GlobalSection(NestedProjects) = preSolution
		{083CFCD9-978A-470F-B380-44D265E82E5F} = {8989E741-733E-C9C6-459A-3EC509CDE629}
		{3B900E9E-E0BC-427C-BDD5-C0F28607A048} = {8989E741-733E-C9C6-459A-3EC509CDE629}
		{5823F889-7B36-4B88-9298-454D91265E65} = {10B6A767-8E86-BD9F-5D68-46E0C1492899}
		{C886FFC0-8FB4-4177-A4DD-BD399CD82A45} = {10B6A767-8E86-BD9F-5D68-46E0C1492899}
		{6A009F6E-8F6D-4F39-8FD2-27D10D38506E} = {459787D6-BF24-2FD1-5460-F970E286125C}
		{4DDE227D-B24F-4A2C-8658-41D9169F0C95} = {459787D6-BF24-2FD1-5460-F970E286125C}
		{9BC0D9D2-49F0-4284-9A4E-5946F718000C} = {B42D4FE8-F4F1-EC62-3AB2-8E846A9DAAC3}
		{231660C0-1006-4B02-9E2C-E98178487866} = {B42D4FE8-F4F1-EC62-3AB2-8E846A9DAAC3}
		{CE2BD984-71F9-4BC8-B009-6C64557FF8D0} = {AB097B6F-6C73-AF0E-FDE8-76982D96BB21}
		{989447B0-8435-4275-9F88-BA744CD91B87} = {AB097B6F-6C73-AF0E-FDE8-76982D96BB21}
		{A5DD9DC1-6795-4005-B54A-43BDE2D8CB92} = {C3BB07C2-6DE7-04B9-EA9C-C23E65764C3C}
		{8118CE61-DB39-4FB4-87BC-528CFA5E5021} = {C3BB07C2-6DE7-04B9-EA9C-C23E65764C3C}
		{5BFD56BB-9DCA-41F5-AEFE-88A3E282963D} = {0565FB32-9D6E-2096-2015-E8BC84037307}
		{51C0E3DA-851B-4DD8-9FEB-6DA3AEF35CE3} = {0565FB32-9D6E-2096-2015-E8BC84037307}
		{8A2F2623-9498-408D-97C7-9597ACA7E06C} = {9934FE27-CCD2-9CE6-F721-24C817CE2CCB}
		{AF586AA1-9440-428C-99FA-A370E7CA12D9} = {9934FE27-CCD2-9CE6-F721-24C817CE2CCB}
		{77C4523C-4B21-4D5F-8F14-F25841288437} = {9934FE27-CCD2-9CE6-F721-24C817CE2CCB}
		{1A43E012-F252-499C-9354-A3C03A02F988} = {9934FE27-CCD2-9CE6-F721-24C817CE2CCB}
		{9934FE27-CCD2-9CE6-F721-24C817CE2CCB} = {0565FB32-9D6E-2096-2015-E8BC84037307}
		{1505B24E-4BE2-4022-9A54-735E0D4F54A1} = {B867F240-BA95-385F-A5B4-D66BC670D3B7}
		{02DC9431-DAD9-4652-9638-383881253A4E} = {1505B24E-4BE2-4022-9A54-735E0D4F54A1}
		{B0982546-FEAE-4792-97B0-863D7921EDE9} = {1505B24E-4BE2-4022-9A54-735E0D4F54A1}
		{17216258-109B-4978-BA4D-D41FF42E4362} = {1505B24E-4BE2-4022-9A54-735E0D4F54A1}
		{74F7662E-2F85-4F2F-9AE9-D42ECCB61B37} = {1505B24E-4BE2-4022-9A54-735E0D4F54A1}
		{2E1D0C69-BAC8-43E0-9565-2711D14A7736} = {B867F240-BA95-385F-A5B4-D66BC670D3B7}
		{1129B4EC-84D0-4EC7-88C8-F80AED86E05F} = {B867F240-BA95-385F-A5B4-D66BC670D3B7}
		{1B0C683E-0F99-487D-990F-88A63BB32B19} = {AB097B6F-6C73-AF0E-FDE8-76982D96BB21}
	EndGlobalSection
	GlobalSection(ExtensibilityGlobals) = postSolution
		SolutionGuid = {88764864-099C-4CEB-9235-82B9A12DA7B7}
	EndGlobalSection
EndGlobal
